# THIS IS AN AUTOGENERATED FILE. DO NOT EDIT THIS FILE DIRECTLY.
# yarn lockfile v1


"@babel/runtime@^7.17.8", "@babel/runtime@^7.8.4":
  version "7.23.2"
  resolved "https://registry.yarnpkg.com/@babel/runtime/-/runtime-7.23.2.tgz#062b0ac103261d68a966c4c7baf2ae3e62ec3885"
  integrity sha512-mM8eg4yl5D6i3lu2QKPuPH4FArvJ8KhTofbE7jwMUv9KX5mBvwPAqnV3MlyBNqdp9RyRKP6Yck8TrfYrPvX3bg==
  dependencies:
    regenerator-runtime "^0.14.0"

"@reach/auto-id@^0.18.0":
  version "0.18.0"
  resolved "https://registry.yarnpkg.com/@reach/auto-id/-/auto-id-0.18.0.tgz#4b97085cd1cf1360a9bedc6e9c78e97824014f0d"
  integrity sha512-XwY1IwhM7mkHZFghhjiqjQ6dstbOdpbFLdggeke75u8/8icT8uEHLbovFUgzKjy9qPvYwZIB87rLiR8WdtOXCg==
  dependencies:
    "@reach/utils" "0.18.0"

"@reach/utils@0.18.0":
  version "0.18.0"
  resolved "https://registry.yarnpkg.com/@reach/utils/-/utils-0.18.0.tgz#4f3cebe093dd436eeaff633809bf0f68f4f9d2ee"
  integrity sha512-KdVMdpTgDyK8FzdKO9SCpiibuy/kbv3pwgfXshTI6tEcQT1OOwj7BAksnzGC0rPz0UholwC+AgkqEl3EJX3M1A==

"@types/lodash.debounce@4.0.7":
  version "4.0.7"
  resolved "https://registry.yarnpkg.com/@types/lodash.debounce/-/lodash.debounce-4.0.7.tgz#0285879defb7cdb156ae633cecd62d5680eded9f"
  integrity sha512-X1T4wMZ+gT000M2/91SYj0d/7JfeNZ9PeeOldSNoE/lunLeQXKvkmIumI29IaKMotU/ln/McOIvgzZcQ/3TrSA==
  dependencies:
    "@types/lodash" "*"

"@types/lodash@*":
  version "4.14.172"
  resolved "https://registry.yarnpkg.com/@types/lodash/-/lodash-4.14.172.tgz#aad774c28e7bfd7a67de25408e03ee5a8c3d028a"
  integrity sha512-/BHF5HAx3em7/KkzVKm3LrsD6HZAXuXO1AJZQ3cRRBZj4oHZDviWPYu0aEplAqDFNHZPW6d3G7KN+ONcCCC7pw==

"@zendeskgarden/container-field@^2.1.0":
  version "2.1.2"
  resolved "https://registry.yarnpkg.com/@zendeskgarden/container-field/-/container-field-2.1.2.tgz#74b7a22338061ba965a6e8169133c8edf5c2b252"
  integrity sha512-xue0o5RjCv19ouW89LbI45XoEJ8FaUoOtQjpMbASKxO3FI5voMsoX/6h+emHOILLw0NZUQUo5Tp7T8l4uQY8cg==
  dependencies:
    "@babel/runtime" "^7.8.4"
    react-uid "^2.2.0"

"@zendeskgarden/container-focusvisible@^1.0.0":
  version "1.0.1"
  resolved "https://registry.yarnpkg.com/@zendeskgarden/container-focusvisible/-/container-focusvisible-1.0.1.tgz#41d5799414982630851ec861f2f32d6aed77d9a4"
  integrity sha512-oc0BKacovBZSb3djdFfilbmHgPW6Gmj7ImAoK6Z8qnKXAYkt4nq92Z8AjKzsWn8VDCKBYcL/WkK5BFcIL9nb3g==
  dependencies:
    "@babel/runtime" "^7.8.4"

"@zendeskgarden/container-slider@^0.1.1":
  version "0.1.8"
  resolved "https://registry.yarnpkg.com/@zendeskgarden/container-slider/-/container-slider-0.1.8.tgz#44a6644396ed24672eb4a28097e422d70b6013cc"
  integrity sha512-fW2UkPf9jiSa7obg3yc21sUAPfqRH6d3Bu+6JgEqETaq8CZSLWV5UlalVa0qgVs2Db6cUxBd//P11BR5erL6Fw==
  dependencies:
    "@babel/runtime" "^7.8.4"
    lodash.debounce "^4.0.8"

"@zendeskgarden/container-utilities@^1.0.0":
  version "1.0.12"
  resolved "https://registry.yarnpkg.com/@zendeskgarden/container-utilities/-/container-utilities-1.0.12.tgz#c2843a6a2bba00690bca877c85b32c9409a7bba9"
  integrity sha512-DJDtYwEYLtbtuSkIe/9huX/ctT/u+rUKroDXsVOeRuFOW55zB0JJC8WKCGgTmi+oI0kbHZxx6reAj4OrJpNZCA==
  dependencies:
    "@babel/runtime" "^7.8.4"
    "@reach/auto-id" "^0.18.0"

"@zendeskgarden/react-theming@^8.73.0":
  version "8.73.0"
  resolved "https://registry.yarnpkg.com/@zendeskgarden/react-theming/-/react-theming-8.73.0.tgz#a9113adb9fa796940a4101d9790efed6ff8dfa1b"
  integrity sha512-x4mO25dDTMmhu10JwL29AtbvuGqiSwnj7fpNcfAbKqAA7DwBh7+GnDj3vcrpTBzoDmLmG7IsYY7ISZPN6OmafA==
  dependencies:
    "@zendeskgarden/container-focusvisible" "^1.0.0"
    "@zendeskgarden/container-utilities" "^1.0.0"
    lodash.memoize "^4.1.2"
    polished "^4.0.0"
    prop-types "^15.5.7"

"@zendeskgarden/svg-icons@6.34.0":
  version "6.34.0"
  resolved "https://registry.yarnpkg.com/@zendeskgarden/svg-icons/-/svg-icons-6.34.0.tgz#b91673e2167fe9666c22a9e74dd2d311e03c0d6c"
  integrity sha512-73JY3wVMYM3+tqEichEZI9m94Gc+eo1/iSocTsmuO5whv1kVgUxPe1zFanWriBxLrs98KkfAs2y8ZElDHM3NUQ==

attr-accept@^2.2.2:
  version "2.2.2"
  resolved "https://registry.yarnpkg.com/attr-accept/-/attr-accept-2.2.2.tgz#646613809660110749e92f2c10833b70968d929b"
  integrity sha512-7prDjvt9HmqiZ0cl5CRjtS84sEyhsHP2coDkaZKRKVfCDo9s7iw7ChVmar78Gu9pC4SoR/28wFu/G5JJhTnqEg==

file-selector@^0.6.0:
  version "0.6.0"
  resolved "https://registry.yarnpkg.com/file-selector/-/file-selector-0.6.0.tgz#fa0a8d9007b829504db4d07dd4de0310b65287dc"
  integrity sha512-QlZ5yJC0VxHxQQsQhXvBaC7VRJ2uaxTf+Tfpu4Z/OcVQJVpZO+DGU0rkoVW5ce2SccxugvpBJoMvUs59iILYdw==
  dependencies:
    tslib "^2.4.0"

"js-tokens@^3.0.0 || ^4.0.0":
  version "4.0.0"
  resolved "https://registry.yarnpkg.com/js-tokens/-/js-tokens-4.0.0.tgz#19203fb59991df98e3a287050d4647cdeaf32499"
  integrity sha512-RdJUflcE3cUzKiMqQgsCu06FPu9UdIJO0beYbPhHN4k6apgJtifcoCtT9bcxOpYBtpD2kCM6Sbzg4CausW/PKQ==

lodash.debounce@^4.0.8:
  version "4.0.8"
  resolved "https://registry.yarnpkg.com/lodash.debounce/-/lodash.debounce-4.0.8.tgz#82d79bff30a67c4005ffd5e2515300ad9ca4d7af"
  integrity sha1-gteb/zCmfEAF/9XiUVMArZyk168=

lodash.memoize@^4.1.2:
  version "4.1.2"
  resolved "https://registry.yarnpkg.com/lodash.memoize/-/lodash.memoize-4.1.2.tgz#bcc6c49a42a2840ed997f323eada5ecd182e0bfe"
  integrity sha512-t7j+NzmgnQzTAYXcsHYLgimltOV1MXHtlOWf6GjL9Kj8GK5FInw5JotxvbOs+IvV1/Dzo04/fCGfLVs7aXb4Ag==

loose-envify@^1.4.0:
  version "1.4.0"
  resolved "https://registry.yarnpkg.com/loose-envify/-/loose-envify-1.4.0.tgz#71ee51fa7be4caec1a63839f7e682d8132d30caf"
  integrity sha512-lyuxPGr/Wfhrlem2CL/UcnUc1zcqKAImBDzukY7Y5F/yQiNdko6+fRLevlw1HgMySw7f611UIY408EtxRSoK3Q==
  dependencies:
    js-tokens "^3.0.0 || ^4.0.0"

object-assign@^4.1.1:
  version "4.1.1"
  resolved "https://registry.yarnpkg.com/object-assign/-/object-assign-4.1.1.tgz#2109adc7965887cfc05cbbd442cac8bfbb360863"
  integrity sha1-IQmtx5ZYh8/AXLvUQsrIv7s2CGM=

polished@^4.0.0:
  version "4.2.2"
  resolved "https://registry.yarnpkg.com/polished/-/polished-4.2.2.tgz#2529bb7c3198945373c52e34618c8fe7b1aa84d1"
  integrity sha512-Sz2Lkdxz6F2Pgnpi9U5Ng/WdWAUZxmHrNPoVlm3aAemxoy2Qy7LGjQg4uf8qKelDAUW94F4np3iH2YPf2qefcQ==
  dependencies:
    "@babel/runtime" "^7.17.8"

prop-types@^15.5.7, prop-types@^15.8.1:
  version "15.8.1"
  resolved "https://registry.yarnpkg.com/prop-types/-/prop-types-15.8.1.tgz#67d87bf1a694f48435cf332c24af10214a3140b5"
  integrity sha512-oj87CgZICdulUohogVAR7AjlC0327U4el4L6eAvOqCeudMDVU0NThNaV+b9Df4dXgSP1gXMTnPdhfe/2qDH5cg==
  dependencies:
    loose-envify "^1.4.0"
    object-assign "^4.1.1"
    react-is "^16.13.1"

react-dropzone@14.2.3:
  version "14.2.3"
  resolved "https://registry.yarnpkg.com/react-dropzone/-/react-dropzone-14.2.3.tgz#0acab68308fda2d54d1273a1e626264e13d4e84b"
  integrity sha512-O3om8I+PkFKbxCukfIR3QAGftYXDZfOE2N1mr/7qebQJHs7U+/RSL/9xomJNpRg9kM5h9soQSdf0Gc7OHF5Fug==
  dependencies:
    attr-accept "^2.2.2"
    file-selector "^0.6.0"
    prop-types "^15.8.1"

react-is@^16.13.1:
  version "16.13.1"
  resolved "https://registry.yarnpkg.com/react-is/-/react-is-16.13.1.tgz#789729a4dc36de2999dc156dd6c1d9c18cea56a4"
  integrity sha512-24e6ynE2H+OKt4kqsOvNd8kBpV65zoxbA4BVsEOB3ARVWQki/DHzaUoC5KuON/BiccDaCCTZBuOcfZs70kR8bQ==

react-merge-refs@^1.1.0:
  version "1.1.0"
  resolved "https://registry.yarnpkg.com/react-merge-refs/-/react-merge-refs-1.1.0.tgz#73d88b892c6c68cbb7a66e0800faa374f4c38b06"
  integrity sha512-alTKsjEL0dKH/ru1Iyn7vliS2QRcBp9zZPGoWxUOvRGWPUYgjo+V01is7p04It6KhgrzhJGnIj9GgX8W4bZoCQ==

react-uid@^2.2.0:
  version "2.3.3"
  resolved "https://registry.yarnpkg.com/react-uid/-/react-uid-2.3.3.tgz#6a485ccc868555997f3506c6db97a3e735d97adf"
  integrity sha512-iNpDovcb9qBpBTo8iUgqRSQOS8GV3bWoNaTaUptHkXtAooXSo0OWe7vN6TqqB8x3x0bNBbQx96kkmSltQ5h9kQ==
  dependencies:
    tslib "^2.0.0"

regenerator-runtime@^0.14.0:
  version "0.14.0"
  resolved "https://registry.yarnpkg.com/regenerator-runtime/-/regenerator-runtime-0.14.0.tgz#5e19d68eb12d486f797e15a3c6a918f7cec5eb45"
  integrity sha512-srw17NI0TUWHuGa5CFGGmhfNIeja30WMBfbslPNhf6JrqQlLN5gcrvig1oqPxiVaXb0oW0XRKtH6Nngs5lKCIA==

tslib@^2.0.0, tslib@^2.4.0:
  version "2.6.0"
  resolved "https://registry.yarnpkg.com/tslib/-/tslib-2.6.0.tgz#b295854684dbda164e181d259a22cd779dcd7bc3"
  integrity sha512-7At1WUettjcSRHXCyYtTselblcHl9PJFFVKiCAy/bY97+BPZXSQ2wbq0P9s8tK2G7dFQfNnlJnPAiArVBVBsfA==
