# THIS IS AN AUTOGENERATED FILE. DO NOT EDIT THIS FILE DIRECTLY.
# yarn lockfile v1


"@babel/runtime@^7.8.4":
  version "7.8.7"
  resolved "https://registry.yarnpkg.com/@babel/runtime/-/runtime-7.8.7.tgz#8fefce9802db54881ba59f90bb28719b4996324d"
  integrity sha512-+AATMUFppJDw6aiR5NVPHqIQBlV/Pj8wY/EZH+lmvRdUo9xBaz/rF3alAwFJQavvKfeOlPE7oaaDHVbcySbCsg==
  dependencies:
    regenerator-runtime "^0.13.4"

"@babel/runtime@^7.8.7":
  version "7.9.2"
  resolved "https://registry.yarnpkg.com/@babel/runtime/-/runtime-7.9.2.tgz#d90df0583a3a252f09aaa619665367bae518db06"
  integrity sha512-NE2DtOdufG7R5vnfQUTehdTfNycfUANEtCa9PssN9O/xmTzP4E08UI797ixaei6hBEVL9BI/PsdJS5x7mWoB9Q==
  dependencies:
    regenerator-runtime "^0.13.4"

"@types/lodash.debounce@4.0.6":
  version "4.0.6"
  resolved "https://registry.yarnpkg.com/@types/lodash.debounce/-/lodash.debounce-4.0.6.tgz#c5a2326cd3efc46566c47e4c0aa248dc0ee57d60"
  integrity sha512-4WTmnnhCfDvvuLMaF3KV4Qfki93KebocUF45msxhYyjMttZDQYzHkO639ohhk8+oco2cluAFL3t5+Jn4mleylQ==
  dependencies:
    "@types/lodash" "*"

"@types/lodash@*":
  version "4.14.149"
  resolved "https://registry.yarnpkg.com/@types/lodash/-/lodash-4.14.149.tgz#1342d63d948c6062838fbf961012f74d4e638440"
  integrity sha512-ijGqzZt/b7BfzcK9vTrS6MFljQRPn5BFWOx8oE0GYxribu6uV+aA9zZuXI1zc/etK9E8nrgdoF2+LgUw7+9tJQ==

"@zendeskgarden/container-field@^1.3.1":
  version "1.3.1"
  resolved "https://registry.yarnpkg.com/@zendeskgarden/container-field/-/container-field-1.3.1.tgz#be58f74d7bd74cc293e8daee41a46c1108af30e9"
  integrity sha512-1OYHnGMSGIcyEXxd7EEX8ht5sw1wggO/UYqJCSzbYnUXhybgzOU1WnHtJsMdt3Tq2Hkb0NIRG/MKB92Dp3/x8w==
  dependencies:
    react-uid "^2.2.0"

"@zendeskgarden/container-focusvisible@^0.4.3":
  version "0.4.3"
  resolved "https://registry.yarnpkg.com/@zendeskgarden/container-focusvisible/-/container-focusvisible-0.4.3.tgz#9e2c1d882ecf9adc91f6e84eaca997fc9019f67a"
  integrity sha512-4NpwhFzhRXE230mtaGUsvmwh6LxB1Cky/LJuX7ZYZkwEgjgaLO1m0qLOiRfEa4jJ2yKrsk2f+OOuyFwy7QIAcw==
  dependencies:
    "@babel/runtime" "^7.8.4"

"@zendeskgarden/container-utilities@^0.5.1":
  version "0.5.1"
  resolved "https://registry.yarnpkg.com/@zendeskgarden/container-utilities/-/container-utilities-0.5.1.tgz#738dc99dbe4a98809fdc015e5a8e000997725876"
  integrity sha512-+nswWqFEiWHkuQeYSdftJ5c3Xy48IHPKb23qktIeEl+ZibMXzWVytdg91zOerI/HGJizNJ0gKmq+0A/4//eiQQ==

"@zendeskgarden/react-theming@^8.15.1":
  version "8.15.1"
  resolved "https://registry.yarnpkg.com/@zendeskgarden/react-theming/-/react-theming-8.15.1.tgz#83b4cc08c47cfae41cfc17c9c0141b6fc8fbdd7b"
  integrity sha512-GvQZxv2zKNtxAgPgyBf4r251vfP/PE6RBQ1DUuMfb2kxi400FGCqAZDQoojPDcoQQ0ZdkhabCIZ8eSHcGHBeZw==
  dependencies:
    "@zendeskgarden/container-focusvisible" "^0.4.3"
    "@zendeskgarden/container-utilities" "^0.5.1"
    polished "^3.5.1"

"@zendeskgarden/svg-icons@6.19.0":
  version "6.19.0"
  resolved "https://registry.yarnpkg.com/@zendeskgarden/svg-icons/-/svg-icons-6.19.0.tgz#f5668cdbd010fef9acad2d0ba38a9f30b95360ee"
  integrity sha512-nHs/riof68ag6fXkljHjybxhDlQnRO02BgJIQwkFpIgis1eKvo1MGPw3ieTz9lubqVenDYRKvd1cNVM28pdl9A==

lodash.debounce@4.0.8:
  version "4.0.8"
  resolved "https://registry.yarnpkg.com/lodash.debounce/-/lodash.debounce-4.0.8.tgz#82d79bff30a67c4005ffd5e2515300ad9ca4d7af"
  integrity sha1-gteb/zCmfEAF/9XiUVMArZyk168=

polished@^3.5.1:
  version "3.5.1"
  resolved "https://registry.yarnpkg.com/polished/-/polished-3.5.1.tgz#657b6faf4c2308f3e0b1951196803a5e5d67b122"
  integrity sha512-GVbvskpBiDV5TknurGL6OyFfLHsCknxbU8w5iMppT8rW0tLEoQHrIRfrPNPqGXNj3HGhkjRvhmg59Fy7HSnCAw==
  dependencies:
    "@babel/runtime" "^7.8.7"

react-uid@^2.2.0:
  version "2.2.0"
  resolved "https://registry.yarnpkg.com/react-uid/-/react-uid-2.2.0.tgz#0f77e1e0594fbf29fc4fe528cc9aa415c5bf9159"
  integrity sha512-z+g5+hFOQ08hCfrGcJ1PNs+cmvH8Uq2CVzCmPeWBsUi5A4W4NWXR5jouledzy3oSKGMU9HOzf8zFuGi15TXJoQ==

regenerator-runtime@^0.13.4:
  version "0.13.4"
  resolved "https://registry.yarnpkg.com/regenerator-runtime/-/regenerator-runtime-0.13.4.tgz#e96bf612a3362d12bb69f7e8f74ffeab25c7ac91"
  integrity sha512-plpwicqEzfEyTQohIKktWigcLzmNStMGwbOUbykx51/29Z3JOGYldaaNGK7ngNXV+UcoqvIMmloZ48Sr74sd+g==
