lockfileVersion: '9.0'

settings:
  autoInstallPeers: true
  excludeLinksFromLockfile: false

importers:

  .:
    dependencies:
      '@zendeskgarden/react-typography':
        specifier: ^9.15.5
        version: 9.15.5(@zendeskgarden/react-theming@9.15.5(react-dom@18.3.1(react@18.3.1))(react@18.3.1)(styled-components@6.4.2(react-dom@18.3.1(react@18.3.1))(react@18.3.1)))(react-dom@18.3.1(react@18.3.1))(react@18.3.1)(styled-components@6.4.2(react-dom@18.3.1(react@18.3.1))(react@18.3.1))
      polished:
        specifier: ^4.3.1
        version: 4.3.1
      prop-types:
        specifier: ^15.5.7
        version: 15.8.1
      react:
        specifier: ^16.8.0 || ^17.0.0 || ^18.0.0
        version: 18.3.1
      react-dom:
        specifier: ^16.8.0 || ^17.0.0 || ^18.0.0
        version: 18.3.1(react@18.3.1)
      styled-components:
        specifier: ^5.3.1 || ^6.0.0
        version: 6.4.2(react-dom@18.3.1(react@18.3.1))(react@18.3.1)
    devDependencies:
      '@zendeskgarden/react-dropdowns':
        specifier: ^9.15.5
        version: 9.15.5(@zendeskgarden/react-theming@9.15.5(react-dom@18.3.1(react@18.3.1))(react@18.3.1)(styled-components@6.4.2(react-dom@18.3.1(react@18.3.1))(react@18.3.1)))(react-dom@18.3.1(react@18.3.1))(react@18.3.1)(styled-components@6.4.2(react-dom@18.3.1(react@18.3.1))(react@18.3.1))
      '@zendeskgarden/react-theming':
        specifier: ^9.15.5
        version: 9.15.5(react-dom@18.3.1(react@18.3.1))(react@18.3.1)(styled-components@6.4.2(react-dom@18.3.1(react@18.3.1))(react@18.3.1))
      '@zendeskgarden/svg-icons':
        specifier: 7.6.0
        version: 7.6.0

packages:

  '@babel/runtime@7.29.7':
    resolution: {integrity: sha512-Nq8OhGWiZIZGV6hLHoyAKLLcJihP/xFeBMGJoUrxTX2psI8dCifzLhZISFb+VWS3wFMRDmCGw5R+dOySCqPLhw==}
    engines: {node: '>=6.9.0'}

  '@emotion/is-prop-valid@1.4.0':
    resolution: {integrity: sha512-QgD4fyscGcbbKwJmqNvUMSE02OsHUa+lAWKdEUIJKgqe5IwRSKd7+KhibEWdaKwgjLj0DRSHA9biAIqGBk05lw==}

  '@emotion/memoize@0.9.0':
    resolution: {integrity: sha512-30FAj7/EoJ5mwVPOWhAyCX+FPfMDrVecJAM+Iw9NRoSl4BBAQeqj4cApHHUXOVvIPgLVDsCFoz/hGD+5QQD1GQ==}

  '@floating-ui/core@1.7.5':
    resolution: {integrity: sha512-1Ih4WTWyw0+lKyFMcBHGbb5U5FtuHJuujoyyr5zTaWS5EYMeT6Jb2AuDeftsCsEuchO+mM2ij5+q9crhydzLhQ==}

  '@floating-ui/dom@1.7.6':
    resolution: {integrity: sha512-9gZSAI5XM36880PPMm//9dfiEngYoC6Am2izES1FF406YFsjvyBMmeJ2g4SAju3xWwtuynNRFL2s9hgxpLI5SQ==}

  '@floating-ui/react-dom@2.1.8':
    resolution: {integrity: sha512-cC52bHwM/n/CxS87FH0yWdngEZrjdtLW/qVruo68qg+prK7ZQ4YGdut2GyDVpoGeAYe/h899rVeOVm6Oi40k2A==}
    peerDependencies:
      react: '>=16.8.0'
      react-dom: '>=16.8.0'

  '@floating-ui/utils@0.2.11':
    resolution: {integrity: sha512-RiB/yIh78pcIxl6lLMG0CgBXAZ2Y0eVHqMPYugu+9U0AeT6YBeiJpf7lbdJNIugFP5SIjwNRgo4DhR1Qxi26Gg==}

  '@reach/auto-id@0.18.0':
    resolution: {integrity: sha512-XwY1IwhM7mkHZFghhjiqjQ6dstbOdpbFLdggeke75u8/8icT8uEHLbovFUgzKjy9qPvYwZIB87rLiR8WdtOXCg==}
    peerDependencies:
      react: ^16.8.0 || 17.x
      react-dom: ^16.8.0 || 17.x

  '@reach/utils@0.18.0':
    resolution: {integrity: sha512-KdVMdpTgDyK8FzdKO9SCpiibuy/kbv3pwgfXshTI6tEcQT1OOwj7BAksnzGC0rPz0UholwC+AgkqEl3EJX3M1A==}
    peerDependencies:
      react: ^16.8.0 || 17.x
      react-dom: ^16.8.0 || 17.x

  '@zendeskgarden/container-combobox@2.0.8':
    resolution: {integrity: sha512-oS7UOJ7+pjWMtv7w9mXtRDmEnsnZCv+RmDcx6+PvmYoI7BipXNlP+ziIapkBypGjZxLuuPAq3UGdG0re43bhww==}
    peerDependencies:
      prop-types: ^15.6.1
      react: ^16.8.0 || ^17.0.0 || ^18.0.0
      react-dom: ^16.8.0 || ^17.0.0 || ^18.0.0

  '@zendeskgarden/container-field@3.0.22':
    resolution: {integrity: sha512-umlVwDHgpKxggB51LtWenRKgbJLLljBiwTW9LxVD2hsse4RKj7Q/EkkyFUA+pb9Jy9UX6x4YyujSMn9dcVB0TA==}
    peerDependencies:
      prop-types: ^15.6.1
      react: ^16.8.0 || ^17.0.0 || ^18.0.0
      react-dom: ^16.8.0 || ^17.0.0 || ^18.0.0

  '@zendeskgarden/container-menu@2.0.1':
    resolution: {integrity: sha512-1ukufH6AXfGZoDjC/7kqj701Yi3mjBl+htxfod+Xmpq6yULWjl2Exfsg0m4nRvmyNWvk4p9ylQU2pbyXbZa/TA==}
    peerDependencies:
      prop-types: ^15.6.1
      react: ^16.8.0 || ^17.0.0 || ^18.0.0
      react-dom: ^16.8.0 || ^17.0.0 || ^18.0.0

  '@zendeskgarden/container-scrollregion@1.0.13':
    resolution: {integrity: sha512-BQMg/3vBkHt8eHjL+yUvO/W6wdDl7RGKG/OeKQGNi9FSJmdHKc/Y/XYb1MusURFIlkndX3GnQ2oUBq6Pnd9GfA==}
    peerDependencies:
      react: ^16.8.0 || ^17.0.0 || ^18.0.0
      react-dom: ^16.8.0 || ^17.0.0 || ^18.0.0

  '@zendeskgarden/container-selection@3.1.5':
    resolution: {integrity: sha512-tuOpX14TMW/dfXbe6Ajw/VShk85kuaLOl//FuiYpX1lVWZrjoUCN595jIXBu+vgp1sd6O69yxSegAVPP+2lJ3w==}
    peerDependencies:
      prop-types: ^15.6.1
      react: ^16.8.0 || ^17.0.0 || ^18.0.0
      react-dom: ^16.8.0 || ^17.0.0 || ^18.0.0

  '@zendeskgarden/container-tooltip@2.2.2':
    resolution: {integrity: sha512-JeVbMXC/Nd8V0t/mEGc8uMODmIH+Y8HOUVCKyJp3HXwmqHduyUaanOSpQNmFVq66emB6o9IZr6PDoPKb0bkvyw==}
    peerDependencies:
      prop-types: ^15.6.1
      react: ^16.8.0 || ^17.0.0 || ^18.0.0
      react-dom: ^16.8.0 || ^17.0.0 || ^18.0.0

  '@zendeskgarden/container-utilities@2.0.5':
    resolution: {integrity: sha512-z2OeNnl4xx0uK9tI3biP5o00XcISuDsfMFbpmJCUy8833gdasJyKxsOegOWPJYj5xtxZ+t4WxB3MGuytSDuaQg==}
    peerDependencies:
      react: ^16.8.0 || ^17.0.0 || ^18.0.0
      react-dom: ^16.8.0 || ^17.0.0 || ^18.0.0

  '@zendeskgarden/react-buttons@9.15.5':
    resolution: {integrity: sha512-KtpxLYuayiaQiJUo263RPmr2TEEW5NaNclvRF+r2+e6nh5/VEOdSP9P1/c/c46icgISBeGfKNChRIQ21DNOPog==}
    peerDependencies:
      '@zendeskgarden/react-theming': '>=9.14.0'
      react: ^16.8.0 || ^17.0.0 || ^18.0.0
      react-dom: ^16.8.0 || ^17.0.0 || ^18.0.0
      styled-components: ^5.3.1 || ^6.0.0

  '@zendeskgarden/react-dropdowns@9.15.5':
    resolution: {integrity: sha512-g5j7VKgZONP29kUMEjTZpwi96414/zksPA+mo4YsD8YmhPLwnF7JPNew5jGglKsdK76TXtwfiWalDvS4nC5RRw==}
    peerDependencies:
      '@zendeskgarden/react-theming': '>=9.14.0'
      react: ^16.8.0 || ^17.0.0 || ^18.0.0
      react-dom: ^16.8.0 || ^17.0.0 || ^18.0.0
      styled-components: ^5.3.1 || ^6.0.0

  '@zendeskgarden/react-forms@9.15.5':
    resolution: {integrity: sha512-FoGkPO05VszCOZYDnFJA5pU8NDntcx/s7YBlSGaeSKDirmKaJrbgXuv1viMgYt/f4nhwYnS9VsTqkq/kVNh38Q==}
    peerDependencies:
      '@zendeskgarden/react-theming': '>=9.14.0'
      react: ^16.8.0 || ^17.0.0 || ^18.0.0
      react-dom: ^16.8.0 || ^17.0.0 || ^18.0.0
      styled-components: ^5.3.1 || ^6.0.0

  '@zendeskgarden/react-tags@9.15.5':
    resolution: {integrity: sha512-pKzN02cBOdNRE7xeP3Xiej8QrCfzlCDJVx4qpXFX+pE77F0jmeupLSgTDGgx58EUshKCpHea2URaFJZA+BCDiA==}
    peerDependencies:
      '@zendeskgarden/react-theming': '>=9.14.0'
      react: ^16.8.0 || ^17.0.0 || ^18.0.0
      react-dom: ^16.8.0 || ^17.0.0 || ^18.0.0
      styled-components: ^5.3.1 || ^6.0.0

  '@zendeskgarden/react-theming@9.15.5':
    resolution: {integrity: sha512-5MkGUzECulGZ6dbya3SpbAgQmUdQZ2irzxOyu/NctYycUmkr2cQ5mB9ZaoUlq71Ju8oyY9qDPVo/vC4HfsTj6w==}
    peerDependencies:
      react: ^16.8.0 || ^17.0.0 || ^18.0.0
      react-dom: ^16.8.0 || ^17.0.0 || ^18.0.0
      styled-components: ^4.2.0 || ^5.3.1 || ^6.0.0

  '@zendeskgarden/react-tooltips@9.15.5':
    resolution: {integrity: sha512-yq1/ZcInJBXZfQlwnSp/b7k4fkcKXFmL4hNoOPjst/gJYQPTcPrEvJYY1Vx/WcxX4mOm90xfCiej70KFIEycjg==}
    peerDependencies:
      '@zendeskgarden/react-theming': '>=9.14.0'
      react: ^16.8.0 || ^17.0.0 || ^18.0.0
      react-dom: ^16.8.0 || ^17.0.0 || ^18.0.0
      styled-components: ^5.3.1 || ^6.0.0

  '@zendeskgarden/react-typography@9.15.5':
    resolution: {integrity: sha512-pYVnwCzvcwqS4yc4UOASi9XMpRuYRVzPhUk3hg2rFO7hQG9vQ7dhwF0Jok55a8Cb/OJpZlgr1y1QRwA5mkX59Q==}
    peerDependencies:
      '@zendeskgarden/react-theming': '>=9.14.0'
      react: ^16.8.0 || ^17.0.0 || ^18.0.0
      react-dom: ^16.8.0 || ^17.0.0 || ^18.0.0
      styled-components: ^5.3.1 || ^6.0.0

  '@zendeskgarden/svg-icons@7.6.0':
    resolution: {integrity: sha512-oqfkrTZFrtftaXK1OSJfce47ebVk6lkDU2x4EOBItpl40riL7NZV8/kMZmu/SMa4P9EqbVscE3VnrKZF48uvUQ==}

  color2k@2.0.3:
    resolution: {integrity: sha512-zW190nQTIoXcGCaU08DvVNFTmQhUpnJfVuAKfWqUQkflXKpaDdpaYoM0iluLS9lgJNHyBF58KKA2FBEwkD7wog==}

  compute-scroll-into-view@3.1.1:
    resolution: {integrity: sha512-VRhuHOLoKYOy4UbilLbUzbYg93XLjv2PncJC50EuTWPA3gaja1UjBsUP/D/9/juV3vQFr6XBEzn9KCAHdUvOHw==}

  csstype@3.2.3:
    resolution: {integrity: sha512-z1HGKcYy2xA8AGQfwrn0PAy+PB7X/GSj3UVJW9qKyn43xWa+gl5nXmU4qqLMRzWVLFC8KusUX8T/0kCiOYpAIQ==}

  downshift@9.3.6:
    resolution: {integrity: sha512-xEKP1vbt/k7Siu481TKibmj8EyL6iyBwaRJgb6gCsFyLeiyZ1KEJnApS9R1U71hTdK5ym0R99AOYRROcTz1PeQ==}
    peerDependencies:
      react: '>=16.12.0'

  js-tokens@4.0.0:
    resolution: {integrity: sha512-RdJUflcE3cUzKiMqQgsCu06FPu9UdIJO0beYbPhHN4k6apgJtifcoCtT9bcxOpYBtpD2kCM6Sbzg4CausW/PKQ==}

  lodash.debounce@4.0.8:
    resolution: {integrity: sha512-FT1yDzDYEoYWhnSGnpE/4Kj1fLZkDFyqRb7fNt6FdYOSxlUWAtp42Eh6Wb0rGIv/m9Bgo7x4GhQbm5Ys4SG5ow==}

  lodash.get@4.4.2:
    resolution: {integrity: sha512-z+Uw/vLuy6gQe8cfaFWD7p0wVv8fJl3mbzXh33RS+0oW2wvUqiRXiQ69gLWSLpgB5/6sU+r6BlQR0MBILadqTQ==}
    deprecated: This package is deprecated. Use the optional chaining (?.) operator instead.

  lodash.memoize@4.1.2:
    resolution: {integrity: sha512-t7j+NzmgnQzTAYXcsHYLgimltOV1MXHtlOWf6GjL9Kj8GK5FInw5JotxvbOs+IvV1/Dzo04/fCGfLVs7aXb4Ag==}

  loose-envify@1.4.0:
    resolution: {integrity: sha512-lyuxPGr/Wfhrlem2CL/UcnUc1zcqKAImBDzukY7Y5F/yQiNdko6+fRLevlw1HgMySw7f611UIY408EtxRSoK3Q==}
    hasBin: true

  object-assign@4.1.1:
    resolution: {integrity: sha512-rJgTQnkUnH1sFw8yT6VSU3zD3sWmu6sZhIseY8VX+GRu3P6F7Fu+JNDoXfklElbLJSnc3FUQHVe4cU5hj+BcUg==}
    engines: {node: '>=0.10.0'}

  polished@4.3.1:
    resolution: {integrity: sha512-OBatVyC/N7SCW/FaDHrSd+vn0o5cS855TOmYi4OkdWUMSJCET/xip//ch8xGUvtr3i44X9LVyWwQlRMTN3pwSA==}
    engines: {node: '>=10'}

  prism-react-renderer@1.3.5:
    resolution: {integrity: sha512-IJ+MSwBWKG+SM3b2SUfdrhC+gu01QkV2KmRQgREThBfSQRoufqRfxfHUxpG1WcaFjP+kojcFyO9Qqtpgt3qLCg==}
    peerDependencies:
      react: '>=0.14.9'

  prop-types@15.8.1:
    resolution: {integrity: sha512-oj87CgZICdulUohogVAR7AjlC0327U4el4L6eAvOqCeudMDVU0NThNaV+b9Df4dXgSP1gXMTnPdhfe/2qDH5cg==}

  react-dom@18.3.1:
    resolution: {integrity: sha512-5m4nQKp+rZRb09LNH59GM4BxTh9251/ylbKIbpe7TpGxfJ+9kv6BLkLBXIjjspbgbnIBNqlI23tRnTWT0snUIw==}
    peerDependencies:
      react: ^18.3.1

  react-is@16.13.1:
    resolution: {integrity: sha512-24e6ynE2H+OKt4kqsOvNd8kBpV65zoxbA4BVsEOB3ARVWQki/DHzaUoC5KuON/BiccDaCCTZBuOcfZs70kR8bQ==}

  react-is@18.3.1:
    resolution: {integrity: sha512-/LLMVyas0ljjAtoYiPqYiL8VWXzUUdThrmU5+n20DZv+a+ClRoevUzw5JxU+Ieh5/c87ytoTBV9G1FiKfNJdmg==}

  react-merge-refs@2.1.1:
    resolution: {integrity: sha512-jLQXJ/URln51zskhgppGJ2ub7b2WFKGq3cl3NYKtlHoTG+dN2q7EzWrn3hN3EgPsTMvpR9tpq5ijdp7YwFZkag==}

  react@18.3.1:
    resolution: {integrity: sha512-wS+hAgJShR0KhEvPJArfuPVN1+Hz1t0Y6n5jLrGQbkb4urgPE/0Rve+1kMB1v/oWgHgm4WIcV+i7F2pTVj+2iQ==}
    engines: {node: '>=0.10.0'}

  scheduler@0.23.2:
    resolution: {integrity: sha512-UOShsPwz7NrMUqhR6t0hWjFduvOzbtv7toDH1/hIrfRNIDBnnBWd0CwJTGvTpngVlmwGCdP9/Zl/tVrDqcuYzQ==}

  styled-components@6.4.2:
    resolution: {integrity: sha512-xZBhBJsMtGqb+aKcwKgaT+BtuFums9VynX2JRvXJGTx5UfZzN12rk5r4nVdhXYvRw+hE7yiYxVrOqJZaK2+Txg==}
    engines: {node: '>= 16'}
    peerDependencies:
      css-to-react-native: '>= 3.2.0'
      react: '>= 16.8.0'
      react-dom: '>= 16.8.0'
      react-native: '>= 0.68.0'
    peerDependenciesMeta:
      css-to-react-native:
        optional: true
      react-dom:
        optional: true
      react-native:
        optional: true

  stylis@4.3.6:
    resolution: {integrity: sha512-yQ3rwFWRfwNUY7H5vpU0wfdkNSnvnJinhF9830Swlaxl03zsOjCfmX0ugac+3LtK0lYSgwL/KXc8oYL3mG4YFQ==}

  tslib@2.8.1:
    resolution: {integrity: sha512-oJFu94HQb+KVduSUQL7wnpmqnfmLsOA/nAh6b6EH0wCEoK0/mPeXU6c3wKDV83MkOuHPRHtSXKKU99IBazS/2w==}

snapshots:

  '@babel/runtime@7.29.7': {}

  '@emotion/is-prop-valid@1.4.0':
    dependencies:
      '@emotion/memoize': 0.9.0

  '@emotion/memoize@0.9.0': {}

  '@floating-ui/core@1.7.5':
    dependencies:
      '@floating-ui/utils': 0.2.11

  '@floating-ui/dom@1.7.6':
    dependencies:
      '@floating-ui/core': 1.7.5
      '@floating-ui/utils': 0.2.11

  '@floating-ui/react-dom@2.1.8(react-dom@18.3.1(react@18.3.1))(react@18.3.1)':
    dependencies:
      '@floating-ui/dom': 1.7.6
      react: 18.3.1
      react-dom: 18.3.1(react@18.3.1)

  '@floating-ui/utils@0.2.11': {}

  '@reach/auto-id@0.18.0(react-dom@18.3.1(react@18.3.1))(react@18.3.1)':
    dependencies:
      '@reach/utils': 0.18.0(react-dom@18.3.1(react@18.3.1))(react@18.3.1)
      react: 18.3.1
      react-dom: 18.3.1(react@18.3.1)

  '@reach/utils@0.18.0(react-dom@18.3.1(react@18.3.1))(react@18.3.1)':
    dependencies:
      react: 18.3.1
      react-dom: 18.3.1(react@18.3.1)

  '@zendeskgarden/container-combobox@2.0.8(prop-types@15.8.1)(react-dom@18.3.1(react@18.3.1))(react@18.3.1)':
    dependencies:
      '@babel/runtime': 7.29.7
      '@zendeskgarden/container-field': 3.0.22(prop-types@15.8.1)(react-dom@18.3.1(react@18.3.1))(react@18.3.1)
      '@zendeskgarden/container-utilities': 2.0.5(react-dom@18.3.1(react@18.3.1))(react@18.3.1)
      downshift: 9.3.6(react@18.3.1)
      prop-types: 15.8.1
      react: 18.3.1
      react-dom: 18.3.1(react@18.3.1)

  '@zendeskgarden/container-field@3.0.22(prop-types@15.8.1)(react-dom@18.3.1(react@18.3.1))(react@18.3.1)':
    dependencies:
      '@babel/runtime': 7.29.7
      '@zendeskgarden/container-utilities': 2.0.5(react-dom@18.3.1(react@18.3.1))(react@18.3.1)
      prop-types: 15.8.1
      react: 18.3.1
      react-dom: 18.3.1(react@18.3.1)

  '@zendeskgarden/container-menu@2.0.1(prop-types@15.8.1)(react-dom@18.3.1(react@18.3.1))(react@18.3.1)':
    dependencies:
      '@babel/runtime': 7.29.7
      '@zendeskgarden/container-selection': 3.1.5(prop-types@15.8.1)(react-dom@18.3.1(react@18.3.1))(react@18.3.1)
      '@zendeskgarden/container-utilities': 2.0.5(react-dom@18.3.1(react@18.3.1))(react@18.3.1)
      prop-types: 15.8.1
      react: 18.3.1
      react-dom: 18.3.1(react@18.3.1)

  '@zendeskgarden/container-scrollregion@1.0.13(react-dom@18.3.1(react@18.3.1))(react@18.3.1)':
    dependencies:
      '@babel/runtime': 7.29.7
      lodash.debounce: 4.0.8
      prop-types: 15.8.1
      react: 18.3.1
      react-dom: 18.3.1(react@18.3.1)

  '@zendeskgarden/container-selection@3.1.5(prop-types@15.8.1)(react-dom@18.3.1(react@18.3.1))(react@18.3.1)':
    dependencies:
      '@babel/runtime': 7.29.7
      '@zendeskgarden/container-utilities': 2.0.5(react-dom@18.3.1(react@18.3.1))(react@18.3.1)
      prop-types: 15.8.1
      react: 18.3.1
      react-dom: 18.3.1(react@18.3.1)

  '@zendeskgarden/container-tooltip@2.2.2(prop-types@15.8.1)(react-dom@18.3.1(react@18.3.1))(react@18.3.1)':
    dependencies:
      '@babel/runtime': 7.29.7
      '@zendeskgarden/container-utilities': 2.0.5(react-dom@18.3.1(react@18.3.1))(react@18.3.1)
      prop-types: 15.8.1
      react: 18.3.1
      react-dom: 18.3.1(react@18.3.1)

  '@zendeskgarden/container-utilities@2.0.5(react-dom@18.3.1(react@18.3.1))(react@18.3.1)':
    dependencies:
      '@babel/runtime': 7.29.7
      '@reach/auto-id': 0.18.0(react-dom@18.3.1(react@18.3.1))(react@18.3.1)
      react: 18.3.1
      react-dom: 18.3.1(react@18.3.1)

  '@zendeskgarden/react-buttons@9.15.5(@zendeskgarden/react-theming@9.15.5(react-dom@18.3.1(react@18.3.1))(react@18.3.1)(styled-components@6.4.2(react-dom@18.3.1(react@18.3.1))(react@18.3.1)))(react-dom@18.3.1(react@18.3.1))(react@18.3.1)(styled-components@6.4.2(react-dom@18.3.1(react@18.3.1))(react@18.3.1))':
    dependencies:
      '@zendeskgarden/container-utilities': 2.0.5(react-dom@18.3.1(react@18.3.1))(react@18.3.1)
      '@zendeskgarden/react-theming': 9.15.5(react-dom@18.3.1(react@18.3.1))(react@18.3.1)(styled-components@6.4.2(react-dom@18.3.1(react@18.3.1))(react@18.3.1))
      polished: 4.3.1
      prop-types: 15.8.1
      react: 18.3.1
      react-dom: 18.3.1(react@18.3.1)
      react-merge-refs: 2.1.1
      styled-components: 6.4.2(react-dom@18.3.1(react@18.3.1))(react@18.3.1)

  '@zendeskgarden/react-dropdowns@9.15.5(@zendeskgarden/react-theming@9.15.5(react-dom@18.3.1(react@18.3.1))(react@18.3.1)(styled-components@6.4.2(react-dom@18.3.1(react@18.3.1))(react@18.3.1)))(react-dom@18.3.1(react@18.3.1))(react@18.3.1)(styled-components@6.4.2(react-dom@18.3.1(react@18.3.1))(react@18.3.1))':
    dependencies:
      '@floating-ui/react-dom': 2.1.8(react-dom@18.3.1(react@18.3.1))(react@18.3.1)
      '@zendeskgarden/container-combobox': 2.0.8(prop-types@15.8.1)(react-dom@18.3.1(react@18.3.1))(react@18.3.1)
      '@zendeskgarden/container-menu': 2.0.1(prop-types@15.8.1)(react-dom@18.3.1(react@18.3.1))(react@18.3.1)
      '@zendeskgarden/container-utilities': 2.0.5(react-dom@18.3.1(react@18.3.1))(react@18.3.1)
      '@zendeskgarden/react-buttons': 9.15.5(@zendeskgarden/react-theming@9.15.5(react-dom@18.3.1(react@18.3.1))(react@18.3.1)(styled-components@6.4.2(react-dom@18.3.1(react@18.3.1))(react@18.3.1)))(react-dom@18.3.1(react@18.3.1))(react@18.3.1)(styled-components@6.4.2(react-dom@18.3.1(react@18.3.1))(react@18.3.1))
      '@zendeskgarden/react-forms': 9.15.5(@zendeskgarden/react-theming@9.15.5(react-dom@18.3.1(react@18.3.1))(react@18.3.1)(styled-components@6.4.2(react-dom@18.3.1(react@18.3.1))(react@18.3.1)))(react-dom@18.3.1(react@18.3.1))(react@18.3.1)(styled-components@6.4.2(react-dom@18.3.1(react@18.3.1))(react@18.3.1))
      '@zendeskgarden/react-tags': 9.15.5(@zendeskgarden/react-theming@9.15.5(react-dom@18.3.1(react@18.3.1))(react@18.3.1)(styled-components@6.4.2(react-dom@18.3.1(react@18.3.1))(react@18.3.1)))(react-dom@18.3.1(react@18.3.1))(react@18.3.1)(styled-components@6.4.2(react-dom@18.3.1(react@18.3.1))(react@18.3.1))
      '@zendeskgarden/react-theming': 9.15.5(react-dom@18.3.1(react@18.3.1))(react@18.3.1)(styled-components@6.4.2(react-dom@18.3.1(react@18.3.1))(react@18.3.1))
      '@zendeskgarden/react-tooltips': 9.15.5(@zendeskgarden/react-theming@9.15.5(react-dom@18.3.1(react@18.3.1))(react@18.3.1)(styled-components@6.4.2(react-dom@18.3.1(react@18.3.1))(react@18.3.1)))(react-dom@18.3.1(react@18.3.1))(react@18.3.1)(styled-components@6.4.2(react-dom@18.3.1(react@18.3.1))(react@18.3.1))
      polished: 4.3.1
      prop-types: 15.8.1
      react: 18.3.1
      react-dom: 18.3.1(react@18.3.1)
      react-merge-refs: 2.1.1
      styled-components: 6.4.2(react-dom@18.3.1(react@18.3.1))(react@18.3.1)

  '@zendeskgarden/react-forms@9.15.5(@zendeskgarden/react-theming@9.15.5(react-dom@18.3.1(react@18.3.1))(react@18.3.1)(styled-components@6.4.2(react-dom@18.3.1(react@18.3.1))(react@18.3.1)))(react-dom@18.3.1(react@18.3.1))(react@18.3.1)(styled-components@6.4.2(react-dom@18.3.1(react@18.3.1))(react@18.3.1))':
    dependencies:
      '@zendeskgarden/container-field': 3.0.22(prop-types@15.8.1)(react-dom@18.3.1(react@18.3.1))(react@18.3.1)
      '@zendeskgarden/container-utilities': 2.0.5(react-dom@18.3.1(react@18.3.1))(react@18.3.1)
      '@zendeskgarden/react-theming': 9.15.5(react-dom@18.3.1(react@18.3.1))(react@18.3.1)(styled-components@6.4.2(react-dom@18.3.1(react@18.3.1))(react@18.3.1))
      lodash.debounce: 4.0.8
      polished: 4.3.1
      prop-types: 15.8.1
      react: 18.3.1
      react-dom: 18.3.1(react@18.3.1)
      react-merge-refs: 2.1.1
      styled-components: 6.4.2(react-dom@18.3.1(react@18.3.1))(react@18.3.1)

  '@zendeskgarden/react-tags@9.15.5(@zendeskgarden/react-theming@9.15.5(react-dom@18.3.1(react@18.3.1))(react@18.3.1)(styled-components@6.4.2(react-dom@18.3.1(react@18.3.1))(react@18.3.1)))(react-dom@18.3.1(react@18.3.1))(react@18.3.1)(styled-components@6.4.2(react-dom@18.3.1(react@18.3.1))(react@18.3.1))':
    dependencies:
      '@zendeskgarden/container-utilities': 2.0.5(react-dom@18.3.1(react@18.3.1))(react@18.3.1)
      '@zendeskgarden/react-theming': 9.15.5(react-dom@18.3.1(react@18.3.1))(react@18.3.1)(styled-components@6.4.2(react-dom@18.3.1(react@18.3.1))(react@18.3.1))
      polished: 4.3.1
      prop-types: 15.8.1
      react: 18.3.1
      react-dom: 18.3.1(react@18.3.1)
      styled-components: 6.4.2(react-dom@18.3.1(react@18.3.1))(react@18.3.1)

  '@zendeskgarden/react-theming@9.15.5(react-dom@18.3.1(react@18.3.1))(react@18.3.1)(styled-components@6.4.2(react-dom@18.3.1(react@18.3.1))(react@18.3.1))':
    dependencies:
      '@floating-ui/react-dom': 2.1.8(react-dom@18.3.1(react@18.3.1))(react@18.3.1)
      color2k: 2.0.3
      lodash.get: 4.4.2
      lodash.memoize: 4.1.2
      polished: 4.3.1
      prop-types: 15.8.1
      react: 18.3.1
      react-dom: 18.3.1(react@18.3.1)
      styled-components: 6.4.2(react-dom@18.3.1(react@18.3.1))(react@18.3.1)

  '@zendeskgarden/react-tooltips@9.15.5(@zendeskgarden/react-theming@9.15.5(react-dom@18.3.1(react@18.3.1))(react@18.3.1)(styled-components@6.4.2(react-dom@18.3.1(react@18.3.1))(react@18.3.1)))(react-dom@18.3.1(react@18.3.1))(react@18.3.1)(styled-components@6.4.2(react-dom@18.3.1(react@18.3.1))(react@18.3.1))':
    dependencies:
      '@floating-ui/react-dom': 2.1.8(react-dom@18.3.1(react@18.3.1))(react@18.3.1)
      '@zendeskgarden/container-tooltip': 2.2.2(prop-types@15.8.1)(react-dom@18.3.1(react@18.3.1))(react@18.3.1)
      '@zendeskgarden/container-utilities': 2.0.5(react-dom@18.3.1(react@18.3.1))(react@18.3.1)
      '@zendeskgarden/react-theming': 9.15.5(react-dom@18.3.1(react@18.3.1))(react@18.3.1)(styled-components@6.4.2(react-dom@18.3.1(react@18.3.1))(react@18.3.1))
      polished: 4.3.1
      prop-types: 15.8.1
      react: 18.3.1
      react-dom: 18.3.1(react@18.3.1)
      react-merge-refs: 2.1.1
      styled-components: 6.4.2(react-dom@18.3.1(react@18.3.1))(react@18.3.1)

  '@zendeskgarden/react-typography@9.15.5(@zendeskgarden/react-theming@9.15.5(react-dom@18.3.1(react@18.3.1))(react@18.3.1)(styled-components@6.4.2(react-dom@18.3.1(react@18.3.1))(react@18.3.1)))(react-dom@18.3.1(react@18.3.1))(react@18.3.1)(styled-components@6.4.2(react-dom@18.3.1(react@18.3.1))(react@18.3.1))':
    dependencies:
      '@zendeskgarden/container-scrollregion': 1.0.13(react-dom@18.3.1(react@18.3.1))(react@18.3.1)
      '@zendeskgarden/react-theming': 9.15.5(react-dom@18.3.1(react@18.3.1))(react@18.3.1)(styled-components@6.4.2(react-dom@18.3.1(react@18.3.1))(react@18.3.1))
      polished: 4.3.1
      prism-react-renderer: 1.3.5(react@18.3.1)
      prop-types: 15.8.1
      react: 18.3.1
      react-dom: 18.3.1(react@18.3.1)
      styled-components: 6.4.2(react-dom@18.3.1(react@18.3.1))(react@18.3.1)

  '@zendeskgarden/svg-icons@7.6.0': {}

  color2k@2.0.3: {}

  compute-scroll-into-view@3.1.1: {}

  csstype@3.2.3: {}

  downshift@9.3.6(react@18.3.1):
    dependencies:
      '@babel/runtime': 7.29.7
      compute-scroll-into-view: 3.1.1
      prop-types: 15.8.1
      react: 18.3.1
      react-is: 18.3.1
      tslib: 2.8.1

  js-tokens@4.0.0: {}

  lodash.debounce@4.0.8: {}

  lodash.get@4.4.2: {}

  lodash.memoize@4.1.2: {}

  loose-envify@1.4.0:
    dependencies:
      js-tokens: 4.0.0

  object-assign@4.1.1: {}

  polished@4.3.1:
    dependencies:
      '@babel/runtime': 7.29.7

  prism-react-renderer@1.3.5(react@18.3.1):
    dependencies:
      react: 18.3.1

  prop-types@15.8.1:
    dependencies:
      loose-envify: 1.4.0
      object-assign: 4.1.1
      react-is: 16.13.1

  react-dom@18.3.1(react@18.3.1):
    dependencies:
      loose-envify: 1.4.0
      react: 18.3.1
      scheduler: 0.23.2

  react-is@16.13.1: {}

  react-is@18.3.1: {}

  react-merge-refs@2.1.1: {}

  react@18.3.1:
    dependencies:
      loose-envify: 1.4.0

  scheduler@0.23.2:
    dependencies:
      loose-envify: 1.4.0

  styled-components@6.4.2(react-dom@18.3.1(react@18.3.1))(react@18.3.1):
    dependencies:
      '@emotion/is-prop-valid': 1.4.0
      csstype: 3.2.3
      react: 18.3.1
      stylis: 4.3.6
    optionalDependencies:
      react-dom: 18.3.1(react@18.3.1)

  stylis@4.3.6: {}

  tslib@2.8.1: {}
