# THIS IS AN AUTOGENERATED FILE. DO NOT EDIT THIS FILE DIRECTLY.
# yarn lockfile v1


"@babel/runtime@^7.6.3":
  version "7.8.4"
  resolved "https://registry.yarnpkg.com/@babel/runtime/-/runtime-7.8.4.tgz#d79f5a2040f7caa24d53e563aad49cbc05581308"
  integrity sha512-neAp3zt80trRVBI1x0azq6c57aNBqYZH8KhMm3TaB7wEI5Q4A2SHfBHE8w9gOhI/lrqxtEbXZgQIrHP+wvSGwQ==
  dependencies:
    regenerator-runtime "^0.13.2"

"@babel/runtime@^7.8.4", "@babel/runtime@^7.8.7":
  version "7.9.2"
  resolved "https://registry.yarnpkg.com/@babel/runtime/-/runtime-7.9.2.tgz#d90df0583a3a252f09aaa619665367bae518db06"
  integrity sha512-NE2DtOdufG7R5vnfQUTehdTfNycfUANEtCa9PssN9O/xmTzP4E08UI797ixaei6hBEVL9BI/PsdJS5x7mWoB9Q==
  dependencies:
    regenerator-runtime "^0.13.4"

"@zendeskgarden/container-focusvisible@^0.4.3":
  version "0.4.3"
  resolved "https://registry.yarnpkg.com/@zendeskgarden/container-focusvisible/-/container-focusvisible-0.4.3.tgz#9e2c1d882ecf9adc91f6e84eaca997fc9019f67a"
  integrity sha512-4NpwhFzhRXE230mtaGUsvmwh6LxB1Cky/LJuX7ZYZkwEgjgaLO1m0qLOiRfEa4jJ2yKrsk2f+OOuyFwy7QIAcw==
  dependencies:
    "@babel/runtime" "^7.8.4"

"@zendeskgarden/container-tooltip@^0.5.1":
  version "0.5.1"
  resolved "https://registry.yarnpkg.com/@zendeskgarden/container-tooltip/-/container-tooltip-0.5.1.tgz#517804df8d9cd285f4290d0ebe64fbd159fd4ac1"
  integrity sha512-msMc7FQIYQ/TBGWXIDuqaDtOlFrMuJZs7p8mNBBb6wrqLNVmpT/W/xkElaZlvsxOVhnEZ8P7RgpYNWeePHAgrw==
  dependencies:
    "@zendeskgarden/container-utilities" "^0.5.1"
    react-uid "^2.2.0"

"@zendeskgarden/container-utilities@^0.5.1":
  version "0.5.1"
  resolved "https://registry.yarnpkg.com/@zendeskgarden/container-utilities/-/container-utilities-0.5.1.tgz#738dc99dbe4a98809fdc015e5a8e000997725876"
  integrity sha512-+nswWqFEiWHkuQeYSdftJ5c3Xy48IHPKb23qktIeEl+ZibMXzWVytdg91zOerI/HGJizNJ0gKmq+0A/4//eiQQ==

"@zendeskgarden/react-theming@^8.4.1":
  version "8.4.1"
  resolved "https://registry.yarnpkg.com/@zendeskgarden/react-theming/-/react-theming-8.4.1.tgz#8dd2a165a0146c31cc093e733c544895a0837f4c"
  integrity sha512-KHTP09GpJQf+5+0ax6ONHwsXDxCsJy3PmWQ9nMv5poAsLzpocVp+E8P3rxwjuK1cnxD13cwtcrZ0MHSIA0E7Vg==
  dependencies:
    "@zendeskgarden/container-focusvisible" "^0.4.3"
    "@zendeskgarden/container-utilities" "^0.5.1"
    polished "^3.4.4"

"js-tokens@^3.0.0 || ^4.0.0":
  version "4.0.0"
  resolved "https://registry.yarnpkg.com/js-tokens/-/js-tokens-4.0.0.tgz#19203fb59991df98e3a287050d4647cdeaf32499"
  integrity sha512-RdJUflcE3cUzKiMqQgsCu06FPu9UdIJO0beYbPhHN4k6apgJtifcoCtT9bcxOpYBtpD2kCM6Sbzg4CausW/PKQ==

loose-envify@^1.0.0:
  version "1.4.0"
  resolved "https://registry.yarnpkg.com/loose-envify/-/loose-envify-1.4.0.tgz#71ee51fa7be4caec1a63839f7e682d8132d30caf"
  integrity sha512-lyuxPGr/Wfhrlem2CL/UcnUc1zcqKAImBDzukY7Y5F/yQiNdko6+fRLevlw1HgMySw7f611UIY408EtxRSoK3Q==
  dependencies:
    js-tokens "^3.0.0 || ^4.0.0"

polished@^3.4.4:
  version "3.4.4"
  resolved "https://registry.yarnpkg.com/polished/-/polished-3.4.4.tgz#ac8cd6e704887398f3b802718f9d389b9ea4307b"
  integrity sha512-x9PKeExyI9AhWrJP3Q57I1k7GInujjiVBJMPFmycj9hX1yCOo/X9eu9eZwxgOziiXge3WbFQ5XOmkzunOntBSA==
  dependencies:
    "@babel/runtime" "^7.6.3"

polished@^3.5.1:
  version "3.5.1"
  resolved "https://registry.yarnpkg.com/polished/-/polished-3.5.1.tgz#657b6faf4c2308f3e0b1951196803a5e5d67b122"
  integrity sha512-GVbvskpBiDV5TknurGL6OyFfLHsCknxbU8w5iMppT8rW0tLEoQHrIRfrPNPqGXNj3HGhkjRvhmg59Fy7HSnCAw==
  dependencies:
    "@babel/runtime" "^7.8.7"

react-fast-compare@^3.0.1:
  version "3.0.1"
  resolved "https://registry.yarnpkg.com/react-fast-compare/-/react-fast-compare-3.0.1.tgz#884d339ce1341aad22392e7a88664c71da48600e"
  integrity sha512-C5vP0J644ofZGd54P8++O7AvrqMEbrGf8Ue0eAUJLJyw168dAX2aiYyX/zcY/eSNwO0IDjsKUaLE6n83D+TnEg==

react-popper@^2.0.0:
  version "2.2.0"
  resolved "https://registry.yarnpkg.com/react-popper/-/react-popper-2.2.0.tgz#807174c0a6f01a83a7809d7e974b3ca1d4419d5f"
  integrity sha512-9tHnjmTr0J3iavYSt0jXiieRTD/j8Mi1C0Fck0Di2ENkiTm7ADmievZmpMzChOQH+CF+4susx+dcXe9CW1htuA==
  dependencies:
    react-fast-compare "^3.0.1"
    warning "^4.0.2"

react-uid@^2.2.0:
  version "2.2.0"
  resolved "https://registry.yarnpkg.com/react-uid/-/react-uid-2.2.0.tgz#0f77e1e0594fbf29fc4fe528cc9aa415c5bf9159"
  integrity sha512-z+g5+hFOQ08hCfrGcJ1PNs+cmvH8Uq2CVzCmPeWBsUi5A4W4NWXR5jouledzy3oSKGMU9HOzf8zFuGi15TXJoQ==

regenerator-runtime@^0.13.2:
  version "0.13.3"
  resolved "https://registry.yarnpkg.com/regenerator-runtime/-/regenerator-runtime-0.13.3.tgz#7cf6a77d8f5c6f60eb73c5fc1955b2ceb01e6bf5"
  integrity sha512-naKIZz2GQ8JWh///G7L3X6LaQUAMp2lvb1rvwwsURe/VXwD6VMfr+/1NuNw3ag8v2kY1aQ/go5SNn79O9JU7yw==

regenerator-runtime@^0.13.4:
  version "0.13.5"
  resolved "https://registry.yarnpkg.com/regenerator-runtime/-/regenerator-runtime-0.13.5.tgz#d878a1d094b4306d10b9096484b33ebd55e26697"
  integrity sha512-ZS5w8CpKFinUzOwW3c83oPeVXoNsrLsaCoLtJvAClH135j/R77RuymhiSErhm2lKcwSCIpmvIWSbDkIfAqKQlA==

warning@^4.0.2:
  version "4.0.3"
  resolved "https://registry.yarnpkg.com/warning/-/warning-4.0.3.tgz#16e9e077eb8a86d6af7d64aa1e05fd85b4678ca3"
  integrity sha512-rpJyN222KWIvHJ/F53XSZv0Zl/accqHR8et1kpaMTD/fLCRxtV8iX8czMzY7sVZupTI3zcUTg8eycS2kNF9l6w==
  dependencies:
    loose-envify "^1.0.0"
