# THIS IS AN AUTOGENERATED FILE. DO NOT EDIT THIS FILE DIRECTLY.
# yarn lockfile v1


"@babel/runtime@^7.6.3", "@babel/runtime@^7.8.4":
  version "7.8.7"
  resolved "https://registry.yarnpkg.com/@babel/runtime/-/runtime-7.8.7.tgz#8fefce9802db54881ba59f90bb28719b4996324d"
  integrity sha512-+AATMUFppJDw6aiR5NVPHqIQBlV/Pj8wY/EZH+lmvRdUo9xBaz/rF3alAwFJQavvKfeOlPE7oaaDHVbcySbCsg==
  dependencies:
    regenerator-runtime "^0.13.4"

"@zendeskgarden/container-focusvisible@^0.4.3":
  version "0.4.3"
  resolved "https://registry.yarnpkg.com/@zendeskgarden/container-focusvisible/-/container-focusvisible-0.4.3.tgz#9e2c1d882ecf9adc91f6e84eaca997fc9019f67a"
  integrity sha512-4NpwhFzhRXE230mtaGUsvmwh6LxB1Cky/LJuX7ZYZkwEgjgaLO1m0qLOiRfEa4jJ2yKrsk2f+OOuyFwy7QIAcw==
  dependencies:
    "@babel/runtime" "^7.8.4"

"@zendeskgarden/container-utilities@^0.5.1":
  version "0.5.1"
  resolved "https://registry.yarnpkg.com/@zendeskgarden/container-utilities/-/container-utilities-0.5.1.tgz#738dc99dbe4a98809fdc015e5a8e000997725876"
  integrity sha512-+nswWqFEiWHkuQeYSdftJ5c3Xy48IHPKb23qktIeEl+ZibMXzWVytdg91zOerI/HGJizNJ0gKmq+0A/4//eiQQ==

"@zendeskgarden/react-theming@^8.4.1":
  version "8.4.1"
  resolved "https://registry.yarnpkg.com/@zendeskgarden/react-theming/-/react-theming-8.4.1.tgz#8dd2a165a0146c31cc093e733c544895a0837f4c"
  integrity sha512-KHTP09GpJQf+5+0ax6ONHwsXDxCsJy3PmWQ9nMv5poAsLzpocVp+E8P3rxwjuK1cnxD13cwtcrZ0MHSIA0E7Vg==
  dependencies:
    "@zendeskgarden/container-focusvisible" "^0.4.3"
    "@zendeskgarden/container-utilities" "^0.5.1"
    polished "^3.4.4"

"@zendeskgarden/svg-icons@6.15.0":
  version "6.15.0"
  resolved "https://registry.yarnpkg.com/@zendeskgarden/svg-icons/-/svg-icons-6.15.0.tgz#cb7f890b86d3ffe83e7b6fae83db2f776594d4af"
  integrity sha512-OMkA3pWbwY7fviZFC29ZEBJp/Ue73w+PhbB4bKQLTp6UyK97crHTZzyPhJU/GnhOp1ubOvJii3tlJgYzg4r9KA==

date-fns@^2.0.0-beta.2:
  version "2.9.0"
  resolved "https://registry.yarnpkg.com/date-fns/-/date-fns-2.9.0.tgz#d0b175a5c37ed5f17b97e2272bbc1fa5aec677d2"
  integrity sha512-khbFLu/MlzLjEzy9Gh8oY1hNt/Dvxw3J6Rbc28cVoYWQaC1S3YI4xwkF9ZWcjDLscbZlY9hISMr66RFzZagLsA==

"js-tokens@^3.0.0 || ^4.0.0":
  version "4.0.0"
  resolved "https://registry.yarnpkg.com/js-tokens/-/js-tokens-4.0.0.tgz#19203fb59991df98e3a287050d4647cdeaf32499"
  integrity sha512-RdJUflcE3cUzKiMqQgsCu06FPu9UdIJO0beYbPhHN4k6apgJtifcoCtT9bcxOpYBtpD2kCM6Sbzg4CausW/PKQ==

loose-envify@^1.0.0:
  version "1.4.0"
  resolved "https://registry.yarnpkg.com/loose-envify/-/loose-envify-1.4.0.tgz#71ee51fa7be4caec1a63839f7e682d8132d30caf"
  integrity sha512-lyuxPGr/Wfhrlem2CL/UcnUc1zcqKAImBDzukY7Y5F/yQiNdko6+fRLevlw1HgMySw7f611UIY408EtxRSoK3Q==
  dependencies:
    js-tokens "^3.0.0 || ^4.0.0"

polished@^3.4.4:
  version "3.4.4"
  resolved "https://registry.yarnpkg.com/polished/-/polished-3.4.4.tgz#ac8cd6e704887398f3b802718f9d389b9ea4307b"
  integrity sha512-x9PKeExyI9AhWrJP3Q57I1k7GInujjiVBJMPFmycj9hX1yCOo/X9eu9eZwxgOziiXge3WbFQ5XOmkzunOntBSA==
  dependencies:
    "@babel/runtime" "^7.6.3"

react-fast-compare@^3.0.1:
  version "3.0.1"
  resolved "https://registry.yarnpkg.com/react-fast-compare/-/react-fast-compare-3.0.1.tgz#884d339ce1341aad22392e7a88664c71da48600e"
  integrity sha512-C5vP0J644ofZGd54P8++O7AvrqMEbrGf8Ue0eAUJLJyw168dAX2aiYyX/zcY/eSNwO0IDjsKUaLE6n83D+TnEg==

react-popper@^2.0.0:
  version "2.2.0"
  resolved "https://registry.yarnpkg.com/react-popper/-/react-popper-2.2.0.tgz#807174c0a6f01a83a7809d7e974b3ca1d4419d5f"
  integrity sha512-9tHnjmTr0J3iavYSt0jXiieRTD/j8Mi1C0Fck0Di2ENkiTm7ADmievZmpMzChOQH+CF+4susx+dcXe9CW1htuA==
  dependencies:
    react-fast-compare "^3.0.1"
    warning "^4.0.2"

regenerator-runtime@^0.13.4:
  version "0.13.4"
  resolved "https://registry.yarnpkg.com/regenerator-runtime/-/regenerator-runtime-0.13.4.tgz#e96bf612a3362d12bb69f7e8f74ffeab25c7ac91"
  integrity sha512-plpwicqEzfEyTQohIKktWigcLzmNStMGwbOUbykx51/29Z3JOGYldaaNGK7ngNXV+UcoqvIMmloZ48Sr74sd+g==

warning@^4.0.2:
  version "4.0.3"
  resolved "https://registry.yarnpkg.com/warning/-/warning-4.0.3.tgz#16e9e077eb8a86d6af7d64aa1e05fd85b4678ca3"
  integrity sha512-rpJyN222KWIvHJ/F53XSZv0Zl/accqHR8et1kpaMTD/fLCRxtV8iX8czMzY7sVZupTI3zcUTg8eycS2kNF9l6w==
  dependencies:
    loose-envify "^1.0.0"
