# THIS IS AN AUTOGENERATED FILE. DO NOT EDIT THIS FILE DIRECTLY.
# yarn lockfile v1


"@babel/runtime@^7.6.3", "@babel/runtime@^7.8.4":
  version "7.8.4"
  resolved "https://registry.yarnpkg.com/@babel/runtime/-/runtime-7.8.4.tgz#d79f5a2040f7caa24d53e563aad49cbc05581308"
  integrity sha512-neAp3zt80trRVBI1x0azq6c57aNBqYZH8KhMm3TaB7wEI5Q4A2SHfBHE8w9gOhI/lrqxtEbXZgQIrHP+wvSGwQ==
  dependencies:
    regenerator-runtime "^0.13.2"

"@zendeskgarden/container-focusjail@^1.4.0":
  version "1.4.0"
  resolved "https://registry.yarnpkg.com/@zendeskgarden/container-focusjail/-/container-focusjail-1.4.0.tgz#d212b246643f33dcda8eccfd628c1c5952ee70fa"
  integrity sha512-jizLEA3dsfImbImZW1QucDiFnRAXZF7HJPI1dCcRLEuahBXjnzKYCkZUMYsZBQBQZQumQDP59jQ1v0kvuR6iew==
  dependencies:
    "@babel/runtime" "^7.8.4"
    "@zendeskgarden/container-utilities" "^0.5.2"
    dom-helpers "^5.1.0"
    tabbable "^4.0.0"

"@zendeskgarden/container-focusvisible@^0.4.3":
  version "0.4.3"
  resolved "https://registry.yarnpkg.com/@zendeskgarden/container-focusvisible/-/container-focusvisible-0.4.3.tgz#9e2c1d882ecf9adc91f6e84eaca997fc9019f67a"
  integrity sha512-4NpwhFzhRXE230mtaGUsvmwh6LxB1Cky/LJuX7ZYZkwEgjgaLO1m0qLOiRfEa4jJ2yKrsk2f+OOuyFwy7QIAcw==
  dependencies:
    "@babel/runtime" "^7.8.4"

"@zendeskgarden/container-modal@^0.8.0":
  version "0.8.0"
  resolved "https://registry.yarnpkg.com/@zendeskgarden/container-modal/-/container-modal-0.8.0.tgz#622b8cc42676a97098ec40dc9074c7d2fbcfd096"
  integrity sha512-S4AgzRNMxTmDsVKDMSJDwLXn1Xp1GosFrpaQPOA9brhJyEAlTON7lZUyaisdQvUM3s6HQ1H+lI3bR3dtaGpDIQ==
  dependencies:
    "@babel/runtime" "^7.8.4"
    "@zendeskgarden/container-focusjail" "^1.4.0"
    "@zendeskgarden/container-utilities" "^0.5.2"
    react-uid "^2.2.0"

"@zendeskgarden/container-utilities@^0.5.1":
  version "0.5.1"
  resolved "https://registry.yarnpkg.com/@zendeskgarden/container-utilities/-/container-utilities-0.5.1.tgz#738dc99dbe4a98809fdc015e5a8e000997725876"
  integrity sha512-+nswWqFEiWHkuQeYSdftJ5c3Xy48IHPKb23qktIeEl+ZibMXzWVytdg91zOerI/HGJizNJ0gKmq+0A/4//eiQQ==

"@zendeskgarden/container-utilities@^0.5.2":
  version "0.5.2"
  resolved "https://registry.yarnpkg.com/@zendeskgarden/container-utilities/-/container-utilities-0.5.2.tgz#38aeb5cf9745557f75412eb4d5d8b0abae5a3772"
  integrity sha512-QvPcAq1zlsvZfcyTwFlVVsO6DV3nW5SaXXWndesNx8erAtYJEnpJSQXcO2RABxz+YTXkK57h1fadySJX5SDqSA==
  dependencies:
    "@babel/runtime" "^7.8.4"

"@zendeskgarden/svg-icons@6.10.0":
  version "6.10.0"
  resolved "https://registry.yarnpkg.com/@zendeskgarden/svg-icons/-/svg-icons-6.10.0.tgz#cb50b0f93a70cd11b79cf83526c122a1fcf053f0"
  integrity sha512-lytNS9gsuiIPX5cmAP/L+DUZH9UdVyvUmaUoPsq1e+b82hVcA2sUj6S82WTtDeh/Kzu897duENiNRkthdt4Cow==

csstype@^2.6.7:
  version "2.6.8"
  resolved "https://registry.yarnpkg.com/csstype/-/csstype-2.6.8.tgz#0fb6fc2417ffd2816a418c9336da74d7f07db431"
  integrity sha512-msVS9qTuMT5zwAGCVm4mxfrZ18BNc6Csd0oJAtiFMZ1FAx1CCvy2+5MDmYoix63LM/6NDbNtodCiGYGmFgO0dA==

dom-helpers@^5.1.0:
  version "5.1.3"
  resolved "https://registry.yarnpkg.com/dom-helpers/-/dom-helpers-5.1.3.tgz#7233248eb3a2d1f74aafca31e52c5299cc8ce821"
  integrity sha512-nZD1OtwfWGRBWlpANxacBEZrEuLa16o1nh7YopFWeoF68Zt8GGEmzHu6Xv4F3XaFIC+YXtTLrzgqKxFgLEe4jw==
  dependencies:
    "@babel/runtime" "^7.6.3"
    csstype "^2.6.7"

react-uid@^2.2.0:
  version "2.2.0"
  resolved "https://registry.yarnpkg.com/react-uid/-/react-uid-2.2.0.tgz#0f77e1e0594fbf29fc4fe528cc9aa415c5bf9159"
  integrity sha512-z+g5+hFOQ08hCfrGcJ1PNs+cmvH8Uq2CVzCmPeWBsUi5A4W4NWXR5jouledzy3oSKGMU9HOzf8zFuGi15TXJoQ==

regenerator-runtime@^0.13.2:
  version "0.13.3"
  resolved "https://registry.yarnpkg.com/regenerator-runtime/-/regenerator-runtime-0.13.3.tgz#7cf6a77d8f5c6f60eb73c5fc1955b2ceb01e6bf5"
  integrity sha512-naKIZz2GQ8JWh///G7L3X6LaQUAMp2lvb1rvwwsURe/VXwD6VMfr+/1NuNw3ag8v2kY1aQ/go5SNn79O9JU7yw==

tabbable@^4.0.0:
  version "4.0.0"
  resolved "https://registry.yarnpkg.com/tabbable/-/tabbable-4.0.0.tgz#5bff1d1135df1482cf0f0206434f15eadbeb9261"
  integrity sha512-H1XoH1URcBOa/rZZWxLxHCtOdVUEev+9vo5YdYhC9tCY4wnybX+VQrCYuy9ubkg69fCBxCONJOSLGfw0DWMffQ==
