# THIS IS AN AUTOGENERATED FILE. DO NOT EDIT THIS FILE DIRECTLY.
# yarn lockfile v1


"@babel/runtime@^7.12.0":
  version "7.12.5"
  resolved "https://registry.yarnpkg.com/@babel/runtime/-/runtime-7.12.5.tgz#410e7e487441e1b360c29be715d870d9b985882e"
  integrity sha512-plcc+hbExy3McchJCEQG3knOsuh3HH+Prx1P6cLIkET/0dLuQDEnrT+s27Axgc9bqfsmNUNHfscgMUdBpC9xfg==
  dependencies:
    regenerator-runtime "^0.13.4"

"@babel/runtime@^7.8.4":
  version "7.8.7"
  resolved "https://registry.yarnpkg.com/@babel/runtime/-/runtime-7.8.7.tgz#8fefce9802db54881ba59f90bb28719b4996324d"
  integrity sha512-+AATMUFppJDw6aiR5NVPHqIQBlV/Pj8wY/EZH+lmvRdUo9xBaz/rF3alAwFJQavvKfeOlPE7oaaDHVbcySbCsg==
  dependencies:
    regenerator-runtime "^0.13.4"

"@zendeskgarden/container-accordion@^1.0.0":
  version "1.0.0"
  resolved "https://registry.yarnpkg.com/@zendeskgarden/container-accordion/-/container-accordion-1.0.0.tgz#7be262f7c51b13df6b43f99baa8977e617561bb6"
  integrity sha512-Apb+F8gMaira6s2svapKJbH/xoGT/k5BC3PGmo9b7U2LRHP2SWNSdOaaVnEPQhJo38DiIhiau6pj7qtot83ZrA==
  dependencies:
    "@babel/runtime" "^7.8.4"
    "@zendeskgarden/container-utilities" "^0.5.3"
    react-uid "^2.2.0"

"@zendeskgarden/container-focusvisible@^0.4.3":
  version "0.4.3"
  resolved "https://registry.yarnpkg.com/@zendeskgarden/container-focusvisible/-/container-focusvisible-0.4.3.tgz#9e2c1d882ecf9adc91f6e84eaca997fc9019f67a"
  integrity sha512-4NpwhFzhRXE230mtaGUsvmwh6LxB1Cky/LJuX7ZYZkwEgjgaLO1m0qLOiRfEa4jJ2yKrsk2f+OOuyFwy7QIAcw==
  dependencies:
    "@babel/runtime" "^7.8.4"

"@zendeskgarden/container-keyboardfocus@^0.4.1":
  version "0.4.1"
  resolved "https://registry.yarnpkg.com/@zendeskgarden/container-keyboardfocus/-/container-keyboardfocus-0.4.1.tgz#70c932ece615d4c3dafcb650c66361cd0377ec07"
  integrity sha512-B6/Wat0QLL6JDeK85CPVayldkb3yCj5lQbqc9XfqAFVNrE4NbF6pG90bS1dCuv9rrGZwR67NPrd8XZyBuNwSoQ==
  dependencies:
    "@zendeskgarden/container-utilities" "^0.5.1"

"@zendeskgarden/container-utilities@^0.5.1":
  version "0.5.1"
  resolved "https://registry.yarnpkg.com/@zendeskgarden/container-utilities/-/container-utilities-0.5.1.tgz#738dc99dbe4a98809fdc015e5a8e000997725876"
  integrity sha512-+nswWqFEiWHkuQeYSdftJ5c3Xy48IHPKb23qktIeEl+ZibMXzWVytdg91zOerI/HGJizNJ0gKmq+0A/4//eiQQ==

"@zendeskgarden/container-utilities@^0.5.3":
  version "0.5.3"
  resolved "https://registry.yarnpkg.com/@zendeskgarden/container-utilities/-/container-utilities-0.5.3.tgz#e6854ee5257a2b8d41ee421214337ac28b048f76"
  integrity sha512-Rz8t9amCALj+NgxbEIYiQsF1MNTYJEsfntCLik6cdsyzDnguPplury7G4V3w2+SYAudiqio4venDKFzom6LUQQ==
  dependencies:
    "@babel/runtime" "^7.8.4"

"@zendeskgarden/react-theming@^8.29.0":
  version "8.29.0"
  resolved "https://registry.yarnpkg.com/@zendeskgarden/react-theming/-/react-theming-8.29.0.tgz#37998482392760c2967810530c701f7c2f67b161"
  integrity sha512-NnCVb/Tw+oSYvPsAM6SDrEKJHBHhYnMUSBxBArt8ige1NHHjqPZyiFv2rMBpxSiyFgKvmaH5wP2dzhLH894xvQ==
  dependencies:
    "@zendeskgarden/container-focusvisible" "^0.4.3"
    "@zendeskgarden/container-utilities" "^0.5.1"
    polished "^4.0.0"

"@zendeskgarden/svg-icons@6.27.0":
  version "6.27.0"
  resolved "https://registry.yarnpkg.com/@zendeskgarden/svg-icons/-/svg-icons-6.27.0.tgz#1f63ecee9bb182252792e38aaafef26828b9ad87"
  integrity sha512-Kx4uOI8jXjBIxrK+iv8VV43Ce5+urqj6b85RqIRqyQQ8Ywuk7jQNkDdNE+kaIogFUu7J57Oy9IdfcsWdqUiNgA==

polished@^4.0.0:
  version "4.0.3"
  resolved "https://registry.yarnpkg.com/polished/-/polished-4.0.3.tgz#e2bde249f8884bdabc6997dd3eca225ee32f7a26"
  integrity sha512-yOALHMrqcYHlHIxFkHvGX8NGsjsbSaYMZ8Z3uEElVpzF5ZgNmTgqMOh4bnSVXGC6sXjBTZCH6+GebTRWhJR4zQ==
  dependencies:
    "@babel/runtime" "^7.12.0"

react-uid@^2.2.0:
  version "2.2.0"
  resolved "https://registry.yarnpkg.com/react-uid/-/react-uid-2.2.0.tgz#0f77e1e0594fbf29fc4fe528cc9aa415c5bf9159"
  integrity sha512-z+g5+hFOQ08hCfrGcJ1PNs+cmvH8Uq2CVzCmPeWBsUi5A4W4NWXR5jouledzy3oSKGMU9HOzf8zFuGi15TXJoQ==

regenerator-runtime@^0.13.4:
  version "0.13.4"
  resolved "https://registry.yarnpkg.com/regenerator-runtime/-/regenerator-runtime-0.13.4.tgz#e96bf612a3362d12bb69f7e8f74ffeab25c7ac91"
  integrity sha512-plpwicqEzfEyTQohIKktWigcLzmNStMGwbOUbykx51/29Z3JOGYldaaNGK7ngNXV+UcoqvIMmloZ48Sr74sd+g==
