# THIS IS AN AUTOGENERATED FILE. DO NOT EDIT THIS FILE DIRECTLY.
# yarn lockfile v1


"@babel/runtime@^7.12.0":
  version "7.12.5"
  resolved "https://registry.yarnpkg.com/@babel/runtime/-/runtime-7.12.5.tgz#410e7e487441e1b360c29be715d870d9b985882e"
  integrity sha512-plcc+hbExy3McchJCEQG3knOsuh3HH+Prx1P6cLIkET/0dLuQDEnrT+s27Axgc9bqfsmNUNHfscgMUdBpC9xfg==
  dependencies:
    regenerator-runtime "^0.13.4"

"@babel/runtime@^7.8.4":
  version "7.8.7"
  resolved "https://registry.yarnpkg.com/@babel/runtime/-/runtime-7.8.7.tgz#8fefce9802db54881ba59f90bb28719b4996324d"
  integrity sha512-+AATMUFppJDw6aiR5NVPHqIQBlV/Pj8wY/EZH+lmvRdUo9xBaz/rF3alAwFJQavvKfeOlPE7oaaDHVbcySbCsg==
  dependencies:
    regenerator-runtime "^0.13.4"

"@reach/auto-id@^0.16.0":
  version "0.16.0"
  resolved "https://registry.yarnpkg.com/@reach/auto-id/-/auto-id-0.16.0.tgz#dfabc3227844e8c04f8e6e45203a8e14a8edbaed"
  integrity sha512-5ssbeP5bCkM39uVsfQCwBBL+KT8YColdnMN5/Eto6Rj7929ql95R3HZUOkKIvj7mgPtEb60BLQxd1P3o6cjbmg==
  dependencies:
    "@reach/utils" "0.16.0"
    tslib "^2.3.0"

"@reach/utils@0.16.0":
  version "0.16.0"
  resolved "https://registry.yarnpkg.com/@reach/utils/-/utils-0.16.0.tgz#5b0777cf16a7cab1ddd4728d5d02762df0ba84ce"
  integrity sha512-PCggBet3qaQmwFNcmQ/GqHSefadAFyNCUekq9RrWoaU9hh/S4iaFgf2MBMdM47eQj5i/Bk0Mm07cP/XPFlkN+Q==
  dependencies:
    tiny-warning "^1.0.3"
    tslib "^2.3.0"

"@zendeskgarden/container-accordion@^1.0.3":
  version "1.0.3"
  resolved "https://registry.yarnpkg.com/@zendeskgarden/container-accordion/-/container-accordion-1.0.3.tgz#8eb4278f629564e77d246d9901e182c2f16c291e"
  integrity sha512-UzDZXjln+/4sHr7l3cQCznuBItPjZ2KYAw5ENcfbn5pK/rozat5tdO5h7JQfFHR86mjgFVBKaGxwYsKOchfEQg==
  dependencies:
    "@babel/runtime" "^7.8.4"
    "@zendeskgarden/container-utilities" "^0.5.5"
    react-uid "^2.2.0"

"@zendeskgarden/container-focusvisible@^0.4.6":
  version "0.4.7"
  resolved "https://registry.yarnpkg.com/@zendeskgarden/container-focusvisible/-/container-focusvisible-0.4.7.tgz#4998ba0a9fa2064c9e217b8671fec7e216638000"
  integrity sha512-3UPjzU14i7Eh0SGlVYp8Z8EFYpyynFAez9NScIZ/9/yBS5wwkgrtE2/VDl4K3jsg9MXFe0031zeHS5+fJpQw9g==
  dependencies:
    "@babel/runtime" "^7.8.4"

"@zendeskgarden/container-keyboardfocus@^0.4.7":
  version "0.4.7"
  resolved "https://registry.yarnpkg.com/@zendeskgarden/container-keyboardfocus/-/container-keyboardfocus-0.4.7.tgz#6ca39a4dfc5e21a2b2a24fdbf847f737f3f6204c"
  integrity sha512-eJRUx3T895SoEqFX5R3zt8qz+ZHxinTAjyj0nNGMR3r+aqx8LjZrAq4hCFo8dafO6VF2IuO3pn3Ss44y585z/A==
  dependencies:
    "@babel/runtime" "^7.8.4"
    "@zendeskgarden/container-utilities" "^0.5.5"

"@zendeskgarden/container-utilities@^0.5.5":
  version "0.5.5"
  resolved "https://registry.yarnpkg.com/@zendeskgarden/container-utilities/-/container-utilities-0.5.5.tgz#c291e7c2454fe6a638afe947b51e74d56387fc79"
  integrity sha512-41qrK/ePXbPD+t2bKOtbzIZAjIlrIcN7EVGShPAjMjRzhQpZeX5UFsIrmN56/vQ8+xMVh/BxNEXgbtAO37FgwA==
  dependencies:
    "@babel/runtime" "^7.8.4"

"@zendeskgarden/container-utilities@^0.6.0":
  version "0.6.1"
  resolved "https://registry.yarnpkg.com/@zendeskgarden/container-utilities/-/container-utilities-0.6.1.tgz#a786189a6b1f328ab3f608d89a12a17a5457a7af"
  integrity sha512-eoTlYIJQ7NmAQT2Q5qXrPEZULzS3y/2AyQDImYvA3aep7sMrEid59+RFsLHM0CBnygND4rJi54LPOP8bWvxetQ==
  dependencies:
    "@babel/runtime" "^7.8.4"
    "@reach/auto-id" "^0.16.0"

"@zendeskgarden/react-theming@^8.40.0":
  version "8.40.0"
  resolved "https://registry.yarnpkg.com/@zendeskgarden/react-theming/-/react-theming-8.40.0.tgz#4cb50982818225969319f288c3a006645a577797"
  integrity sha512-nr1VsRA1+rkP4xb6NXeZ6RMwv4ai/NINl+ubb6whilfSrUnhMd1QrOu5EaiYcSv9ra56a5oivLgkmFDhiqGRFQ==
  dependencies:
    "@zendeskgarden/container-focusvisible" "^0.4.6"
    "@zendeskgarden/container-utilities" "^0.5.5"
    polished "^4.0.0"
    prop-types "^15.5.7"

"@zendeskgarden/svg-icons@6.30.2":
  version "6.30.2"
  resolved "https://registry.yarnpkg.com/@zendeskgarden/svg-icons/-/svg-icons-6.30.2.tgz#4426d76068c6fd8262cfbd0baf721431fff00df4"
  integrity sha512-Sw0FkrYce8AkROM6gb3oDUDh2CjCA3Fj1/K9GUDEenNDv+w1h6CfSanrbFkTRz2uSHg7CIAgbl/LY873fz8mAg==

"js-tokens@^3.0.0 || ^4.0.0":
  version "4.0.0"
  resolved "https://registry.yarnpkg.com/js-tokens/-/js-tokens-4.0.0.tgz#19203fb59991df98e3a287050d4647cdeaf32499"
  integrity sha512-RdJUflcE3cUzKiMqQgsCu06FPu9UdIJO0beYbPhHN4k6apgJtifcoCtT9bcxOpYBtpD2kCM6Sbzg4CausW/PKQ==

loose-envify@^1.4.0:
  version "1.4.0"
  resolved "https://registry.yarnpkg.com/loose-envify/-/loose-envify-1.4.0.tgz#71ee51fa7be4caec1a63839f7e682d8132d30caf"
  integrity sha512-lyuxPGr/Wfhrlem2CL/UcnUc1zcqKAImBDzukY7Y5F/yQiNdko6+fRLevlw1HgMySw7f611UIY408EtxRSoK3Q==
  dependencies:
    js-tokens "^3.0.0 || ^4.0.0"

object-assign@^4.1.1:
  version "4.1.1"
  resolved "https://registry.yarnpkg.com/object-assign/-/object-assign-4.1.1.tgz#2109adc7965887cfc05cbbd442cac8bfbb360863"
  integrity sha1-IQmtx5ZYh8/AXLvUQsrIv7s2CGM=

polished@^4.0.0:
  version "4.0.3"
  resolved "https://registry.yarnpkg.com/polished/-/polished-4.0.3.tgz#e2bde249f8884bdabc6997dd3eca225ee32f7a26"
  integrity sha512-yOALHMrqcYHlHIxFkHvGX8NGsjsbSaYMZ8Z3uEElVpzF5ZgNmTgqMOh4bnSVXGC6sXjBTZCH6+GebTRWhJR4zQ==
  dependencies:
    "@babel/runtime" "^7.12.0"

prop-types@^15.5.7:
  version "15.7.2"
  resolved "https://registry.yarnpkg.com/prop-types/-/prop-types-15.7.2.tgz#52c41e75b8c87e72b9d9360e0206b99dcbffa6c5"
  integrity sha512-8QQikdH7//R2vurIJSutZ1smHYTcLpRWEOlHnzcWHmBYrOGUysKwSsrC89BCiFj3CbrfJ/nXFdJepOVrY1GCHQ==
  dependencies:
    loose-envify "^1.4.0"
    object-assign "^4.1.1"
    react-is "^16.8.1"

react-is@^16.8.1:
  version "16.13.1"
  resolved "https://registry.yarnpkg.com/react-is/-/react-is-16.13.1.tgz#789729a4dc36de2999dc156dd6c1d9c18cea56a4"
  integrity sha512-24e6ynE2H+OKt4kqsOvNd8kBpV65zoxbA4BVsEOB3ARVWQki/DHzaUoC5KuON/BiccDaCCTZBuOcfZs70kR8bQ==

react-uid@^2.2.0:
  version "2.2.0"
  resolved "https://registry.yarnpkg.com/react-uid/-/react-uid-2.2.0.tgz#0f77e1e0594fbf29fc4fe528cc9aa415c5bf9159"
  integrity sha512-z+g5+hFOQ08hCfrGcJ1PNs+cmvH8Uq2CVzCmPeWBsUi5A4W4NWXR5jouledzy3oSKGMU9HOzf8zFuGi15TXJoQ==

regenerator-runtime@^0.13.4:
  version "0.13.4"
  resolved "https://registry.yarnpkg.com/regenerator-runtime/-/regenerator-runtime-0.13.4.tgz#e96bf612a3362d12bb69f7e8f74ffeab25c7ac91"
  integrity sha512-plpwicqEzfEyTQohIKktWigcLzmNStMGwbOUbykx51/29Z3JOGYldaaNGK7ngNXV+UcoqvIMmloZ48Sr74sd+g==

tiny-warning@^1.0.3:
  version "1.0.3"
  resolved "https://registry.yarnpkg.com/tiny-warning/-/tiny-warning-1.0.3.tgz#94a30db453df4c643d0fd566060d60a875d84754"
  integrity sha512-lBN9zLN/oAf68o3zNXYrdCt1kP8WsiGW8Oo2ka41b2IM5JL/S1CTyX1rW0mb/zSuJun0ZUrDxx4sqvYS2FWzPA==

tslib@^2.3.0:
  version "2.3.1"
  resolved "https://registry.yarnpkg.com/tslib/-/tslib-2.3.1.tgz#e8a335add5ceae51aa261d32a490158ef042ef01"
  integrity sha512-77EbyPPpMz+FRFRuAFlWMtmgUWGe9UOG2Z25NqCwiIjRhOf5iKGuzSe5P2w1laq+FkRy4p+PCuVkJSGkzTEKVw==
