# THIS IS AN AUTOGENERATED FILE. DO NOT EDIT THIS FILE DIRECTLY.
# yarn lockfile v1


"@babel/runtime@^7.6.3", "@babel/runtime@^7.8.4":
  version "7.8.7"
  resolved "https://registry.yarnpkg.com/@babel/runtime/-/runtime-7.8.7.tgz#8fefce9802db54881ba59f90bb28719b4996324d"
  integrity sha512-+AATMUFppJDw6aiR5NVPHqIQBlV/Pj8wY/EZH+lmvRdUo9xBaz/rF3alAwFJQavvKfeOlPE7oaaDHVbcySbCsg==
  dependencies:
    regenerator-runtime "^0.13.4"

"@zendeskgarden/container-focusvisible@^0.4.3":
  version "0.4.3"
  resolved "https://registry.yarnpkg.com/@zendeskgarden/container-focusvisible/-/container-focusvisible-0.4.3.tgz#9e2c1d882ecf9adc91f6e84eaca997fc9019f67a"
  integrity sha512-4NpwhFzhRXE230mtaGUsvmwh6LxB1Cky/LJuX7ZYZkwEgjgaLO1m0qLOiRfEa4jJ2yKrsk2f+OOuyFwy7QIAcw==
  dependencies:
    "@babel/runtime" "^7.8.4"

"@zendeskgarden/container-utilities@^0.5.1":
  version "0.5.2"
  resolved "https://registry.yarnpkg.com/@zendeskgarden/container-utilities/-/container-utilities-0.5.2.tgz#38aeb5cf9745557f75412eb4d5d8b0abae5a3772"
  integrity sha512-QvPcAq1zlsvZfcyTwFlVVsO6DV3nW5SaXXWndesNx8erAtYJEnpJSQXcO2RABxz+YTXkK57h1fadySJX5SDqSA==
  dependencies:
    "@babel/runtime" "^7.8.4"

"@zendeskgarden/react-theming@^8.4.0":
  version "8.4.1"
  resolved "https://registry.yarnpkg.com/@zendeskgarden/react-theming/-/react-theming-8.4.1.tgz#8dd2a165a0146c31cc093e733c544895a0837f4c"
  integrity sha512-KHTP09GpJQf+5+0ax6ONHwsXDxCsJy3PmWQ9nMv5poAsLzpocVp+E8P3rxwjuK1cnxD13cwtcrZ0MHSIA0E7Vg==
  dependencies:
    "@zendeskgarden/container-focusvisible" "^0.4.3"
    "@zendeskgarden/container-utilities" "^0.5.1"
    polished "^3.4.4"

"@zendeskgarden/svg-icons@6.15.0":
  version "6.15.0"
  resolved "https://registry.yarnpkg.com/@zendeskgarden/svg-icons/-/svg-icons-6.15.0.tgz#cb7f890b86d3ffe83e7b6fae83db2f776594d4af"
  integrity sha512-OMkA3pWbwY7fviZFC29ZEBJp/Ue73w+PhbB4bKQLTp6UyK97crHTZzyPhJU/GnhOp1ubOvJii3tlJgYzg4r9KA==

polished@^3.4.4:
  version "3.4.4"
  resolved "https://registry.yarnpkg.com/polished/-/polished-3.4.4.tgz#ac8cd6e704887398f3b802718f9d389b9ea4307b"
  integrity sha512-x9PKeExyI9AhWrJP3Q57I1k7GInujjiVBJMPFmycj9hX1yCOo/X9eu9eZwxgOziiXge3WbFQ5XOmkzunOntBSA==
  dependencies:
    "@babel/runtime" "^7.6.3"

regenerator-runtime@^0.13.4:
  version "0.13.4"
  resolved "https://registry.yarnpkg.com/regenerator-runtime/-/regenerator-runtime-0.13.4.tgz#e96bf612a3362d12bb69f7e8f74ffeab25c7ac91"
  integrity sha512-plpwicqEzfEyTQohIKktWigcLzmNStMGwbOUbykx51/29Z3JOGYldaaNGK7ngNXV+UcoqvIMmloZ48Sr74sd+g==
