# THIS IS AN AUTOGENERATED FILE. DO NOT EDIT THIS FILE DIRECTLY.
# yarn lockfile v1


"@babel/runtime@^7.8.4":
  version "7.8.7"
  resolved "https://registry.yarnpkg.com/@babel/runtime/-/runtime-7.8.7.tgz#8fefce9802db54881ba59f90bb28719b4996324d"
  integrity sha512-+AATMUFppJDw6aiR5NVPHqIQBlV/Pj8wY/EZH+lmvRdUo9xBaz/rF3alAwFJQavvKfeOlPE7oaaDHVbcySbCsg==
  dependencies:
    regenerator-runtime "^0.13.4"

"@babel/runtime@^7.9.2":
  version "7.10.2"
  resolved "https://registry.yarnpkg.com/@babel/runtime/-/runtime-7.10.2.tgz#d103f21f2602497d38348a32e008637d506db839"
  integrity sha512-6sF3uQw2ivImfVIl62RZ7MXhO2tap69WeWK57vAaimT6AZbE4FbqjdEJIN1UqoD6wI6B+1n9UiagafH1sxjOtg==
  dependencies:
    regenerator-runtime "^0.13.4"

"@zendeskgarden/container-focusvisible@^0.4.3":
  version "0.4.3"
  resolved "https://registry.yarnpkg.com/@zendeskgarden/container-focusvisible/-/container-focusvisible-0.4.3.tgz#9e2c1d882ecf9adc91f6e84eaca997fc9019f67a"
  integrity sha512-4NpwhFzhRXE230mtaGUsvmwh6LxB1Cky/LJuX7ZYZkwEgjgaLO1m0qLOiRfEa4jJ2yKrsk2f+OOuyFwy7QIAcw==
  dependencies:
    "@babel/runtime" "^7.8.4"

"@zendeskgarden/container-utilities@^0.5.1":
  version "0.5.2"
  resolved "https://registry.yarnpkg.com/@zendeskgarden/container-utilities/-/container-utilities-0.5.2.tgz#38aeb5cf9745557f75412eb4d5d8b0abae5a3772"
  integrity sha512-QvPcAq1zlsvZfcyTwFlVVsO6DV3nW5SaXXWndesNx8erAtYJEnpJSQXcO2RABxz+YTXkK57h1fadySJX5SDqSA==
  dependencies:
    "@babel/runtime" "^7.8.4"

"@zendeskgarden/react-theming@^8.21.2":
  version "8.21.2"
  resolved "https://registry.yarnpkg.com/@zendeskgarden/react-theming/-/react-theming-8.21.2.tgz#1ec29592ce9aa9e23556fc94ceb32de18911ec8e"
  integrity sha512-TQS0ZvI0WlzckHtFhFx/2hkfEsPArbJQfSgXFhC0WUhk/iiXYahLIlq2Eq/Q7HEUUtQ7RDMi7hTPea74DBJaZw==
  dependencies:
    "@zendeskgarden/container-focusvisible" "^0.4.3"
    "@zendeskgarden/container-utilities" "^0.5.1"
    polished "^3.5.1"

"@zendeskgarden/svg-icons@6.22.0":
  version "6.22.0"
  resolved "https://registry.yarnpkg.com/@zendeskgarden/svg-icons/-/svg-icons-6.22.0.tgz#e34b9096933961464db4ed61295d57fc4082a755"
  integrity sha512-vwHJmue4KtngBxM2RfIn09g8OQLnA0DRhWxjTi6Fxm7KZ95knuxtPVSMoCtP8adNXe9J7Ky9y5gCp77HwsU2Og==

polished@^3.5.1:
  version "3.6.4"
  resolved "https://registry.yarnpkg.com/polished/-/polished-3.6.4.tgz#cec6bc0fbffc5d6ce5799c85bcc1bca5e63f1dee"
  integrity sha512-21moJXCm/7EvjeKQz5w89QDDKNPCoimc83CqwZZGJluFdMXsFlMQl9lPA/OMRkoceZ19kU0anKlMgZmY7LJSJw==
  dependencies:
    "@babel/runtime" "^7.9.2"

regenerator-runtime@^0.13.4:
  version "0.13.4"
  resolved "https://registry.yarnpkg.com/regenerator-runtime/-/regenerator-runtime-0.13.4.tgz#e96bf612a3362d12bb69f7e8f74ffeab25c7ac91"
  integrity sha512-plpwicqEzfEyTQohIKktWigcLzmNStMGwbOUbykx51/29Z3JOGYldaaNGK7ngNXV+UcoqvIMmloZ48Sr74sd+g==
