# THIS IS AN AUTOGENERATED FILE. DO NOT EDIT THIS FILE DIRECTLY.
# yarn lockfile v1


"@babel/runtime@^7.14.0", "@babel/runtime@^7.8.4":
  version "7.16.3"
  resolved "https://registry.yarnpkg.com/@babel/runtime/-/runtime-7.16.3.tgz#b86f0db02a04187a3c17caa77de69840165d42d5"
  integrity sha512-WBwekcqacdY2e9AF/Q7WLFUWmdJGJTkbjqTjoMDgXkVZ3ZRUvOPsLb5KdwISoQVsbP+DQzVZW4Zhci0DvpbNTQ==
  dependencies:
    regenerator-runtime "^0.13.4"

"@dnd-kit/accessibility@^3.0.0":
  version "3.0.1"
  resolved "https://registry.yarnpkg.com/@dnd-kit/accessibility/-/accessibility-3.0.1.tgz#3ccbefdfca595b0a23a5dc57d3de96bc6935641c"
  integrity sha512-HXRrwS9YUYQO9lFRc/49uO/VICbM+O+ZRpFDe9Pd1rwVv2PCNkRiTZRdxrDgng/UkvdC3Re9r2vwPpXXrWeFzg==
  dependencies:
    tslib "^2.0.0"

"@dnd-kit/core@6.0.8":
  version "6.0.8"
  resolved "https://registry.yarnpkg.com/@dnd-kit/core/-/core-6.0.8.tgz#040ae13fea9787ee078e5f0361f3b49b07f3f005"
  integrity sha512-lYaoP8yHTQSLlZe6Rr9qogouGUz9oRUj4AHhDQGQzq/hqaJRpFo65X+JKsdHf8oUFBzx5A+SJPUvxAwTF2OabA==
  dependencies:
    "@dnd-kit/accessibility" "^3.0.0"
    "@dnd-kit/utilities" "^3.2.1"
    tslib "^2.0.0"

"@dnd-kit/sortable@7.0.2":
  version "7.0.2"
  resolved "https://registry.yarnpkg.com/@dnd-kit/sortable/-/sortable-7.0.2.tgz#791d550872457f3f3c843e00d159b640f982011c"
  integrity sha512-wDkBHHf9iCi1veM834Gbk1429bd4lHX4RpAwT0y2cHLf246GAvU2sVw/oxWNpPKQNQRQaeGXhAVgrOl1IT+iyA==
  dependencies:
    "@dnd-kit/utilities" "^3.2.0"
    tslib "^2.0.0"

"@dnd-kit/utilities@3.2.1", "@dnd-kit/utilities@^3.2.0", "@dnd-kit/utilities@^3.2.1":
  version "3.2.1"
  resolved "https://registry.yarnpkg.com/@dnd-kit/utilities/-/utilities-3.2.1.tgz#53f9e2016fd2506ec49e404c289392cfff30332a"
  integrity sha512-OOXqISfvBw/1REtkSK2N3Fi2EQiLMlWUlqnOK/UpOISqBZPWpE6TqL+jcPtMOkE8TqYGiURvRdPSI9hltNUjEA==
  dependencies:
    tslib "^2.0.0"

"@reach/auto-id@^0.18.0":
  version "0.18.0"
  resolved "https://registry.yarnpkg.com/@reach/auto-id/-/auto-id-0.18.0.tgz#4b97085cd1cf1360a9bedc6e9c78e97824014f0d"
  integrity sha512-XwY1IwhM7mkHZFghhjiqjQ6dstbOdpbFLdggeke75u8/8icT8uEHLbovFUgzKjy9qPvYwZIB87rLiR8WdtOXCg==
  dependencies:
    "@reach/utils" "0.18.0"

"@reach/utils@0.18.0":
  version "0.18.0"
  resolved "https://registry.yarnpkg.com/@reach/utils/-/utils-0.18.0.tgz#4f3cebe093dd436eeaff633809bf0f68f4f9d2ee"
  integrity sha512-KdVMdpTgDyK8FzdKO9SCpiibuy/kbv3pwgfXshTI6tEcQT1OOwj7BAksnzGC0rPz0UholwC+AgkqEl3EJX3M1A==

"@zendeskgarden/container-focusvisible@^1.0.0":
  version "1.0.4"
  resolved "https://registry.yarnpkg.com/@zendeskgarden/container-focusvisible/-/container-focusvisible-1.0.4.tgz#a9eb2d8af7fabdc89746a189ca5cbc9f09f11671"
  integrity sha512-yODGcqIeQo7S/t36otUzcQ2Ly6Yj1aYtFb7HK934YfCh/i1kaLD5GHcqR1ipuJMk2xLMbRf4GUON36isVZe2Yg==
  dependencies:
    "@babel/runtime" "^7.8.4"

"@zendeskgarden/container-utilities@^1.0.0":
  version "1.0.4"
  resolved "https://registry.yarnpkg.com/@zendeskgarden/container-utilities/-/container-utilities-1.0.4.tgz#95a6197e0fe376d660511632d4f5bc64353502ef"
  integrity sha512-Nk0bKr+xnvL9W2oDHsYM/2SwKBDhm9UeP/kpaIJzOjpfw9lHNGi5wVjxr1vgN57RnWy7H4VO8I9egWbHYC2WNg==
  dependencies:
    "@babel/runtime" "^7.8.4"
    "@reach/auto-id" "^0.18.0"

"@zendeskgarden/react-theming@^8.63.2":
  version "8.63.2"
  resolved "https://registry.yarnpkg.com/@zendeskgarden/react-theming/-/react-theming-8.63.2.tgz#9f9d26b2a3225adeeed33c62a8e190666b1556c5"
  integrity sha512-V6CuMZjFnNEa/swamb06M6XiuCbETFfMOF8bwzGzH2SzuVBLgRBmutXyKVE5gANuAdUJ9XHkh4DAYZa8I7htTg==
  dependencies:
    "@zendeskgarden/container-focusvisible" "^1.0.0"
    "@zendeskgarden/container-utilities" "^1.0.0"
    polished "^4.0.0"
    prop-types "^15.5.7"

"@zendeskgarden/svg-icons@6.33.0":
  version "6.33.0"
  resolved "https://registry.yarnpkg.com/@zendeskgarden/svg-icons/-/svg-icons-6.33.0.tgz#ab915654f1e089318b89fc5de2126812f9322e9c"
  integrity sha512-RdHsM2EPFgFy0cRZ2jAEe0iqsyMAgetfMibpO9Pk+4fPE7NjFDk4Ul7OpVhadrZQ18RCzSmmD6j/isZBRVQr/w==

"js-tokens@^3.0.0 || ^4.0.0":
  version "4.0.0"
  resolved "https://registry.yarnpkg.com/js-tokens/-/js-tokens-4.0.0.tgz#19203fb59991df98e3a287050d4647cdeaf32499"
  integrity sha512-RdJUflcE3cUzKiMqQgsCu06FPu9UdIJO0beYbPhHN4k6apgJtifcoCtT9bcxOpYBtpD2kCM6Sbzg4CausW/PKQ==

loose-envify@^1.4.0:
  version "1.4.0"
  resolved "https://registry.yarnpkg.com/loose-envify/-/loose-envify-1.4.0.tgz#71ee51fa7be4caec1a63839f7e682d8132d30caf"
  integrity sha512-lyuxPGr/Wfhrlem2CL/UcnUc1zcqKAImBDzukY7Y5F/yQiNdko6+fRLevlw1HgMySw7f611UIY408EtxRSoK3Q==
  dependencies:
    js-tokens "^3.0.0 || ^4.0.0"

object-assign@^4.1.1:
  version "4.1.1"
  resolved "https://registry.yarnpkg.com/object-assign/-/object-assign-4.1.1.tgz#2109adc7965887cfc05cbbd442cac8bfbb360863"
  integrity sha1-IQmtx5ZYh8/AXLvUQsrIv7s2CGM=

polished@^4.0.0:
  version "4.1.3"
  resolved "https://registry.yarnpkg.com/polished/-/polished-4.1.3.tgz#7a3abf2972364e7d97770b827eec9a9e64002cfc"
  integrity sha512-ocPAcVBUOryJEKe0z2KLd1l9EBa1r5mSwlKpExmrLzsnIzJo4axsoU9O2BjOTkDGDT4mZ0WFE5XKTlR3nLnZOA==
  dependencies:
    "@babel/runtime" "^7.14.0"

prop-types@^15.5.7, prop-types@^15.7.2:
  version "15.7.2"
  resolved "https://registry.yarnpkg.com/prop-types/-/prop-types-15.7.2.tgz#52c41e75b8c87e72b9d9360e0206b99dcbffa6c5"
  integrity sha512-8QQikdH7//R2vurIJSutZ1smHYTcLpRWEOlHnzcWHmBYrOGUysKwSsrC89BCiFj3CbrfJ/nXFdJepOVrY1GCHQ==
  dependencies:
    loose-envify "^1.4.0"
    object-assign "^4.1.1"
    react-is "^16.8.1"

react-is@^16.8.1:
  version "16.13.1"
  resolved "https://registry.yarnpkg.com/react-is/-/react-is-16.13.1.tgz#789729a4dc36de2999dc156dd6c1d9c18cea56a4"
  integrity sha512-24e6ynE2H+OKt4kqsOvNd8kBpV65zoxbA4BVsEOB3ARVWQki/DHzaUoC5KuON/BiccDaCCTZBuOcfZs70kR8bQ==

regenerator-runtime@^0.13.4:
  version "0.13.9"
  resolved "https://registry.yarnpkg.com/regenerator-runtime/-/regenerator-runtime-0.13.9.tgz#8925742a98ffd90814988d7566ad30ca3b263b52"
  integrity sha512-p3VT+cOEgxFsRRA9X4lkI1E+k2/CtnKtU4gcxyaCUreilL/vqI6CdZ3wxVUx3UOUg+gnUOQQcRI7BmSI656MYA==

tslib@^2.0.0:
  version "2.5.0"
  resolved "https://registry.yarnpkg.com/tslib/-/tslib-2.5.0.tgz#42bfed86f5787aeb41d031866c8f402429e0fddf"
  integrity sha512-336iVw3rtn2BUK7ORdIAHTyxHGRIHVReokCR3XjbckJMK7ms8FysBfhLR8IXnAgy7T0PTPNBWKiH514FOW/WSg==
