# THIS IS AN AUTOGENERATED FILE. DO NOT EDIT THIS FILE DIRECTLY.
# yarn lockfile v1


"@babel/runtime@^7.1.2", "@babel/runtime@^7.14.0", "@babel/runtime@^7.5.5", "@babel/runtime@^7.8.4", "@babel/runtime@^7.8.7":
  version "7.15.4"
  resolved "https://registry.yarnpkg.com/@babel/runtime/-/runtime-7.15.4.tgz#fd17d16bfdf878e6dd02d19753a39fa8a8d9c84a"
  integrity sha512-99catp6bHCaxr4sJ/DbTGgHS4+Rs2RVd2g7iOap6SLGPDknRK9ztKNsE/Fg6QhSeh1FGE5f6gHGQmvvn3I3xhw==
  dependencies:
    regenerator-runtime "^0.13.4"

"@hypnosphi/create-react-context@^0.3.1":
  version "0.3.1"
  resolved "https://registry.yarnpkg.com/@hypnosphi/create-react-context/-/create-react-context-0.3.1.tgz#f8bfebdc7665f5d426cba3753e0e9c7d3154d7c6"
  integrity sha512-V1klUed202XahrWJLLOT3EXNeCpFHCcJntdFGI15ntCwau+jfT386w7OFTMaCqOgXUH1fa0w/I1oZs+i/Rfr0A==
  dependencies:
    gud "^1.0.0"
    warning "^4.0.3"

"@popperjs/core@^2.4.4":
  version "2.10.1"
  resolved "https://registry.yarnpkg.com/@popperjs/core/-/core-2.10.1.tgz#728ecd95ab207aab8a9a4e421f0422db329232be"
  integrity sha512-HnUhk1Sy9IuKrxEMdIRCxpIqPw6BFsbYSEUO9p/hNw5sMld/+3OLMWQP80F8/db9qsv3qUjs7ZR5bS/R+iinXw==

"@reach/auto-id@^0.16.0":
  version "0.16.0"
  resolved "https://registry.yarnpkg.com/@reach/auto-id/-/auto-id-0.16.0.tgz#dfabc3227844e8c04f8e6e45203a8e14a8edbaed"
  integrity sha512-5ssbeP5bCkM39uVsfQCwBBL+KT8YColdnMN5/Eto6Rj7929ql95R3HZUOkKIvj7mgPtEb60BLQxd1P3o6cjbmg==
  dependencies:
    "@reach/utils" "0.16.0"
    tslib "^2.3.0"

"@reach/auto-id@^0.17.0":
  version "0.17.0"
  resolved "https://registry.yarnpkg.com/@reach/auto-id/-/auto-id-0.17.0.tgz#60cce65eb7a0d6de605820727f00dfe2b03b5f17"
  integrity sha512-ud8iPwF52RVzEmkHq1twuqGuPA+moreumUHdtgvU3sr3/15BNhwp3KyDLrKKSz0LP1r3V4pSdyF9MbYM8BoSjA==
  dependencies:
    "@reach/utils" "0.17.0"
    tslib "^2.3.0"

"@reach/utils@0.16.0":
  version "0.16.0"
  resolved "https://registry.yarnpkg.com/@reach/utils/-/utils-0.16.0.tgz#5b0777cf16a7cab1ddd4728d5d02762df0ba84ce"
  integrity sha512-PCggBet3qaQmwFNcmQ/GqHSefadAFyNCUekq9RrWoaU9hh/S4iaFgf2MBMdM47eQj5i/Bk0Mm07cP/XPFlkN+Q==
  dependencies:
    tiny-warning "^1.0.3"
    tslib "^2.3.0"

"@reach/utils@0.17.0":
  version "0.17.0"
  resolved "https://registry.yarnpkg.com/@reach/utils/-/utils-0.17.0.tgz#3d1d2ec56d857f04fe092710d8faee2b2b121303"
  integrity sha512-M5y8fCBbrWeIsxedgcSw6oDlAMQDkl5uv3VnMVJ7guwpf4E48Xlh1v66z/1BgN/WYe2y8mB/ilFD2nysEfdGeA==
  dependencies:
    tiny-warning "^1.0.3"
    tslib "^2.3.0"

"@types/lodash.isequal@4.5.6":
  version "4.5.6"
  resolved "https://registry.yarnpkg.com/@types/lodash.isequal/-/lodash.isequal-4.5.6.tgz#ff42a1b8e20caa59a97e446a77dc57db923bc02b"
  integrity sha512-Ww4UGSe3DmtvLLJm2F16hDwEQSv7U0Rr8SujLUA2wHI2D2dm8kPu6Et+/y303LfjTIwSBKXB/YTUcAKpem/XEg==
  dependencies:
    "@types/lodash" "*"

"@types/lodash.throttle@4.1.7":
  version "4.1.7"
  resolved "https://registry.yarnpkg.com/@types/lodash.throttle/-/lodash.throttle-4.1.7.tgz#4ef379eb4f778068022310ef166625f420b6ba58"
  integrity sha512-znwGDpjCHQ4FpLLx19w4OXDqq8+OvREa05H89obtSyXyOFKL3dDjCslsmfBz0T2FU8dmf5Wx1QvogbINiGIu9g==
  dependencies:
    "@types/lodash" "*"

"@types/lodash@*":
  version "4.14.172"
  resolved "https://registry.yarnpkg.com/@types/lodash/-/lodash-4.14.172.tgz#aad774c28e7bfd7a67de25408e03ee5a8c3d028a"
  integrity sha512-/BHF5HAx3em7/KkzVKm3LrsD6HZAXuXO1AJZQ3cRRBZj4oHZDviWPYu0aEplAqDFNHZPW6d3G7KN+ONcCCC7pw==

"@zendeskgarden/container-buttongroup@^0.3.8":
  version "0.3.12"
  resolved "https://registry.yarnpkg.com/@zendeskgarden/container-buttongroup/-/container-buttongroup-0.3.12.tgz#ef72474c4a04043dd4b48045e62e27252e0df0df"
  integrity sha512-AW1hv/m22ICoJrweHTYuKWmLRmJmLCglQpf3zTwhDJih/peEInTgW3g4QyQvuIP/LXTMxQfFuZ3+rgInOtOE5w==
  dependencies:
    "@babel/runtime" "^7.8.4"
    "@zendeskgarden/container-selection" "^1.3.12"

"@zendeskgarden/container-field@^2.1.0":
  version "2.1.0"
  resolved "https://registry.yarnpkg.com/@zendeskgarden/container-field/-/container-field-2.1.0.tgz#ed1e0fb8c320dfafb78e000eea5dfe197b980cf4"
  integrity sha512-kqfOIsIUeWATva5DBo2nVpbtrPgRdnyOu1bOeZWH9B7tdhNIIStWnwrcj6T4E5L27saZtEtmyH3LEPKJjwDSxA==
  dependencies:
    "@babel/runtime" "^7.8.4"
    react-uid "^2.2.0"

"@zendeskgarden/container-focusjail@^2.0.0":
  version "2.0.0"
  resolved "https://registry.yarnpkg.com/@zendeskgarden/container-focusjail/-/container-focusjail-2.0.0.tgz#35beacb9d35331ee6ea9e915b1b218aa8e2083fe"
  integrity sha512-erjdd9pxWWwka9pL7NMFt6XU52SUm+8TL2MK7RjXZHk5R58mQdHfi68exyr/bEvEY3ehIWOa9FgNgzBkyj8tjw==
  dependencies:
    "@babel/runtime" "^7.8.4"
    "@zendeskgarden/container-utilities" "^1.0.0"
    dom-helpers "^5.1.0"
    tabbable "^5.0.0"

"@zendeskgarden/container-focusvisible@^0.4.6":
  version "0.4.8"
  resolved "https://registry.yarnpkg.com/@zendeskgarden/container-focusvisible/-/container-focusvisible-0.4.8.tgz#97026300d1766bf7b30c218eb614b87900b26ebd"
  integrity sha512-oCd7ippef7YupfHaKOvyBwiCShFKYfJZRGFei1iLOhfWDtr7znrjgiLHwIw7TBlbGz/uSqaF0mPkwkvVjAebAQ==
  dependencies:
    "@babel/runtime" "^7.8.4"

"@zendeskgarden/container-focusvisible@^1.0.0":
  version "1.0.0"
  resolved "https://registry.yarnpkg.com/@zendeskgarden/container-focusvisible/-/container-focusvisible-1.0.0.tgz#f421f5ab919cfd753049738711d83b5b42837375"
  integrity sha512-K1pX1UxP6b/pK861sTlUgrP0i0JqPvlgJvpeU2+muKdmv/8z/ft30+Iv9EGH1lnOCEMI22s65XdZrh2R76Jymg==
  dependencies:
    "@babel/runtime" "^7.8.4"

"@zendeskgarden/container-grid@^0.1.1":
  version "0.1.1"
  resolved "https://registry.yarnpkg.com/@zendeskgarden/container-grid/-/container-grid-0.1.1.tgz#63bd5a5a3b5c542562aecc380dbacab5ee81fa4a"
  integrity sha512-tq5Ar+KGd4jkBsZin25O7Yy8VwR5agspJfaZrGFN+/81F36lxly+cH/Tq5B5oRpiQGRZTFuQALkvOn7PlEX0zg==
  dependencies:
    "@babel/runtime" "^7.8.4"

"@zendeskgarden/container-keyboardfocus@^0.4.7":
  version "0.4.11"
  resolved "https://registry.yarnpkg.com/@zendeskgarden/container-keyboardfocus/-/container-keyboardfocus-0.4.11.tgz#01674dbea95b539badfd658c051bc825318b9c96"
  integrity sha512-oE9LpPMpjSxDmCAQoKBM0oNU8TNrgTpAKajbJKLpajeuotwS+BgZCv+yQ8zvn1gSKilZKTMBuJ/nRslhokg9Gw==
  dependencies:
    "@babel/runtime" "^7.8.4"
    "@zendeskgarden/container-utilities" "^0.6.1"

"@zendeskgarden/container-modal@^1.0.0":
  version "1.0.0"
  resolved "https://registry.yarnpkg.com/@zendeskgarden/container-modal/-/container-modal-1.0.0.tgz#7412e4cd68b849c023350c2fb70c998769738353"
  integrity sha512-JZGdHRiPSqpTCzkxxH6pUVmCUZXq5dji9G6qZ3d9uth9d8McqolqT9P0q1KVJQGrn5JY46nkZfhruKlowOf5AA==
  dependencies:
    "@babel/runtime" "^7.8.4"
    "@zendeskgarden/container-focusjail" "^2.0.0"
    "@zendeskgarden/container-utilities" "^1.0.0"

"@zendeskgarden/container-selection@^1.3.12":
  version "1.3.12"
  resolved "https://registry.yarnpkg.com/@zendeskgarden/container-selection/-/container-selection-1.3.12.tgz#166963396154aff2f030d5ba30605a958da49b4b"
  integrity sha512-TGWcJ3c5goZ4yvPLnsuqIDg6xWA1t8hfclGW/az9zaomhooAcVOR3I1MApUjDncLZrSd0i0sw6tQYV/eAuJN1g==
  dependencies:
    "@babel/runtime" "^7.8.4"
    "@zendeskgarden/container-utilities" "^0.6.1"

"@zendeskgarden/container-tooltip@^0.5.12":
  version "0.5.12"
  resolved "https://registry.yarnpkg.com/@zendeskgarden/container-tooltip/-/container-tooltip-0.5.12.tgz#016672710cce5b4e143f004d2263b26df04dfc63"
  integrity sha512-1KLGtqe/TbiC4VwhqtFp5yuLgZgB9prPIlPrU2Vi9KU/2rFMmrt4nXR3gtuV2OL91Saelpb5iJpk6thilr//ig==
  dependencies:
    "@babel/runtime" "^7.8.4"
    "@zendeskgarden/container-utilities" "^0.6.1"
    react-uid "^2.2.0"

"@zendeskgarden/container-utilities@^0.6.1":
  version "0.6.1"
  resolved "https://registry.yarnpkg.com/@zendeskgarden/container-utilities/-/container-utilities-0.6.1.tgz#a786189a6b1f328ab3f608d89a12a17a5457a7af"
  integrity sha512-eoTlYIJQ7NmAQT2Q5qXrPEZULzS3y/2AyQDImYvA3aep7sMrEid59+RFsLHM0CBnygND4rJi54LPOP8bWvxetQ==
  dependencies:
    "@babel/runtime" "^7.8.4"
    "@reach/auto-id" "^0.16.0"

"@zendeskgarden/container-utilities@^0.7.0":
  version "0.7.0"
  resolved "https://registry.yarnpkg.com/@zendeskgarden/container-utilities/-/container-utilities-0.7.0.tgz#c9c6952a8724debd9120d646db3676c8bb894f72"
  integrity sha512-6KFIQ0gylHuCTbYyXGCZfL0kwVSchMzr8yA4Vt11NZx4FvfvcbUpPIKI8fvJdJWRQjlyfN7z49Pavfr0N39OFQ==
  dependencies:
    "@babel/runtime" "^7.8.4"
    "@reach/auto-id" "^0.16.0"

"@zendeskgarden/container-utilities@^1.0.0":
  version "1.0.0"
  resolved "https://registry.yarnpkg.com/@zendeskgarden/container-utilities/-/container-utilities-1.0.0.tgz#135e4616613189ad31038413a93b4a2dddfe6416"
  integrity sha512-4TsmPMGlSLslDuC0Xi/7ckQfkQyOceQtPHFWMhaP7QFAvjQgw5v/Eas6QN7okBTiUR6fmyK1PPrCUM6vOVeCEw==
  dependencies:
    "@babel/runtime" "^7.8.4"
    "@reach/auto-id" "^0.17.0"

"@zendeskgarden/react-buttons@^8.54.1":
  version "8.54.1"
  resolved "https://registry.yarnpkg.com/@zendeskgarden/react-buttons/-/react-buttons-8.54.1.tgz#b3316f15beaa9e86479d4afc35336f772d18b521"
  integrity sha512-BVTxNDBFcaZdQBQvTkcQjSokuLEFQwiiBXMveG9RV1+OBjkxclnVF6qhGkWxrwHANnuGAtlAxFcGlJ3tNnO7iw==
  dependencies:
    "@zendeskgarden/container-buttongroup" "^0.3.8"
    "@zendeskgarden/container-keyboardfocus" "^0.4.7"
    polished "^4.0.0"
    prop-types "^15.5.7"

"@zendeskgarden/react-forms@^8.54.1":
  version "8.54.1"
  resolved "https://registry.yarnpkg.com/@zendeskgarden/react-forms/-/react-forms-8.54.1.tgz#ef2b1151b34f48ba8fc01bab159d9afb0b1e442e"
  integrity sha512-ntDbMKDWd0XYGd2rXo9rVHcQkfILh0kNxMYkCGtjHt8b20mpS9bqHddNd+JFo+4h5KmXWBTYAUa2cmmVxf2lHw==
  dependencies:
    "@zendeskgarden/container-field" "^2.1.0"
    "@zendeskgarden/container-utilities" "^0.7.0"
    lodash.debounce "^4.0.8"
    polished "^4.0.0"
    prop-types "^15.5.7"
    react-merge-refs "^1.1.0"

"@zendeskgarden/react-modals@^8.54.1":
  version "8.54.1"
  resolved "https://registry.yarnpkg.com/@zendeskgarden/react-modals/-/react-modals-8.54.1.tgz#d0a5213cd755bf752251f735ac85b28c4fe3b2bd"
  integrity sha512-0If2XDoCKZqQL28VPw0jH6uCCAjKgjjl90OGH7USNv25+46Nn5Y3r0t+TrnPX/evlDyYar3h1v5Oqq92KOjV8w==
  dependencies:
    "@popperjs/core" "^2.4.4"
    "@zendeskgarden/container-focusvisible" "^1.0.0"
    "@zendeskgarden/container-modal" "^1.0.0"
    "@zendeskgarden/container-utilities" "^1.0.0"
    dom-helpers "^5.1.0"
    prop-types "^15.5.7"
    react-merge-refs "^1.1.0"
    react-popper "^2.2.3"
    react-transition-group "^4.4.2"

"@zendeskgarden/react-theming@^8.54.1":
  version "8.54.1"
  resolved "https://registry.yarnpkg.com/@zendeskgarden/react-theming/-/react-theming-8.54.1.tgz#c4a4056cb53a3850ef6fa8624969b89e4e9f14aa"
  integrity sha512-OJGusfhN1r/PUi1aYOagwXknN+VcvBr6Pc3MSo9Dmn5gcnE82TC5TtJEL0UO+PnsHG3cuV23MRVofWy3Ydr32A==
  dependencies:
    "@zendeskgarden/container-focusvisible" "^0.4.6"
    "@zendeskgarden/container-utilities" "^0.7.0"
    polished "^4.0.0"
    prop-types "^15.5.7"

"@zendeskgarden/react-tooltips@^8.54.1":
  version "8.54.1"
  resolved "https://registry.yarnpkg.com/@zendeskgarden/react-tooltips/-/react-tooltips-8.54.1.tgz#1bd4de2bde3b15ebefbbb7d8bb8f4f795fc6f7ff"
  integrity sha512-r5zgE1bF4u/5PXtcrnbkaDe1PPZH3G1OKGqKTF+mqkkIPDxo8L/GSolT6miqrFo6ia3GvhstWYL3LE9uClu+1w==
  dependencies:
    "@zendeskgarden/container-tooltip" "^0.5.12"
    "@zendeskgarden/container-utilities" "^0.7.0"
    polished "^4.0.0"
    prop-types "^15.5.7"
    react-merge-refs "^1.1.0"
    react-popper "^1.3.4"

"@zendeskgarden/svg-icons@6.33.0":
  version "6.33.0"
  resolved "https://registry.yarnpkg.com/@zendeskgarden/svg-icons/-/svg-icons-6.33.0.tgz#ab915654f1e089318b89fc5de2126812f9322e9c"
  integrity sha512-RdHsM2EPFgFy0cRZ2jAEe0iqsyMAgetfMibpO9Pk+4fPE7NjFDk4Ul7OpVhadrZQ18RCzSmmD6j/isZBRVQr/w==

call-bind@^1.0.2:
  version "1.0.2"
  resolved "https://registry.yarnpkg.com/call-bind/-/call-bind-1.0.2.tgz#b1d4e89e688119c3c9a903ad30abb2f6a919be3c"
  integrity sha512-7O+FbCihrB5WGbFYesctwmTKae6rOiIzmz1icreWJ+0aA7LJfuqhEso2T9ncpcFtzMQtzXf2QGGueWJGTYsqrA==
  dependencies:
    function-bind "^1.1.1"
    get-intrinsic "^1.0.2"

csstype@^3.0.2:
  version "3.0.9"
  resolved "https://registry.yarnpkg.com/csstype/-/csstype-3.0.9.tgz#6410af31b26bd0520933d02cbc64fce9ce3fbf0b"
  integrity sha512-rpw6JPxK6Rfg1zLOYCSwle2GFOOsnjmDYDaBwEcwoOg4qlsIVCN789VkBZDJAGi4T07gI4YSutR43t9Zz4Lzuw==

deep-equal@^1.1.1:
  version "1.1.1"
  resolved "https://registry.yarnpkg.com/deep-equal/-/deep-equal-1.1.1.tgz#b5c98c942ceffaf7cb051e24e1434a25a2e6076a"
  integrity sha512-yd9c5AdiqVcR+JjcwUQb9DkhJc8ngNr0MahEBGvDiJw8puWab2yZlh+nkasOnZP+EGTAP6rRp2JzJhJZzvNF8g==
  dependencies:
    is-arguments "^1.0.4"
    is-date-object "^1.0.1"
    is-regex "^1.0.4"
    object-is "^1.0.1"
    object-keys "^1.1.1"
    regexp.prototype.flags "^1.2.0"

define-properties@^1.1.3:
  version "1.1.3"
  resolved "https://registry.yarnpkg.com/define-properties/-/define-properties-1.1.3.tgz#cf88da6cbee26fe6db7094f61d870cbd84cee9f1"
  integrity sha512-3MqfYKj2lLzdMSf8ZIZE/V+Zuy+BgD6f164e8K2w7dgnpKArBDerGYpM46IYYcjnkdPNMjPk9A6VFB8+3SKlXQ==
  dependencies:
    object-keys "^1.0.12"

dom-helpers@^5.0.1, dom-helpers@^5.1.0:
  version "5.2.1"
  resolved "https://registry.yarnpkg.com/dom-helpers/-/dom-helpers-5.2.1.tgz#d9400536b2bf8225ad98fe052e029451ac40e902"
  integrity sha512-nRCa7CK3VTrM2NmGkIy4cbK7IZlgBE/PYMn55rrXefr5xXDP0LdtfPnblFDoVdcAfslJ7or6iqAUnx0CCGIWQA==
  dependencies:
    "@babel/runtime" "^7.8.7"
    csstype "^3.0.2"

function-bind@^1.1.1:
  version "1.1.1"
  resolved "https://registry.yarnpkg.com/function-bind/-/function-bind-1.1.1.tgz#a56899d3ea3c9bab874bb9773b7c5ede92f4895d"
  integrity sha512-yIovAzMX49sF8Yl58fSCWJ5svSLuaibPxXQJFLmBObTuCr0Mf1KiPopGM9NiFjiYBCbfaa2Fh6breQ6ANVTI0A==

get-intrinsic@^1.0.2:
  version "1.1.1"
  resolved "https://registry.yarnpkg.com/get-intrinsic/-/get-intrinsic-1.1.1.tgz#15f59f376f855c446963948f0d24cd3637b4abc6"
  integrity sha512-kWZrnVM42QCiEA2Ig1bG8zjoIMOgxWwYCEeNdwY6Tv/cOSeGpcoX4pXHfKUxNKVoArnrEr2e9srnAxxGIraS9Q==
  dependencies:
    function-bind "^1.1.1"
    has "^1.0.3"
    has-symbols "^1.0.1"

gud@^1.0.0:
  version "1.0.0"
  resolved "https://registry.yarnpkg.com/gud/-/gud-1.0.0.tgz#a489581b17e6a70beca9abe3ae57de7a499852c0"
  integrity sha512-zGEOVKFM5sVPPrYs7J5/hYEw2Pof8KCyOwyhG8sAF26mCAeUFAcYPu1mwB7hhpIP29zOIBaDqwuHdLp0jvZXjw==

has-symbols@^1.0.1, has-symbols@^1.0.2:
  version "1.0.2"
  resolved "https://registry.yarnpkg.com/has-symbols/-/has-symbols-1.0.2.tgz#165d3070c00309752a1236a479331e3ac56f1423"
  integrity sha512-chXa79rL/UC2KlX17jo3vRGz0azaWEx5tGqZg5pO3NUyEJVB17dMruQlzCCOfUvElghKcm5194+BCRvi2Rv/Gw==

has-tostringtag@^1.0.0:
  version "1.0.0"
  resolved "https://registry.yarnpkg.com/has-tostringtag/-/has-tostringtag-1.0.0.tgz#7e133818a7d394734f941e73c3d3f9291e658b25"
  integrity sha512-kFjcSNhnlGV1kyoGk7OXKSawH5JOb/LzUc5w9B02hOTO0dfFRjbHQKvg1d6cf3HbeUmtU9VbbV3qzZ2Teh97WQ==
  dependencies:
    has-symbols "^1.0.2"

has@^1.0.3:
  version "1.0.3"
  resolved "https://registry.yarnpkg.com/has/-/has-1.0.3.tgz#722d7cbfc1f6aa8241f16dd814e011e1f41e8796"
  integrity sha512-f2dvO0VU6Oej7RkWJGrehjbzMAjFp5/VKPp5tTpWIV4JHHZK1/BxbFRtf/siA2SWTe09caDmVtYYzWEIbBS4zw==
  dependencies:
    function-bind "^1.1.1"

is-arguments@^1.0.4:
  version "1.1.1"
  resolved "https://registry.yarnpkg.com/is-arguments/-/is-arguments-1.1.1.tgz#15b3f88fda01f2a97fec84ca761a560f123efa9b"
  integrity sha512-8Q7EARjzEnKpt/PCD7e1cgUS0a6X8u5tdSiMqXhojOdoV9TsMsiO+9VLC5vAmO8N7/GmXn7yjR8qnA6bVAEzfA==
  dependencies:
    call-bind "^1.0.2"
    has-tostringtag "^1.0.0"

is-date-object@^1.0.1:
  version "1.0.5"
  resolved "https://registry.yarnpkg.com/is-date-object/-/is-date-object-1.0.5.tgz#0841d5536e724c25597bf6ea62e1bd38298df31f"
  integrity sha512-9YQaSxsAiSwcvS33MBk3wTCVnWK+HhF8VZR2jRxehM16QcVOdHqPn4VPHmRK4lSr38n9JriurInLcP90xsYNfQ==
  dependencies:
    has-tostringtag "^1.0.0"

is-regex@^1.0.4:
  version "1.1.4"
  resolved "https://registry.yarnpkg.com/is-regex/-/is-regex-1.1.4.tgz#eef5663cd59fa4c0ae339505323df6854bb15958"
  integrity sha512-kvRdxDsxZjhzUX07ZnLydzS1TU/TJlTUHHY4YLL87e37oUA49DfkLqgy+VjFocowy29cKvcSiu+kIv728jTTVg==
  dependencies:
    call-bind "^1.0.2"
    has-tostringtag "^1.0.0"

"js-tokens@^3.0.0 || ^4.0.0":
  version "4.0.0"
  resolved "https://registry.yarnpkg.com/js-tokens/-/js-tokens-4.0.0.tgz#19203fb59991df98e3a287050d4647cdeaf32499"
  integrity sha512-RdJUflcE3cUzKiMqQgsCu06FPu9UdIJO0beYbPhHN4k6apgJtifcoCtT9bcxOpYBtpD2kCM6Sbzg4CausW/PKQ==

lodash.debounce@^4.0.8:
  version "4.0.8"
  resolved "https://registry.yarnpkg.com/lodash.debounce/-/lodash.debounce-4.0.8.tgz#82d79bff30a67c4005ffd5e2515300ad9ca4d7af"
  integrity sha1-gteb/zCmfEAF/9XiUVMArZyk168=

lodash.isequal@^4.5.0:
  version "4.5.0"
  resolved "https://registry.yarnpkg.com/lodash.isequal/-/lodash.isequal-4.5.0.tgz#415c4478f2bcc30120c22ce10ed3226f7d3e18e0"
  integrity sha1-QVxEePK8wwEgwizhDtMib30+GOA=

lodash.throttle@^4.1.1:
  version "4.1.1"
  resolved "https://registry.yarnpkg.com/lodash.throttle/-/lodash.throttle-4.1.1.tgz#c23e91b710242ac70c37f1e1cda9274cc39bf2f4"
  integrity sha1-wj6RtxAkKscMN/HhzaknTMOb8vQ=

loose-envify@^1.0.0, loose-envify@^1.4.0:
  version "1.4.0"
  resolved "https://registry.yarnpkg.com/loose-envify/-/loose-envify-1.4.0.tgz#71ee51fa7be4caec1a63839f7e682d8132d30caf"
  integrity sha512-lyuxPGr/Wfhrlem2CL/UcnUc1zcqKAImBDzukY7Y5F/yQiNdko6+fRLevlw1HgMySw7f611UIY408EtxRSoK3Q==
  dependencies:
    js-tokens "^3.0.0 || ^4.0.0"

object-assign@^4.1.1:
  version "4.1.1"
  resolved "https://registry.yarnpkg.com/object-assign/-/object-assign-4.1.1.tgz#2109adc7965887cfc05cbbd442cac8bfbb360863"
  integrity sha1-IQmtx5ZYh8/AXLvUQsrIv7s2CGM=

object-is@^1.0.1:
  version "1.1.5"
  resolved "https://registry.yarnpkg.com/object-is/-/object-is-1.1.5.tgz#b9deeaa5fc7f1846a0faecdceec138e5778f53ac"
  integrity sha512-3cyDsyHgtmi7I7DfSSI2LDp6SK2lwvtbg0p0R1e0RvTqF5ceGx+K2dfSjm1bKDMVCFEDAQvy+o8c6a7VujOddw==
  dependencies:
    call-bind "^1.0.2"
    define-properties "^1.1.3"

object-keys@^1.0.12, object-keys@^1.1.1:
  version "1.1.1"
  resolved "https://registry.yarnpkg.com/object-keys/-/object-keys-1.1.1.tgz#1c47f272df277f3b1daf061677d9c82e2322c60e"
  integrity sha512-NuAESUOUMrlIXOfHKzD6bpPu3tYt3xvjNdRIQ+FeT0lNb4K8WR70CaDxhuNguS2XG+GjkyMwOzsN5ZktImfhLA==

polished@^4.0.0:
  version "4.1.3"
  resolved "https://registry.yarnpkg.com/polished/-/polished-4.1.3.tgz#7a3abf2972364e7d97770b827eec9a9e64002cfc"
  integrity sha512-ocPAcVBUOryJEKe0z2KLd1l9EBa1r5mSwlKpExmrLzsnIzJo4axsoU9O2BjOTkDGDT4mZ0WFE5XKTlR3nLnZOA==
  dependencies:
    "@babel/runtime" "^7.14.0"

popper.js@^1.14.4:
  version "1.16.1"
  resolved "https://registry.yarnpkg.com/popper.js/-/popper.js-1.16.1.tgz#2a223cb3dc7b6213d740e40372be40de43e65b1b"
  integrity sha512-Wb4p1J4zyFTbM+u6WuO4XstYx4Ky9Cewe4DWrel7B0w6VVICvPwdOpotjzcf6eD8TsckVnIMNONQyPIUFOUbCQ==

prop-types@^15.5.7, prop-types@^15.6.1, prop-types@^15.6.2, prop-types@^15.7.2:
  version "15.7.2"
  resolved "https://registry.yarnpkg.com/prop-types/-/prop-types-15.7.2.tgz#52c41e75b8c87e72b9d9360e0206b99dcbffa6c5"
  integrity sha512-8QQikdH7//R2vurIJSutZ1smHYTcLpRWEOlHnzcWHmBYrOGUysKwSsrC89BCiFj3CbrfJ/nXFdJepOVrY1GCHQ==
  dependencies:
    loose-envify "^1.4.0"
    object-assign "^4.1.1"
    react-is "^16.8.1"

react-fast-compare@^3.0.1:
  version "3.2.0"
  resolved "https://registry.yarnpkg.com/react-fast-compare/-/react-fast-compare-3.2.0.tgz#641a9da81b6a6320f270e89724fb45a0b39e43bb"
  integrity sha512-rtGImPZ0YyLrscKI9xTpV8psd6I8VAtjKCzQDlzyDvqJA8XOW78TXYQwNRNd8g8JZnDu8q9Fu/1v4HPAVwVdHA==

react-is@^16.8.1:
  version "16.13.1"
  resolved "https://registry.yarnpkg.com/react-is/-/react-is-16.13.1.tgz#789729a4dc36de2999dc156dd6c1d9c18cea56a4"
  integrity sha512-24e6ynE2H+OKt4kqsOvNd8kBpV65zoxbA4BVsEOB3ARVWQki/DHzaUoC5KuON/BiccDaCCTZBuOcfZs70kR8bQ==

react-merge-refs@^1.1.0:
  version "1.1.0"
  resolved "https://registry.yarnpkg.com/react-merge-refs/-/react-merge-refs-1.1.0.tgz#73d88b892c6c68cbb7a66e0800faa374f4c38b06"
  integrity sha512-alTKsjEL0dKH/ru1Iyn7vliS2QRcBp9zZPGoWxUOvRGWPUYgjo+V01is7p04It6KhgrzhJGnIj9GgX8W4bZoCQ==

react-popper@^1.3.4:
  version "1.3.11"
  resolved "https://registry.yarnpkg.com/react-popper/-/react-popper-1.3.11.tgz#a2cc3f0a67b75b66cfa62d2c409f9dd1fcc71ffd"
  integrity sha512-VSA/bS+pSndSF2fiasHK/PTEEAyOpX60+H5EPAjoArr8JGm+oihu4UbrqcEBpQibJxBVCpYyjAX7abJ+7DoYVg==
  dependencies:
    "@babel/runtime" "^7.1.2"
    "@hypnosphi/create-react-context" "^0.3.1"
    deep-equal "^1.1.1"
    popper.js "^1.14.4"
    prop-types "^15.6.1"
    typed-styles "^0.0.7"
    warning "^4.0.2"

react-popper@^2.2.3:
  version "2.2.5"
  resolved "https://registry.yarnpkg.com/react-popper/-/react-popper-2.2.5.tgz#1214ef3cec86330a171671a4fbcbeeb65ee58e96"
  integrity sha512-kxGkS80eQGtLl18+uig1UIf9MKixFSyPxglsgLBxlYnyDf65BiY9B3nZSc6C9XUNDgStROB0fMQlTEz1KxGddw==
  dependencies:
    react-fast-compare "^3.0.1"
    warning "^4.0.2"

react-transition-group@^4.4.2:
  version "4.4.2"
  resolved "https://registry.yarnpkg.com/react-transition-group/-/react-transition-group-4.4.2.tgz#8b59a56f09ced7b55cbd53c36768b922890d5470"
  integrity sha512-/RNYfRAMlZwDSr6z4zNKV6xu53/e2BuaBbGhbyYIXTrmgu/bGHzmqOs7mJSJBHy9Ud+ApHx3QjrkKSp1pxvlFg==
  dependencies:
    "@babel/runtime" "^7.5.5"
    dom-helpers "^5.0.1"
    loose-envify "^1.4.0"
    prop-types "^15.6.2"

react-uid@^2.2.0:
  version "2.3.1"
  resolved "https://registry.yarnpkg.com/react-uid/-/react-uid-2.3.1.tgz#22a75d4a948a4824b9b8078cbf864d55d91ca4be"
  integrity sha512-6C5pwNYP1udgp5feQ9MTBZBKD4su9nhD2aYCFY1bB0Bpask8wYKYz0ZhAtAJ4lcmTDC5kY1ByGTQMFDHQW6p0w==
  dependencies:
    tslib "^1.10.0"

regenerator-runtime@^0.13.4:
  version "0.13.9"
  resolved "https://registry.yarnpkg.com/regenerator-runtime/-/regenerator-runtime-0.13.9.tgz#8925742a98ffd90814988d7566ad30ca3b263b52"
  integrity sha512-p3VT+cOEgxFsRRA9X4lkI1E+k2/CtnKtU4gcxyaCUreilL/vqI6CdZ3wxVUx3UOUg+gnUOQQcRI7BmSI656MYA==

regexp.prototype.flags@^1.2.0:
  version "1.3.1"
  resolved "https://registry.yarnpkg.com/regexp.prototype.flags/-/regexp.prototype.flags-1.3.1.tgz#7ef352ae8d159e758c0eadca6f8fcb4eef07be26"
  integrity sha512-JiBdRBq91WlY7uRJ0ds7R+dU02i6LKi8r3BuQhNXn+kmeLN+EfHhfjqMRis1zJxnlu88hq/4dx0P2OP3APRTOA==
  dependencies:
    call-bind "^1.0.2"
    define-properties "^1.1.3"

tabbable@^5.0.0:
  version "5.2.1"
  resolved "https://registry.yarnpkg.com/tabbable/-/tabbable-5.2.1.tgz#e3fda7367ddbb172dcda9f871c0fdb36d1c4cd9c"
  integrity sha512-40pEZ2mhjaZzK0BnI+QGNjJO8UYx9pP5v7BGe17SORTO0OEuuaAwQTkAp8whcZvqon44wKFOikD+Al11K3JICQ==

tiny-warning@^1.0.3:
  version "1.0.3"
  resolved "https://registry.yarnpkg.com/tiny-warning/-/tiny-warning-1.0.3.tgz#94a30db453df4c643d0fd566060d60a875d84754"
  integrity sha512-lBN9zLN/oAf68o3zNXYrdCt1kP8WsiGW8Oo2ka41b2IM5JL/S1CTyX1rW0mb/zSuJun0ZUrDxx4sqvYS2FWzPA==

tslib@^1.10.0:
  version "1.14.1"
  resolved "https://registry.yarnpkg.com/tslib/-/tslib-1.14.1.tgz#cf2d38bdc34a134bcaf1091c41f6619e2f672d00"
  integrity sha512-Xni35NKzjgMrwevysHTCArtLDpPvye8zV/0E4EyYn43P7/7qvQwPh9BGkHewbMulVntbigmcT7rdX3BNo9wRJg==

tslib@^2.3.0:
  version "2.3.1"
  resolved "https://registry.yarnpkg.com/tslib/-/tslib-2.3.1.tgz#e8a335add5ceae51aa261d32a490158ef042ef01"
  integrity sha512-77EbyPPpMz+FRFRuAFlWMtmgUWGe9UOG2Z25NqCwiIjRhOf5iKGuzSe5P2w1laq+FkRy4p+PCuVkJSGkzTEKVw==

typed-styles@^0.0.7:
  version "0.0.7"
  resolved "https://registry.yarnpkg.com/typed-styles/-/typed-styles-0.0.7.tgz#93392a008794c4595119ff62dde6809dbc40a3d9"
  integrity sha512-pzP0PWoZUhsECYjABgCGQlRGL1n7tOHsgwYv3oIiEpJwGhFTuty/YNeduxQYzXXa3Ge5BdT6sHYIQYpl4uJ+5Q==

warning@^4.0.2, warning@^4.0.3:
  version "4.0.3"
  resolved "https://registry.yarnpkg.com/warning/-/warning-4.0.3.tgz#16e9e077eb8a86d6af7d64aa1e05fd85b4678ca3"
  integrity sha512-rpJyN222KWIvHJ/F53XSZv0Zl/accqHR8et1kpaMTD/fLCRxtV8iX8czMzY7sVZupTI3zcUTg8eycS2kNF9l6w==
  dependencies:
    loose-envify "^1.0.0"
