# THIS IS AN AUTOGENERATED FILE. DO NOT EDIT THIS FILE DIRECTLY.
# yarn lockfile v1


"@babel/runtime@^7.1.2", "@babel/runtime@^7.14.0", "@babel/runtime@^7.5.5", "@babel/runtime@^7.8.4", "@babel/runtime@^7.8.7":
  version "7.16.3"
  resolved "https://registry.yarnpkg.com/@babel/runtime/-/runtime-7.16.3.tgz#b86f0db02a04187a3c17caa77de69840165d42d5"
  integrity sha512-WBwekcqacdY2e9AF/Q7WLFUWmdJGJTkbjqTjoMDgXkVZ3ZRUvOPsLb5KdwISoQVsbP+DQzVZW4Zhci0DvpbNTQ==
  dependencies:
    regenerator-runtime "^0.13.4"

"@hypnosphi/create-react-context@^0.3.1":
  version "0.3.1"
  resolved "https://registry.yarnpkg.com/@hypnosphi/create-react-context/-/create-react-context-0.3.1.tgz#f8bfebdc7665f5d426cba3753e0e9c7d3154d7c6"
  integrity sha512-V1klUed202XahrWJLLOT3EXNeCpFHCcJntdFGI15ntCwau+jfT386w7OFTMaCqOgXUH1fa0w/I1oZs+i/Rfr0A==
  dependencies:
    gud "^1.0.0"
    warning "^4.0.3"

"@popperjs/core@^2.4.4":
  version "2.10.2"
  resolved "https://registry.yarnpkg.com/@popperjs/core/-/core-2.10.2.tgz#0798c03351f0dea1a5a4cabddf26a55a7cbee590"
  integrity sha512-IXf3XA7+XyN7CP9gGh/XB0UxVMlvARGEgGXLubFICsUMGz6Q+DU+i4gGlpOxTjKvXjkJDJC8YdqdKkDj9qZHEQ==

"@reach/auto-id@^0.16.0":
  version "0.16.0"
  resolved "https://registry.yarnpkg.com/@reach/auto-id/-/auto-id-0.16.0.tgz#dfabc3227844e8c04f8e6e45203a8e14a8edbaed"
  integrity sha512-5ssbeP5bCkM39uVsfQCwBBL+KT8YColdnMN5/Eto6Rj7929ql95R3HZUOkKIvj7mgPtEb60BLQxd1P3o6cjbmg==
  dependencies:
    "@reach/utils" "0.16.0"
    tslib "^2.3.0"

"@reach/utils@0.16.0":
  version "0.16.0"
  resolved "https://registry.yarnpkg.com/@reach/utils/-/utils-0.16.0.tgz#5b0777cf16a7cab1ddd4728d5d02762df0ba84ce"
  integrity sha512-PCggBet3qaQmwFNcmQ/GqHSefadAFyNCUekq9RrWoaU9hh/S4iaFgf2MBMdM47eQj5i/Bk0Mm07cP/XPFlkN+Q==
  dependencies:
    tiny-warning "^1.0.3"
    tslib "^2.3.0"

"@types/lodash.isequal@4.5.5":
  version "4.5.5"
  resolved "https://registry.yarnpkg.com/@types/lodash.isequal/-/lodash.isequal-4.5.5.tgz#4fed1b1b00bef79e305de0352d797e9bb816c8ff"
  integrity sha512-4IKbinG7MGP131wRfceK6W4E/Qt3qssEFLF30LnJbjYiSfHGGRU/Io8YxXrZX109ir+iDETC8hw8QsDijukUVg==
  dependencies:
    "@types/lodash" "*"

"@types/lodash.throttle@4.1.6":
  version "4.1.6"
  resolved "https://registry.yarnpkg.com/@types/lodash.throttle/-/lodash.throttle-4.1.6.tgz#f5ba2c22244ee42ff6c2c49e614401a870c1009c"
  integrity sha512-/UIH96i/sIRYGC60NoY72jGkCJtFN5KVPhEMMMTjol65effe1gPn0tycJqV5tlSwMTzX8FqzB5yAj0rfGHTPNg==
  dependencies:
    "@types/lodash" "*"

"@types/lodash@*":
  version "4.14.177"
  resolved "https://registry.yarnpkg.com/@types/lodash/-/lodash-4.14.177.tgz#f70c0d19c30fab101cad46b52be60363c43c4578"
  integrity sha512-0fDwydE2clKe9MNfvXHBHF9WEahRuj+msTuQqOmAApNORFvhMYZKNGGJdCzuhheVjMps/ti0Ak/iJPACMaevvw==

"@zendeskgarden/container-buttongroup@^0.3.8":
  version "0.3.14"
  resolved "https://registry.yarnpkg.com/@zendeskgarden/container-buttongroup/-/container-buttongroup-0.3.14.tgz#69103e9940d576974c31598f4961735ee976f46d"
  integrity sha512-WMBrVhBSqxvBPtgo1t6Q6D3IYUJ/xNtfw6uUllfh9/4kG2gqbJGVEq9He31ixBP8qEvBe3bSU0oolop0gpcAUQ==
  dependencies:
    "@babel/runtime" "^7.8.4"
    "@zendeskgarden/container-selection" "^1.3.14"

"@zendeskgarden/container-field@^1.3.6":
  version "1.3.9"
  resolved "https://registry.yarnpkg.com/@zendeskgarden/container-field/-/container-field-1.3.9.tgz#ca41e925a3557e92659ad71a26813647c7652cd1"
  integrity sha512-o6Xsptbsdbva32lNk/3E0g0t+1mIwIk/9k0wH2FV2qG+lnDuMgmSx9YEiOADFxoppI+RHyLqX1q9LAHPZIjUjw==
  dependencies:
    "@babel/runtime" "^7.8.4"
    react-uid "^2.2.0"

"@zendeskgarden/container-focusjail@^1.4.11":
  version "1.4.11"
  resolved "https://registry.yarnpkg.com/@zendeskgarden/container-focusjail/-/container-focusjail-1.4.11.tgz#8a1543de6ea5e8ecb46c6a27dbb7345ca1f48578"
  integrity sha512-EOQCOOaKqkjF86KNrtYNFbq7Q0+CT1zaYannwUJ+SGNML4rrLxzMGbU5i/vP4Hb8KER/X4Yz+/KzgZyiaqxB+g==
  dependencies:
    "@babel/runtime" "^7.8.4"
    "@zendeskgarden/container-utilities" "^0.6.3"
    dom-helpers "^5.1.0"
    tabbable "^5.0.0"

"@zendeskgarden/container-focusvisible@^0.4.6":
  version "0.4.9"
  resolved "https://registry.yarnpkg.com/@zendeskgarden/container-focusvisible/-/container-focusvisible-0.4.9.tgz#a728806bd0854a6cdcb501fe80810f1324ad0c11"
  integrity sha512-d5FeaKt0FjwIr2jW23j5og4slnr5ZQ9ICSSJkM8aHkR6tOriFR00beAP8XQQVX26HJkOQy+NkXfD5B65EnumOg==
  dependencies:
    "@babel/runtime" "^7.8.4"

"@zendeskgarden/container-grid@^0.1.1":
  version "0.1.3"
  resolved "https://registry.yarnpkg.com/@zendeskgarden/container-grid/-/container-grid-0.1.3.tgz#cc68d126058e24a7a6a305ef236e37abea1e6ed2"
  integrity sha512-DJ71Clm/+/q/YgPA1byd8wWl3wNufkwTvtds8K9tgEtaoTruZSgNXUbM9eskV9y1OLIBqOjHEgPNriSRmWE8Yg==
  dependencies:
    "@babel/runtime" "^7.8.4"

"@zendeskgarden/container-keyboardfocus@^0.4.7":
  version "0.4.13"
  resolved "https://registry.yarnpkg.com/@zendeskgarden/container-keyboardfocus/-/container-keyboardfocus-0.4.13.tgz#efcb9f2cc078ba3e1b62bdb8596bf9c2e1cefc9c"
  integrity sha512-03Qy95kRJBKv2BUu7kJU+hZ+sTGZBsOts2mfD7/ISOn7JlArDgBYWEgWMBTEug5SKQprSw2PZlySmtQH0CZTkA==
  dependencies:
    "@babel/runtime" "^7.8.4"
    "@zendeskgarden/container-utilities" "^0.6.3"

"@zendeskgarden/container-modal@^0.8.7":
  version "0.8.12"
  resolved "https://registry.yarnpkg.com/@zendeskgarden/container-modal/-/container-modal-0.8.12.tgz#ddca0fd6d02a9eb5be6bad8590ffd139a0028dcd"
  integrity sha512-1o5ntKEz3xDcFZXZ1myJHd2eDaNefbuBCka+7L9P0WrHZKWHb5ArmR5ISnp4wfnCVNSbe24SFV/cFd36WoeKOQ==
  dependencies:
    "@babel/runtime" "^7.8.4"
    "@zendeskgarden/container-focusjail" "^1.4.11"
    "@zendeskgarden/container-utilities" "^0.6.3"
    react-uid "^2.2.0"

"@zendeskgarden/container-selection@^1.3.14":
  version "1.3.14"
  resolved "https://registry.yarnpkg.com/@zendeskgarden/container-selection/-/container-selection-1.3.14.tgz#831655ea0396894e5326a663b17980cea935475e"
  integrity sha512-lt9kGz2i9jOiiZp+uzTw4jJuj43dRkU2bZvMWpjDC3n4zawujQ0bQdnxZEdNh+KESSqrC+61Nk68lZ6L0TdbGA==
  dependencies:
    "@babel/runtime" "^7.8.4"
    "@zendeskgarden/container-utilities" "^0.6.3"

"@zendeskgarden/container-tooltip@^0.5.12":
  version "0.5.14"
  resolved "https://registry.yarnpkg.com/@zendeskgarden/container-tooltip/-/container-tooltip-0.5.14.tgz#d9e5879c73dacf6820fd21056f9b5712f2efd441"
  integrity sha512-rmSXmP98BCKys0I4EbmCDGRqpBT2iF8sRXaCdz4JN2J5dlqp4T5fGIcfPs3fB0aLxxipmjR1Lb7M1+Q4KG6dXQ==
  dependencies:
    "@babel/runtime" "^7.8.4"
    "@zendeskgarden/container-utilities" "^0.6.3"
    react-uid "^2.2.0"

"@zendeskgarden/container-utilities@^0.6.0", "@zendeskgarden/container-utilities@^0.6.1", "@zendeskgarden/container-utilities@^0.6.3":
  version "0.6.3"
  resolved "https://registry.yarnpkg.com/@zendeskgarden/container-utilities/-/container-utilities-0.6.3.tgz#169adf59e578111d00c94e7c0e87d18c022fe069"
  integrity sha512-n+vM3OUsST8EfDyrjoRFhAXROaRvkJFNCZPrWIi3ywoI+IAawh+5uFIK60kAtp3tvIOWyZrUxYJIMQIeQLp8lQ==
  dependencies:
    "@babel/runtime" "^7.8.4"
    "@reach/auto-id" "^0.16.0"

"@zendeskgarden/react-buttons@^8.44.2":
  version "8.44.2"
  resolved "https://registry.yarnpkg.com/@zendeskgarden/react-buttons/-/react-buttons-8.44.2.tgz#bbf75d7901b80979135a54baae3c0a05dd1d2100"
  integrity sha512-kNushTSK4EbCG1BIWUSgi9qYHclUaIxU3as7gzHh20A9mwe5ZTK6e1tl7bM9TrLrDB/ubr+p7ilMfj+/5SLlwA==
  dependencies:
    "@zendeskgarden/container-buttongroup" "^0.3.8"
    "@zendeskgarden/container-keyboardfocus" "^0.4.7"
    polished "^4.0.0"
    prop-types "^15.5.7"

"@zendeskgarden/react-forms@^8.44.2":
  version "8.44.2"
  resolved "https://registry.yarnpkg.com/@zendeskgarden/react-forms/-/react-forms-8.44.2.tgz#b488963a52f1c769ecb0f3a08d21159dd2f5d2fd"
  integrity sha512-j0BTRu/h3jLhFkGxgtaa3YeXIoXL9CAemBJHzUIjYGb8ZbesK8EuPJYFvAhBobMARCO7D67CwzGXDk1YrsQaOA==
  dependencies:
    "@zendeskgarden/container-field" "^1.3.6"
    "@zendeskgarden/container-utilities" "^0.6.0"
    lodash.debounce "^4.0.8"
    polished "^4.0.0"
    prop-types "^15.5.7"
    react-merge-refs "^1.1.0"

"@zendeskgarden/react-modals@^8.44.2":
  version "8.44.2"
  resolved "https://registry.yarnpkg.com/@zendeskgarden/react-modals/-/react-modals-8.44.2.tgz#327104fc8d486bf523c2dcb754c2c37d0ef24f20"
  integrity sha512-KU4A4zincojVnhyJciT7Q3MjIC4m2B3u+SeVUtWzBjDkkGwL33j2gXV8AJoMFDROuo3MMnQ8sH4xeQUcHVv6uQ==
  dependencies:
    "@popperjs/core" "^2.4.4"
    "@zendeskgarden/container-focusvisible" "^0.4.6"
    "@zendeskgarden/container-modal" "^0.8.7"
    "@zendeskgarden/container-utilities" "^0.6.0"
    dom-helpers "^5.1.0"
    prop-types "^15.5.7"
    react-merge-refs "^1.1.0"
    react-popper "^2.2.3"
    react-transition-group "^4.4.2"

"@zendeskgarden/react-theming@^8.44.2":
  version "8.44.2"
  resolved "https://registry.yarnpkg.com/@zendeskgarden/react-theming/-/react-theming-8.44.2.tgz#1e2dafcfcf1b3736a122b7ab95cf955eefc5100e"
  integrity sha512-rjOWqE1/dDlDwXhj4TGNf8utO1YOjICGEPAa0j9fUVxWwTWYvz4GExrtAaBdHC/BtzUCEzF5kpfnQ8K3JCVSLw==
  dependencies:
    "@zendeskgarden/container-focusvisible" "^0.4.6"
    "@zendeskgarden/container-utilities" "^0.6.0"
    polished "^4.0.0"
    prop-types "^15.5.7"

"@zendeskgarden/react-tooltips@^8.44.2":
  version "8.44.2"
  resolved "https://registry.yarnpkg.com/@zendeskgarden/react-tooltips/-/react-tooltips-8.44.2.tgz#6f3b2c5168286dd55574e02d935b3df0970327e1"
  integrity sha512-/hY9aHfabAgG9pKUotrxtbonfqisQAJ/O+t6cIlGxoTwOPgmNW0RLGNarNRXUbD4bt28DjvT5hPpUaCfzodW6Q==
  dependencies:
    "@zendeskgarden/container-tooltip" "^0.5.12"
    "@zendeskgarden/container-utilities" "^0.6.0"
    polished "^4.0.0"
    prop-types "^15.5.7"
    react-merge-refs "^1.1.0"
    react-popper "^1.3.4"

"@zendeskgarden/svg-icons@6.30.2":
  version "6.30.2"
  resolved "https://registry.yarnpkg.com/@zendeskgarden/svg-icons/-/svg-icons-6.30.2.tgz#4426d76068c6fd8262cfbd0baf721431fff00df4"
  integrity sha512-Sw0FkrYce8AkROM6gb3oDUDh2CjCA3Fj1/K9GUDEenNDv+w1h6CfSanrbFkTRz2uSHg7CIAgbl/LY873fz8mAg==

call-bind@^1.0.2:
  version "1.0.2"
  resolved "https://registry.yarnpkg.com/call-bind/-/call-bind-1.0.2.tgz#b1d4e89e688119c3c9a903ad30abb2f6a919be3c"
  integrity sha512-7O+FbCihrB5WGbFYesctwmTKae6rOiIzmz1icreWJ+0aA7LJfuqhEso2T9ncpcFtzMQtzXf2QGGueWJGTYsqrA==
  dependencies:
    function-bind "^1.1.1"
    get-intrinsic "^1.0.2"

csstype@^3.0.2:
  version "3.0.10"
  resolved "https://registry.yarnpkg.com/csstype/-/csstype-3.0.10.tgz#2ad3a7bed70f35b965707c092e5f30b327c290e5"
  integrity sha512-2u44ZG2OcNUO9HDp/Jl8C07x6pU/eTR3ncV91SiK3dhG9TWvRVsCoJw14Ckx5DgWkzGA3waZWO3d7pgqpUI/XA==

deep-equal@^1.1.1:
  version "1.1.1"
  resolved "https://registry.yarnpkg.com/deep-equal/-/deep-equal-1.1.1.tgz#b5c98c942ceffaf7cb051e24e1434a25a2e6076a"
  integrity sha512-yd9c5AdiqVcR+JjcwUQb9DkhJc8ngNr0MahEBGvDiJw8puWab2yZlh+nkasOnZP+EGTAP6rRp2JzJhJZzvNF8g==
  dependencies:
    is-arguments "^1.0.4"
    is-date-object "^1.0.1"
    is-regex "^1.0.4"
    object-is "^1.0.1"
    object-keys "^1.1.1"
    regexp.prototype.flags "^1.2.0"

define-properties@^1.1.3:
  version "1.1.3"
  resolved "https://registry.yarnpkg.com/define-properties/-/define-properties-1.1.3.tgz#cf88da6cbee26fe6db7094f61d870cbd84cee9f1"
  integrity sha512-3MqfYKj2lLzdMSf8ZIZE/V+Zuy+BgD6f164e8K2w7dgnpKArBDerGYpM46IYYcjnkdPNMjPk9A6VFB8+3SKlXQ==
  dependencies:
    object-keys "^1.0.12"

dom-helpers@^5.0.1, dom-helpers@^5.1.0:
  version "5.2.1"
  resolved "https://registry.yarnpkg.com/dom-helpers/-/dom-helpers-5.2.1.tgz#d9400536b2bf8225ad98fe052e029451ac40e902"
  integrity sha512-nRCa7CK3VTrM2NmGkIy4cbK7IZlgBE/PYMn55rrXefr5xXDP0LdtfPnblFDoVdcAfslJ7or6iqAUnx0CCGIWQA==
  dependencies:
    "@babel/runtime" "^7.8.7"
    csstype "^3.0.2"

function-bind@^1.1.1:
  version "1.1.1"
  resolved "https://registry.yarnpkg.com/function-bind/-/function-bind-1.1.1.tgz#a56899d3ea3c9bab874bb9773b7c5ede92f4895d"
  integrity sha512-yIovAzMX49sF8Yl58fSCWJ5svSLuaibPxXQJFLmBObTuCr0Mf1KiPopGM9NiFjiYBCbfaa2Fh6breQ6ANVTI0A==

get-intrinsic@^1.0.2:
  version "1.1.1"
  resolved "https://registry.yarnpkg.com/get-intrinsic/-/get-intrinsic-1.1.1.tgz#15f59f376f855c446963948f0d24cd3637b4abc6"
  integrity sha512-kWZrnVM42QCiEA2Ig1bG8zjoIMOgxWwYCEeNdwY6Tv/cOSeGpcoX4pXHfKUxNKVoArnrEr2e9srnAxxGIraS9Q==
  dependencies:
    function-bind "^1.1.1"
    has "^1.0.3"
    has-symbols "^1.0.1"

gud@^1.0.0:
  version "1.0.0"
  resolved "https://registry.yarnpkg.com/gud/-/gud-1.0.0.tgz#a489581b17e6a70beca9abe3ae57de7a499852c0"
  integrity sha512-zGEOVKFM5sVPPrYs7J5/hYEw2Pof8KCyOwyhG8sAF26mCAeUFAcYPu1mwB7hhpIP29zOIBaDqwuHdLp0jvZXjw==

has-symbols@^1.0.1, has-symbols@^1.0.2:
  version "1.0.2"
  resolved "https://registry.yarnpkg.com/has-symbols/-/has-symbols-1.0.2.tgz#165d3070c00309752a1236a479331e3ac56f1423"
  integrity sha512-chXa79rL/UC2KlX17jo3vRGz0azaWEx5tGqZg5pO3NUyEJVB17dMruQlzCCOfUvElghKcm5194+BCRvi2Rv/Gw==

has-tostringtag@^1.0.0:
  version "1.0.0"
  resolved "https://registry.yarnpkg.com/has-tostringtag/-/has-tostringtag-1.0.0.tgz#7e133818a7d394734f941e73c3d3f9291e658b25"
  integrity sha512-kFjcSNhnlGV1kyoGk7OXKSawH5JOb/LzUc5w9B02hOTO0dfFRjbHQKvg1d6cf3HbeUmtU9VbbV3qzZ2Teh97WQ==
  dependencies:
    has-symbols "^1.0.2"

has@^1.0.3:
  version "1.0.3"
  resolved "https://registry.yarnpkg.com/has/-/has-1.0.3.tgz#722d7cbfc1f6aa8241f16dd814e011e1f41e8796"
  integrity sha512-f2dvO0VU6Oej7RkWJGrehjbzMAjFp5/VKPp5tTpWIV4JHHZK1/BxbFRtf/siA2SWTe09caDmVtYYzWEIbBS4zw==
  dependencies:
    function-bind "^1.1.1"

is-arguments@^1.0.4:
  version "1.1.1"
  resolved "https://registry.yarnpkg.com/is-arguments/-/is-arguments-1.1.1.tgz#15b3f88fda01f2a97fec84ca761a560f123efa9b"
  integrity sha512-8Q7EARjzEnKpt/PCD7e1cgUS0a6X8u5tdSiMqXhojOdoV9TsMsiO+9VLC5vAmO8N7/GmXn7yjR8qnA6bVAEzfA==
  dependencies:
    call-bind "^1.0.2"
    has-tostringtag "^1.0.0"

is-date-object@^1.0.1:
  version "1.0.5"
  resolved "https://registry.yarnpkg.com/is-date-object/-/is-date-object-1.0.5.tgz#0841d5536e724c25597bf6ea62e1bd38298df31f"
  integrity sha512-9YQaSxsAiSwcvS33MBk3wTCVnWK+HhF8VZR2jRxehM16QcVOdHqPn4VPHmRK4lSr38n9JriurInLcP90xsYNfQ==
  dependencies:
    has-tostringtag "^1.0.0"

is-regex@^1.0.4:
  version "1.1.4"
  resolved "https://registry.yarnpkg.com/is-regex/-/is-regex-1.1.4.tgz#eef5663cd59fa4c0ae339505323df6854bb15958"
  integrity sha512-kvRdxDsxZjhzUX07ZnLydzS1TU/TJlTUHHY4YLL87e37oUA49DfkLqgy+VjFocowy29cKvcSiu+kIv728jTTVg==
  dependencies:
    call-bind "^1.0.2"
    has-tostringtag "^1.0.0"

"js-tokens@^3.0.0 || ^4.0.0":
  version "4.0.0"
  resolved "https://registry.yarnpkg.com/js-tokens/-/js-tokens-4.0.0.tgz#19203fb59991df98e3a287050d4647cdeaf32499"
  integrity sha512-RdJUflcE3cUzKiMqQgsCu06FPu9UdIJO0beYbPhHN4k6apgJtifcoCtT9bcxOpYBtpD2kCM6Sbzg4CausW/PKQ==

lodash.debounce@^4.0.8:
  version "4.0.8"
  resolved "https://registry.yarnpkg.com/lodash.debounce/-/lodash.debounce-4.0.8.tgz#82d79bff30a67c4005ffd5e2515300ad9ca4d7af"
  integrity sha1-gteb/zCmfEAF/9XiUVMArZyk168=

lodash.isequal@^4.5.0:
  version "4.5.0"
  resolved "https://registry.yarnpkg.com/lodash.isequal/-/lodash.isequal-4.5.0.tgz#415c4478f2bcc30120c22ce10ed3226f7d3e18e0"
  integrity sha1-QVxEePK8wwEgwizhDtMib30+GOA=

lodash.throttle@^4.1.1:
  version "4.1.1"
  resolved "https://registry.yarnpkg.com/lodash.throttle/-/lodash.throttle-4.1.1.tgz#c23e91b710242ac70c37f1e1cda9274cc39bf2f4"
  integrity sha1-wj6RtxAkKscMN/HhzaknTMOb8vQ=

loose-envify@^1.0.0, loose-envify@^1.4.0:
  version "1.4.0"
  resolved "https://registry.yarnpkg.com/loose-envify/-/loose-envify-1.4.0.tgz#71ee51fa7be4caec1a63839f7e682d8132d30caf"
  integrity sha512-lyuxPGr/Wfhrlem2CL/UcnUc1zcqKAImBDzukY7Y5F/yQiNdko6+fRLevlw1HgMySw7f611UIY408EtxRSoK3Q==
  dependencies:
    js-tokens "^3.0.0 || ^4.0.0"

object-assign@^4.1.1:
  version "4.1.1"
  resolved "https://registry.yarnpkg.com/object-assign/-/object-assign-4.1.1.tgz#2109adc7965887cfc05cbbd442cac8bfbb360863"
  integrity sha1-IQmtx5ZYh8/AXLvUQsrIv7s2CGM=

object-is@^1.0.1:
  version "1.1.5"
  resolved "https://registry.yarnpkg.com/object-is/-/object-is-1.1.5.tgz#b9deeaa5fc7f1846a0faecdceec138e5778f53ac"
  integrity sha512-3cyDsyHgtmi7I7DfSSI2LDp6SK2lwvtbg0p0R1e0RvTqF5ceGx+K2dfSjm1bKDMVCFEDAQvy+o8c6a7VujOddw==
  dependencies:
    call-bind "^1.0.2"
    define-properties "^1.1.3"

object-keys@^1.0.12, object-keys@^1.1.1:
  version "1.1.1"
  resolved "https://registry.yarnpkg.com/object-keys/-/object-keys-1.1.1.tgz#1c47f272df277f3b1daf061677d9c82e2322c60e"
  integrity sha512-NuAESUOUMrlIXOfHKzD6bpPu3tYt3xvjNdRIQ+FeT0lNb4K8WR70CaDxhuNguS2XG+GjkyMwOzsN5ZktImfhLA==

polished@^4.0.0:
  version "4.1.3"
  resolved "https://registry.yarnpkg.com/polished/-/polished-4.1.3.tgz#7a3abf2972364e7d97770b827eec9a9e64002cfc"
  integrity sha512-ocPAcVBUOryJEKe0z2KLd1l9EBa1r5mSwlKpExmrLzsnIzJo4axsoU9O2BjOTkDGDT4mZ0WFE5XKTlR3nLnZOA==
  dependencies:
    "@babel/runtime" "^7.14.0"

popper.js@^1.14.4:
  version "1.16.1"
  resolved "https://registry.yarnpkg.com/popper.js/-/popper.js-1.16.1.tgz#2a223cb3dc7b6213d740e40372be40de43e65b1b"
  integrity sha512-Wb4p1J4zyFTbM+u6WuO4XstYx4Ky9Cewe4DWrel7B0w6VVICvPwdOpotjzcf6eD8TsckVnIMNONQyPIUFOUbCQ==

prop-types@^15.5.7, prop-types@^15.6.1, prop-types@^15.6.2, prop-types@^15.7.2:
  version "15.7.2"
  resolved "https://registry.yarnpkg.com/prop-types/-/prop-types-15.7.2.tgz#52c41e75b8c87e72b9d9360e0206b99dcbffa6c5"
  integrity sha512-8QQikdH7//R2vurIJSutZ1smHYTcLpRWEOlHnzcWHmBYrOGUysKwSsrC89BCiFj3CbrfJ/nXFdJepOVrY1GCHQ==
  dependencies:
    loose-envify "^1.4.0"
    object-assign "^4.1.1"
    react-is "^16.8.1"

react-fast-compare@^3.0.1:
  version "3.2.0"
  resolved "https://registry.yarnpkg.com/react-fast-compare/-/react-fast-compare-3.2.0.tgz#641a9da81b6a6320f270e89724fb45a0b39e43bb"
  integrity sha512-rtGImPZ0YyLrscKI9xTpV8psd6I8VAtjKCzQDlzyDvqJA8XOW78TXYQwNRNd8g8JZnDu8q9Fu/1v4HPAVwVdHA==

react-is@^16.8.1:
  version "16.13.1"
  resolved "https://registry.yarnpkg.com/react-is/-/react-is-16.13.1.tgz#789729a4dc36de2999dc156dd6c1d9c18cea56a4"
  integrity sha512-24e6ynE2H+OKt4kqsOvNd8kBpV65zoxbA4BVsEOB3ARVWQki/DHzaUoC5KuON/BiccDaCCTZBuOcfZs70kR8bQ==

react-merge-refs@^1.1.0:
  version "1.1.0"
  resolved "https://registry.yarnpkg.com/react-merge-refs/-/react-merge-refs-1.1.0.tgz#73d88b892c6c68cbb7a66e0800faa374f4c38b06"
  integrity sha512-alTKsjEL0dKH/ru1Iyn7vliS2QRcBp9zZPGoWxUOvRGWPUYgjo+V01is7p04It6KhgrzhJGnIj9GgX8W4bZoCQ==

react-popper@^1.3.4:
  version "1.3.11"
  resolved "https://registry.yarnpkg.com/react-popper/-/react-popper-1.3.11.tgz#a2cc3f0a67b75b66cfa62d2c409f9dd1fcc71ffd"
  integrity sha512-VSA/bS+pSndSF2fiasHK/PTEEAyOpX60+H5EPAjoArr8JGm+oihu4UbrqcEBpQibJxBVCpYyjAX7abJ+7DoYVg==
  dependencies:
    "@babel/runtime" "^7.1.2"
    "@hypnosphi/create-react-context" "^0.3.1"
    deep-equal "^1.1.1"
    popper.js "^1.14.4"
    prop-types "^15.6.1"
    typed-styles "^0.0.7"
    warning "^4.0.2"

react-popper@^2.2.3:
  version "2.2.5"
  resolved "https://registry.yarnpkg.com/react-popper/-/react-popper-2.2.5.tgz#1214ef3cec86330a171671a4fbcbeeb65ee58e96"
  integrity sha512-kxGkS80eQGtLl18+uig1UIf9MKixFSyPxglsgLBxlYnyDf65BiY9B3nZSc6C9XUNDgStROB0fMQlTEz1KxGddw==
  dependencies:
    react-fast-compare "^3.0.1"
    warning "^4.0.2"

react-transition-group@^4.4.2:
  version "4.4.2"
  resolved "https://registry.yarnpkg.com/react-transition-group/-/react-transition-group-4.4.2.tgz#8b59a56f09ced7b55cbd53c36768b922890d5470"
  integrity sha512-/RNYfRAMlZwDSr6z4zNKV6xu53/e2BuaBbGhbyYIXTrmgu/bGHzmqOs7mJSJBHy9Ud+ApHx3QjrkKSp1pxvlFg==
  dependencies:
    "@babel/runtime" "^7.5.5"
    dom-helpers "^5.0.1"
    loose-envify "^1.4.0"
    prop-types "^15.6.2"

react-uid@^2.2.0:
  version "2.3.1"
  resolved "https://registry.yarnpkg.com/react-uid/-/react-uid-2.3.1.tgz#22a75d4a948a4824b9b8078cbf864d55d91ca4be"
  integrity sha512-6C5pwNYP1udgp5feQ9MTBZBKD4su9nhD2aYCFY1bB0Bpask8wYKYz0ZhAtAJ4lcmTDC5kY1ByGTQMFDHQW6p0w==
  dependencies:
    tslib "^1.10.0"

regenerator-runtime@^0.13.4:
  version "0.13.9"
  resolved "https://registry.yarnpkg.com/regenerator-runtime/-/regenerator-runtime-0.13.9.tgz#8925742a98ffd90814988d7566ad30ca3b263b52"
  integrity sha512-p3VT+cOEgxFsRRA9X4lkI1E+k2/CtnKtU4gcxyaCUreilL/vqI6CdZ3wxVUx3UOUg+gnUOQQcRI7BmSI656MYA==

regexp.prototype.flags@^1.2.0:
  version "1.3.1"
  resolved "https://registry.yarnpkg.com/regexp.prototype.flags/-/regexp.prototype.flags-1.3.1.tgz#7ef352ae8d159e758c0eadca6f8fcb4eef07be26"
  integrity sha512-JiBdRBq91WlY7uRJ0ds7R+dU02i6LKi8r3BuQhNXn+kmeLN+EfHhfjqMRis1zJxnlu88hq/4dx0P2OP3APRTOA==
  dependencies:
    call-bind "^1.0.2"
    define-properties "^1.1.3"

tabbable@^5.0.0:
  version "5.2.1"
  resolved "https://registry.yarnpkg.com/tabbable/-/tabbable-5.2.1.tgz#e3fda7367ddbb172dcda9f871c0fdb36d1c4cd9c"
  integrity sha512-40pEZ2mhjaZzK0BnI+QGNjJO8UYx9pP5v7BGe17SORTO0OEuuaAwQTkAp8whcZvqon44wKFOikD+Al11K3JICQ==

tiny-warning@^1.0.3:
  version "1.0.3"
  resolved "https://registry.yarnpkg.com/tiny-warning/-/tiny-warning-1.0.3.tgz#94a30db453df4c643d0fd566060d60a875d84754"
  integrity sha512-lBN9zLN/oAf68o3zNXYrdCt1kP8WsiGW8Oo2ka41b2IM5JL/S1CTyX1rW0mb/zSuJun0ZUrDxx4sqvYS2FWzPA==

tslib@^1.10.0:
  version "1.14.1"
  resolved "https://registry.yarnpkg.com/tslib/-/tslib-1.14.1.tgz#cf2d38bdc34a134bcaf1091c41f6619e2f672d00"
  integrity sha512-Xni35NKzjgMrwevysHTCArtLDpPvye8zV/0E4EyYn43P7/7qvQwPh9BGkHewbMulVntbigmcT7rdX3BNo9wRJg==

tslib@^2.3.0:
  version "2.3.1"
  resolved "https://registry.yarnpkg.com/tslib/-/tslib-2.3.1.tgz#e8a335add5ceae51aa261d32a490158ef042ef01"
  integrity sha512-77EbyPPpMz+FRFRuAFlWMtmgUWGe9UOG2Z25NqCwiIjRhOf5iKGuzSe5P2w1laq+FkRy4p+PCuVkJSGkzTEKVw==

typed-styles@^0.0.7:
  version "0.0.7"
  resolved "https://registry.yarnpkg.com/typed-styles/-/typed-styles-0.0.7.tgz#93392a008794c4595119ff62dde6809dbc40a3d9"
  integrity sha512-pzP0PWoZUhsECYjABgCGQlRGL1n7tOHsgwYv3oIiEpJwGhFTuty/YNeduxQYzXXa3Ge5BdT6sHYIQYpl4uJ+5Q==

warning@^4.0.2, warning@^4.0.3:
  version "4.0.3"
  resolved "https://registry.yarnpkg.com/warning/-/warning-4.0.3.tgz#16e9e077eb8a86d6af7d64aa1e05fd85b4678ca3"
  integrity sha512-rpJyN222KWIvHJ/F53XSZv0Zl/accqHR8et1kpaMTD/fLCRxtV8iX8czMzY7sVZupTI3zcUTg8eycS2kNF9l6w==
  dependencies:
    loose-envify "^1.0.0"
