# THIS IS AN AUTOGENERATED FILE. DO NOT EDIT THIS FILE DIRECTLY.
# yarn lockfile v1


"@babel/runtime@^7.12.0":
  version "7.12.5"
  resolved "https://registry.yarnpkg.com/@babel/runtime/-/runtime-7.12.5.tgz#410e7e487441e1b360c29be715d870d9b985882e"
  integrity sha512-plcc+hbExy3McchJCEQG3knOsuh3HH+Prx1P6cLIkET/0dLuQDEnrT+s27Axgc9bqfsmNUNHfscgMUdBpC9xfg==
  dependencies:
    regenerator-runtime "^0.13.4"

"@babel/runtime@^7.8.4":
  version "7.8.7"
  resolved "https://registry.yarnpkg.com/@babel/runtime/-/runtime-7.8.7.tgz#8fefce9802db54881ba59f90bb28719b4996324d"
  integrity sha512-+AATMUFppJDw6aiR5NVPHqIQBlV/Pj8wY/EZH+lmvRdUo9xBaz/rF3alAwFJQavvKfeOlPE7oaaDHVbcySbCsg==
  dependencies:
    regenerator-runtime "^0.13.4"

"@babel/runtime@^7.8.7":
  version "7.9.2"
  resolved "https://registry.yarnpkg.com/@babel/runtime/-/runtime-7.9.2.tgz#d90df0583a3a252f09aaa619665367bae518db06"
  integrity sha512-NE2DtOdufG7R5vnfQUTehdTfNycfUANEtCa9PssN9O/xmTzP4E08UI797ixaei6hBEVL9BI/PsdJS5x7mWoB9Q==
  dependencies:
    regenerator-runtime "^0.13.4"

"@zendeskgarden/container-focusvisible@^0.4.3":
  version "0.4.3"
  resolved "https://registry.yarnpkg.com/@zendeskgarden/container-focusvisible/-/container-focusvisible-0.4.3.tgz#9e2c1d882ecf9adc91f6e84eaca997fc9019f67a"
  integrity sha512-4NpwhFzhRXE230mtaGUsvmwh6LxB1Cky/LJuX7ZYZkwEgjgaLO1m0qLOiRfEa4jJ2yKrsk2f+OOuyFwy7QIAcw==
  dependencies:
    "@babel/runtime" "^7.8.4"

"@zendeskgarden/container-pagination@^0.3.1":
  version "0.3.7"
  resolved "https://registry.yarnpkg.com/@zendeskgarden/container-pagination/-/container-pagination-0.3.7.tgz#4b6bf086518a47138bc5d6d94c877550a8a9e746"
  integrity sha512-7ZHSDCLnUststPGIMXUvP9dNBLp+cR6trgi5eBYCqyWithX/NH/8s5Rt8ascvTCcoLv4PbfWuiIM/372hM35Eg==
  dependencies:
    "@babel/runtime" "^7.8.4"
    "@zendeskgarden/container-selection" "^1.3.7"

"@zendeskgarden/container-selection@^1.3.7":
  version "1.3.7"
  resolved "https://registry.yarnpkg.com/@zendeskgarden/container-selection/-/container-selection-1.3.7.tgz#09cbf85d7a403adb3b480a7233ca5b8cecfdfce0"
  integrity sha512-Q7xrkpJJG9o0pfsaVAOPVJaxYCchbU9yvCvuwWc11IT+UbV2SVidQ/uPa9/BOmmfBJ7vatg/bOrrHNG7T/4dKw==
  dependencies:
    "@babel/runtime" "^7.8.4"
    "@zendeskgarden/container-utilities" "^0.5.4"

"@zendeskgarden/container-utilities@^0.5.1":
  version "0.5.1"
  resolved "https://registry.yarnpkg.com/@zendeskgarden/container-utilities/-/container-utilities-0.5.1.tgz#738dc99dbe4a98809fdc015e5a8e000997725876"
  integrity sha512-+nswWqFEiWHkuQeYSdftJ5c3Xy48IHPKb23qktIeEl+ZibMXzWVytdg91zOerI/HGJizNJ0gKmq+0A/4//eiQQ==

"@zendeskgarden/container-utilities@^0.5.4":
  version "0.5.4"
  resolved "https://registry.yarnpkg.com/@zendeskgarden/container-utilities/-/container-utilities-0.5.4.tgz#8550404cafd0aab5ed80f3da0a51d424e8e3facb"
  integrity sha512-Iz6YZ6va3JIShzKXKjK4TCf168GSX+/XeeBr6o9MTJ4K84lO0F0ZX2GIFuZmacfkBjCXfyNxj4aua/5/1ZXyPg==
  dependencies:
    "@babel/runtime" "^7.8.4"

"@zendeskgarden/react-theming@^8.25.2":
  version "8.25.2"
  resolved "https://registry.yarnpkg.com/@zendeskgarden/react-theming/-/react-theming-8.25.2.tgz#61c0b0346154e7238645125533d33bf7ff26a481"
  integrity sha512-/HefQjvFQpiQSEFoVZ6D7QSbyZkAviGE5op8GXqMp4angmt2evXhkSu2JT49xPV5WI8EfMUXWdHVHbPuhcrtdA==
  dependencies:
    "@zendeskgarden/container-focusvisible" "^0.4.3"
    "@zendeskgarden/container-utilities" "^0.5.1"
    polished "^3.5.1"

"@zendeskgarden/svg-icons@6.25.1":
  version "6.25.1"
  resolved "https://registry.yarnpkg.com/@zendeskgarden/svg-icons/-/svg-icons-6.25.1.tgz#d58b2e602672597b50b9e8f6edc71183ac5ac808"
  integrity sha512-D1e2znJ04GZYnvUB62f2gnAwSeSlGQLm2CdF4YL5T/++h2iiyQYv1pppN8jk8U/twiGtOkHk2wRyky60zXmGNQ==

polished@^3.5.1:
  version "3.5.1"
  resolved "https://registry.yarnpkg.com/polished/-/polished-3.5.1.tgz#657b6faf4c2308f3e0b1951196803a5e5d67b122"
  integrity sha512-GVbvskpBiDV5TknurGL6OyFfLHsCknxbU8w5iMppT8rW0tLEoQHrIRfrPNPqGXNj3HGhkjRvhmg59Fy7HSnCAw==
  dependencies:
    "@babel/runtime" "^7.8.7"

polished@^4.0.0:
  version "4.0.3"
  resolved "https://registry.yarnpkg.com/polished/-/polished-4.0.3.tgz#e2bde249f8884bdabc6997dd3eca225ee32f7a26"
  integrity sha512-yOALHMrqcYHlHIxFkHvGX8NGsjsbSaYMZ8Z3uEElVpzF5ZgNmTgqMOh4bnSVXGC6sXjBTZCH6+GebTRWhJR4zQ==
  dependencies:
    "@babel/runtime" "^7.12.0"

regenerator-runtime@^0.13.4:
  version "0.13.4"
  resolved "https://registry.yarnpkg.com/regenerator-runtime/-/regenerator-runtime-0.13.4.tgz#e96bf612a3362d12bb69f7e8f74ffeab25c7ac91"
  integrity sha512-plpwicqEzfEyTQohIKktWigcLzmNStMGwbOUbykx51/29Z3JOGYldaaNGK7ngNXV+UcoqvIMmloZ48Sr74sd+g==
