# THIS IS AN AUTOGENERATED FILE. DO NOT EDIT THIS FILE DIRECTLY.
# yarn lockfile v1


"@babel/runtime@^7.12.0":
  version "7.12.5"
  resolved "https://registry.yarnpkg.com/@babel/runtime/-/runtime-7.12.5.tgz#410e7e487441e1b360c29be715d870d9b985882e"
  integrity sha512-plcc+hbExy3McchJCEQG3knOsuh3HH+Prx1P6cLIkET/0dLuQDEnrT+s27Axgc9bqfsmNUNHfscgMUdBpC9xfg==
  dependencies:
    regenerator-runtime "^0.13.4"

"@babel/runtime@^7.8.4":
  version "7.8.7"
  resolved "https://registry.yarnpkg.com/@babel/runtime/-/runtime-7.8.7.tgz#8fefce9802db54881ba59f90bb28719b4996324d"
  integrity sha512-+AATMUFppJDw6aiR5NVPHqIQBlV/Pj8wY/EZH+lmvRdUo9xBaz/rF3alAwFJQavvKfeOlPE7oaaDHVbcySbCsg==
  dependencies:
    regenerator-runtime "^0.13.4"

"@zendeskgarden/container-focusvisible@^0.4.6":
  version "0.4.6"
  resolved "https://registry.yarnpkg.com/@zendeskgarden/container-focusvisible/-/container-focusvisible-0.4.6.tgz#bf1736353babb632ff04e4f7330c7da98bdd8ce0"
  integrity sha512-YLGJ2+i9PKzP4ND9OtuWrUomJvKp+Mel8QSIGsWkUQ6DqabVZPi2//BZ0slqnyq4LcIS0MjTSCLi28H6IFjrrA==
  dependencies:
    "@babel/runtime" "^7.8.4"

"@zendeskgarden/container-utilities@^0.5.5":
  version "0.5.5"
  resolved "https://registry.yarnpkg.com/@zendeskgarden/container-utilities/-/container-utilities-0.5.5.tgz#c291e7c2454fe6a638afe947b51e74d56387fc79"
  integrity sha512-41qrK/ePXbPD+t2bKOtbzIZAjIlrIcN7EVGShPAjMjRzhQpZeX5UFsIrmN56/vQ8+xMVh/BxNEXgbtAO37FgwA==
  dependencies:
    "@babel/runtime" "^7.8.4"

"@zendeskgarden/react-theming@^8.31.0":
  version "8.31.0"
  resolved "https://registry.yarnpkg.com/@zendeskgarden/react-theming/-/react-theming-8.31.0.tgz#45933972d858f7f4463033176ff5ff1dfa6f4a9d"
  integrity sha512-evZOfc3BKSVRSTGG+NIpfxEMS3mO3HU0f7N3rop5YH1784s2JSv35i7KAdmAgk3SbRDpda7vWFcBXd2wLBR37Q==
  dependencies:
    "@zendeskgarden/container-focusvisible" "^0.4.6"
    "@zendeskgarden/container-utilities" "^0.5.5"
    polished "^4.0.0"

"@zendeskgarden/svg-icons@6.28.0":
  version "6.28.0"
  resolved "https://registry.yarnpkg.com/@zendeskgarden/svg-icons/-/svg-icons-6.28.0.tgz#50ee74cbded3099e700eac3575278f896dcf1ff4"
  integrity sha512-mCGTPKXhJfy6tkglN/2cUrQ6c/Mm/pMlbT/7z+PGsOflfHIiabPUH5IIfywGIWbxiYzzTWeIBtnUb84Uv80R0w==

polished@^4.0.0:
  version "4.0.3"
  resolved "https://registry.yarnpkg.com/polished/-/polished-4.0.3.tgz#e2bde249f8884bdabc6997dd3eca225ee32f7a26"
  integrity sha512-yOALHMrqcYHlHIxFkHvGX8NGsjsbSaYMZ8Z3uEElVpzF5ZgNmTgqMOh4bnSVXGC6sXjBTZCH6+GebTRWhJR4zQ==
  dependencies:
    "@babel/runtime" "^7.12.0"

regenerator-runtime@^0.13.4:
  version "0.13.4"
  resolved "https://registry.yarnpkg.com/regenerator-runtime/-/regenerator-runtime-0.13.4.tgz#e96bf612a3362d12bb69f7e8f74ffeab25c7ac91"
  integrity sha512-plpwicqEzfEyTQohIKktWigcLzmNStMGwbOUbykx51/29Z3JOGYldaaNGK7ngNXV+UcoqvIMmloZ48Sr74sd+g==
