{
  "name": "@zendeskgarden/react-tabs",
  "version": "8.73.0",
  "lockfileVersion": 2,
  "requires": true,
  "packages": {
    "": {
      "name": "@zendeskgarden/react-tabs",
      "version": "8.73.0",
      "license": "Apache-2.0",
      "dependencies": {
        "@zendeskgarden/container-tabs": "^2.0.1",
        "@zendeskgarden/container-utilities": "^1.0.0",
        "polished": "^4.0.0",
        "prop-types": "^15.5.7",
        "react-merge-refs": "^1.1.0"
      },
      "peerDependencies": {
        "@zendeskgarden/react-theming": "^8.67.0",
        "react": ">=16.8.0",
        "react-dom": ">=16.8.0",
        "styled-components": "^4.2.0 || ^5.0.0"
      }
    },
    "node_modules/@babel/runtime": {
      "version": "7.23.2",
      "resolved": "https://registry.npmjs.org/@babel/runtime/-/runtime-7.23.2.tgz",
      "integrity": "sha512-mM8eg4yl5D6i3lu2QKPuPH4FArvJ8KhTofbE7jwMUv9KX5mBvwPAqnV3MlyBNqdp9RyRKP6Yck8TrfYrPvX3bg==",
      "dependencies": {
        "regenerator-runtime": "^0.14.0"
      },
      "engines": {
        "node": ">=6.9.0"
      }
    },
    "node_modules/@reach/auto-id": {
      "version": "0.18.0",
      "resolved": "https://registry.npmjs.org/@reach/auto-id/-/auto-id-0.18.0.tgz",
      "integrity": "sha512-XwY1IwhM7mkHZFghhjiqjQ6dstbOdpbFLdggeke75u8/8icT8uEHLbovFUgzKjy9qPvYwZIB87rLiR8WdtOXCg==",
      "dependencies": {
        "@reach/utils": "0.18.0"
      },
      "peerDependencies": {
        "react": "^16.8.0 || 17.x",
        "react-dom": "^16.8.0 || 17.x"
      }
    },
    "node_modules/@reach/utils": {
      "version": "0.18.0",
      "resolved": "https://registry.npmjs.org/@reach/utils/-/utils-0.18.0.tgz",
      "integrity": "sha512-KdVMdpTgDyK8FzdKO9SCpiibuy/kbv3pwgfXshTI6tEcQT1OOwj7BAksnzGC0rPz0UholwC+AgkqEl3EJX3M1A==",
      "peerDependencies": {
        "react": "^16.8.0 || 17.x",
        "react-dom": "^16.8.0 || 17.x"
      }
    },
    "node_modules/@zendeskgarden/container-selection": {
      "version": "3.0.6",
      "resolved": "https://registry.npmjs.org/@zendeskgarden/container-selection/-/container-selection-3.0.6.tgz",
      "integrity": "sha512-aGfPbFqrkmEAODAFBH16hdyCBTSuir3EaaXRSSzkhBTR2cps1+053b6+T20PDCg0coLVaEwTZ9ninCFQF3uQJg==",
      "dependencies": {
        "@babel/runtime": "^7.8.4",
        "@zendeskgarden/container-utilities": "^1.0.12"
      },
      "peerDependencies": {
        "prop-types": "^15.6.1",
        "react": ">=16.8.0",
        "react-dom": ">=16.8.0"
      }
    },
    "node_modules/@zendeskgarden/container-tabs": {
      "version": "2.0.7",
      "resolved": "https://registry.npmjs.org/@zendeskgarden/container-tabs/-/container-tabs-2.0.7.tgz",
      "integrity": "sha512-gfTc33Tj/bCO9fcKilpVGp/2RF1SMdutzzqm2UYbbYLQ+MryoG57PXXJ/bsk1zXv0Y9P8iCmb0w6c7lYLNbFSQ==",
      "dependencies": {
        "@babel/runtime": "^7.8.4",
        "@zendeskgarden/container-selection": "^3.0.6",
        "@zendeskgarden/container-utilities": "^1.0.12"
      },
      "peerDependencies": {
        "prop-types": "^15.6.1",
        "react": ">=16.8.0",
        "react-dom": ">=16.8.0"
      }
    },
    "node_modules/@zendeskgarden/container-utilities": {
      "version": "1.0.12",
      "resolved": "https://registry.npmjs.org/@zendeskgarden/container-utilities/-/container-utilities-1.0.12.tgz",
      "integrity": "sha512-DJDtYwEYLtbtuSkIe/9huX/ctT/u+rUKroDXsVOeRuFOW55zB0JJC8WKCGgTmi+oI0kbHZxx6reAj4OrJpNZCA==",
      "dependencies": {
        "@babel/runtime": "^7.8.4",
        "@reach/auto-id": "^0.18.0"
      },
      "peerDependencies": {
        "react": ">=16.8.0",
        "react-dom": ">=16.8.0"
      }
    },
    "node_modules/js-tokens": {
      "version": "4.0.0",
      "resolved": "https://registry.npmjs.org/js-tokens/-/js-tokens-4.0.0.tgz",
      "integrity": "sha512-RdJUflcE3cUzKiMqQgsCu06FPu9UdIJO0beYbPhHN4k6apgJtifcoCtT9bcxOpYBtpD2kCM6Sbzg4CausW/PKQ=="
    },
    "node_modules/loose-envify": {
      "version": "1.4.0",
      "resolved": "https://registry.npmjs.org/loose-envify/-/loose-envify-1.4.0.tgz",
      "integrity": "sha512-lyuxPGr/Wfhrlem2CL/UcnUc1zcqKAImBDzukY7Y5F/yQiNdko6+fRLevlw1HgMySw7f611UIY408EtxRSoK3Q==",
      "dependencies": {
        "js-tokens": "^3.0.0 || ^4.0.0"
      },
      "bin": {
        "loose-envify": "cli.js"
      }
    },
    "node_modules/object-assign": {
      "version": "4.1.1",
      "resolved": "https://registry.npmjs.org/object-assign/-/object-assign-4.1.1.tgz",
      "integrity": "sha512-rJgTQnkUnH1sFw8yT6VSU3zD3sWmu6sZhIseY8VX+GRu3P6F7Fu+JNDoXfklElbLJSnc3FUQHVe4cU5hj+BcUg==",
      "engines": {
        "node": ">=0.10.0"
      }
    },
    "node_modules/polished": {
      "version": "4.2.2",
      "resolved": "https://registry.npmjs.org/polished/-/polished-4.2.2.tgz",
      "integrity": "sha512-Sz2Lkdxz6F2Pgnpi9U5Ng/WdWAUZxmHrNPoVlm3aAemxoy2Qy7LGjQg4uf8qKelDAUW94F4np3iH2YPf2qefcQ==",
      "dependencies": {
        "@babel/runtime": "^7.17.8"
      },
      "engines": {
        "node": ">=10"
      }
    },
    "node_modules/prop-types": {
      "version": "15.8.1",
      "resolved": "https://registry.npmjs.org/prop-types/-/prop-types-15.8.1.tgz",
      "integrity": "sha512-oj87CgZICdulUohogVAR7AjlC0327U4el4L6eAvOqCeudMDVU0NThNaV+b9Df4dXgSP1gXMTnPdhfe/2qDH5cg==",
      "dependencies": {
        "loose-envify": "^1.4.0",
        "object-assign": "^4.1.1",
        "react-is": "^16.13.1"
      }
    },
    "node_modules/react-is": {
      "version": "16.13.1",
      "resolved": "https://registry.npmjs.org/react-is/-/react-is-16.13.1.tgz",
      "integrity": "sha512-24e6ynE2H+OKt4kqsOvNd8kBpV65zoxbA4BVsEOB3ARVWQki/DHzaUoC5KuON/BiccDaCCTZBuOcfZs70kR8bQ=="
    },
    "node_modules/react-merge-refs": {
      "version": "1.1.0",
      "resolved": "https://registry.npmjs.org/react-merge-refs/-/react-merge-refs-1.1.0.tgz",
      "integrity": "sha512-alTKsjEL0dKH/ru1Iyn7vliS2QRcBp9zZPGoWxUOvRGWPUYgjo+V01is7p04It6KhgrzhJGnIj9GgX8W4bZoCQ==",
      "funding": {
        "type": "github",
        "url": "https://github.com/sponsors/gregberge"
      }
    },
    "node_modules/regenerator-runtime": {
      "version": "0.14.0",
      "resolved": "https://registry.npmjs.org/regenerator-runtime/-/regenerator-runtime-0.14.0.tgz",
      "integrity": "sha512-srw17NI0TUWHuGa5CFGGmhfNIeja30WMBfbslPNhf6JrqQlLN5gcrvig1oqPxiVaXb0oW0XRKtH6Nngs5lKCIA=="
    }
  },
  "dependencies": {
    "@babel/runtime": {
      "version": "7.23.2",
      "resolved": "https://registry.npmjs.org/@babel/runtime/-/runtime-7.23.2.tgz",
      "integrity": "sha512-mM8eg4yl5D6i3lu2QKPuPH4FArvJ8KhTofbE7jwMUv9KX5mBvwPAqnV3MlyBNqdp9RyRKP6Yck8TrfYrPvX3bg==",
      "requires": {
        "regenerator-runtime": "^0.14.0"
      }
    },
    "@reach/auto-id": {
      "version": "0.18.0",
      "resolved": "https://registry.npmjs.org/@reach/auto-id/-/auto-id-0.18.0.tgz",
      "integrity": "sha512-XwY1IwhM7mkHZFghhjiqjQ6dstbOdpbFLdggeke75u8/8icT8uEHLbovFUgzKjy9qPvYwZIB87rLiR8WdtOXCg==",
      "requires": {
        "@reach/utils": "0.18.0"
      }
    },
    "@reach/utils": {
      "version": "0.18.0",
      "resolved": "https://registry.npmjs.org/@reach/utils/-/utils-0.18.0.tgz",
      "integrity": "sha512-KdVMdpTgDyK8FzdKO9SCpiibuy/kbv3pwgfXshTI6tEcQT1OOwj7BAksnzGC0rPz0UholwC+AgkqEl3EJX3M1A=="
    },
    "@zendeskgarden/container-selection": {
      "version": "3.0.6",
      "resolved": "https://registry.npmjs.org/@zendeskgarden/container-selection/-/container-selection-3.0.6.tgz",
      "integrity": "sha512-aGfPbFqrkmEAODAFBH16hdyCBTSuir3EaaXRSSzkhBTR2cps1+053b6+T20PDCg0coLVaEwTZ9ninCFQF3uQJg==",
      "requires": {
        "@babel/runtime": "^7.8.4",
        "@zendeskgarden/container-utilities": "^1.0.12"
      }
    },
    "@zendeskgarden/container-tabs": {
      "version": "2.0.7",
      "resolved": "https://registry.npmjs.org/@zendeskgarden/container-tabs/-/container-tabs-2.0.7.tgz",
      "integrity": "sha512-gfTc33Tj/bCO9fcKilpVGp/2RF1SMdutzzqm2UYbbYLQ+MryoG57PXXJ/bsk1zXv0Y9P8iCmb0w6c7lYLNbFSQ==",
      "requires": {
        "@babel/runtime": "^7.8.4",
        "@zendeskgarden/container-selection": "^3.0.6",
        "@zendeskgarden/container-utilities": "^1.0.12"
      }
    },
    "@zendeskgarden/container-utilities": {
      "version": "1.0.12",
      "resolved": "https://registry.npmjs.org/@zendeskgarden/container-utilities/-/container-utilities-1.0.12.tgz",
      "integrity": "sha512-DJDtYwEYLtbtuSkIe/9huX/ctT/u+rUKroDXsVOeRuFOW55zB0JJC8WKCGgTmi+oI0kbHZxx6reAj4OrJpNZCA==",
      "requires": {
        "@babel/runtime": "^7.8.4",
        "@reach/auto-id": "^0.18.0"
      }
    },
    "js-tokens": {
      "version": "4.0.0",
      "resolved": "https://registry.npmjs.org/js-tokens/-/js-tokens-4.0.0.tgz",
      "integrity": "sha512-RdJUflcE3cUzKiMqQgsCu06FPu9UdIJO0beYbPhHN4k6apgJtifcoCtT9bcxOpYBtpD2kCM6Sbzg4CausW/PKQ=="
    },
    "loose-envify": {
      "version": "1.4.0",
      "resolved": "https://registry.npmjs.org/loose-envify/-/loose-envify-1.4.0.tgz",
      "integrity": "sha512-lyuxPGr/Wfhrlem2CL/UcnUc1zcqKAImBDzukY7Y5F/yQiNdko6+fRLevlw1HgMySw7f611UIY408EtxRSoK3Q==",
      "requires": {
        "js-tokens": "^3.0.0 || ^4.0.0"
      }
    },
    "object-assign": {
      "version": "4.1.1",
      "resolved": "https://registry.npmjs.org/object-assign/-/object-assign-4.1.1.tgz",
      "integrity": "sha512-rJgTQnkUnH1sFw8yT6VSU3zD3sWmu6sZhIseY8VX+GRu3P6F7Fu+JNDoXfklElbLJSnc3FUQHVe4cU5hj+BcUg=="
    },
    "polished": {
      "version": "4.2.2",
      "resolved": "https://registry.npmjs.org/polished/-/polished-4.2.2.tgz",
      "integrity": "sha512-Sz2Lkdxz6F2Pgnpi9U5Ng/WdWAUZxmHrNPoVlm3aAemxoy2Qy7LGjQg4uf8qKelDAUW94F4np3iH2YPf2qefcQ==",
      "requires": {
        "@babel/runtime": "^7.17.8"
      }
    },
    "prop-types": {
      "version": "15.8.1",
      "resolved": "https://registry.npmjs.org/prop-types/-/prop-types-15.8.1.tgz",
      "integrity": "sha512-oj87CgZICdulUohogVAR7AjlC0327U4el4L6eAvOqCeudMDVU0NThNaV+b9Df4dXgSP1gXMTnPdhfe/2qDH5cg==",
      "requires": {
        "loose-envify": "^1.4.0",
        "object-assign": "^4.1.1",
        "react-is": "^16.13.1"
      }
    },
    "react-is": {
      "version": "16.13.1",
      "resolved": "https://registry.npmjs.org/react-is/-/react-is-16.13.1.tgz",
      "integrity": "sha512-24e6ynE2H+OKt4kqsOvNd8kBpV65zoxbA4BVsEOB3ARVWQki/DHzaUoC5KuON/BiccDaCCTZBuOcfZs70kR8bQ=="
    },
    "react-merge-refs": {
      "version": "1.1.0",
      "resolved": "https://registry.npmjs.org/react-merge-refs/-/react-merge-refs-1.1.0.tgz",
      "integrity": "sha512-alTKsjEL0dKH/ru1Iyn7vliS2QRcBp9zZPGoWxUOvRGWPUYgjo+V01is7p04It6KhgrzhJGnIj9GgX8W4bZoCQ=="
    },
    "regenerator-runtime": {
      "version": "0.14.0",
      "resolved": "https://registry.npmjs.org/regenerator-runtime/-/regenerator-runtime-0.14.0.tgz",
      "integrity": "sha512-srw17NI0TUWHuGa5CFGGmhfNIeja30WMBfbslPNhf6JrqQlLN5gcrvig1oqPxiVaXb0oW0XRKtH6Nngs5lKCIA=="
    }
  }
}
