# THIS IS AN AUTOGENERATED FILE. DO NOT EDIT THIS FILE DIRECTLY.
# yarn lockfile v1


"@babel/runtime@^7.17.8", "@babel/runtime@^7.8.4":
  version "7.22.6"
  resolved "https://registry.yarnpkg.com/@babel/runtime/-/runtime-7.22.6.tgz#57d64b9ae3cff1d67eb067ae117dac087f5bd438"
  integrity sha512-wDb5pWm4WDdF6LFUde3Jl8WzPA+3ZbxYqkC6xAXuD3irdEHN1k0NfTRrJD8ZD378SJ61miMLCqIOXYhd8x+AJQ==
  dependencies:
    regenerator-runtime "^0.13.11"

"@reach/auto-id@^0.18.0":
  version "0.18.0"
  resolved "https://registry.yarnpkg.com/@reach/auto-id/-/auto-id-0.18.0.tgz#4b97085cd1cf1360a9bedc6e9c78e97824014f0d"
  integrity sha512-XwY1IwhM7mkHZFghhjiqjQ6dstbOdpbFLdggeke75u8/8icT8uEHLbovFUgzKjy9qPvYwZIB87rLiR8WdtOXCg==
  dependencies:
    "@reach/utils" "0.18.0"

"@reach/utils@0.18.0":
  version "0.18.0"
  resolved "https://registry.yarnpkg.com/@reach/utils/-/utils-0.18.0.tgz#4f3cebe093dd436eeaff633809bf0f68f4f9d2ee"
  integrity sha512-KdVMdpTgDyK8FzdKO9SCpiibuy/kbv3pwgfXshTI6tEcQT1OOwj7BAksnzGC0rPz0UholwC+AgkqEl3EJX3M1A==

"@zendeskgarden/container-focusvisible@^1.0.0":
  version "1.0.6"
  resolved "https://registry.yarnpkg.com/@zendeskgarden/container-focusvisible/-/container-focusvisible-1.0.6.tgz#89986125f6e1d00e739e184f1ffdd150944ea195"
  integrity sha512-cTJW2vWKPGLo6kUooRmvfeFE730gHH7DIleeplze+1GhnY6bC5SgNm1L3WpoZmbuyl35CdWGjFah0oMUcr18rg==
  dependencies:
    "@babel/runtime" "^7.8.4"

"@zendeskgarden/container-selection@^3.0.0":
  version "3.0.0"
  resolved "https://registry.yarnpkg.com/@zendeskgarden/container-selection/-/container-selection-3.0.0.tgz#b8ef4764d67cbd2da1dbd15cffe6dc1f17ca9e83"
  integrity sha512-gDhuCsDRGlly1Loa/p8bVgaKZuLHjWYxkggctAgUZ8oI8TlPsCcPrBrDgF+NSeEf38hGR4RN36vcZzmJoYrdXA==
  dependencies:
    "@babel/runtime" "^7.8.4"
    "@zendeskgarden/container-utilities" "^1.0.6"

"@zendeskgarden/container-tabs@^2.0.0":
  version "2.0.0"
  resolved "https://registry.yarnpkg.com/@zendeskgarden/container-tabs/-/container-tabs-2.0.0.tgz#f3bf5a07d4d61335e718d27628f88662ac0a62c4"
  integrity sha512-3wI2mCtEUOKj5tA+B0FDTW6MZdx0NNA4ZlmdqrR69VYYbRUgcULE3HtGi11nsyXs0/cGr9FHK+wMYfvPZlbQbQ==
  dependencies:
    "@babel/runtime" "^7.8.4"
    "@zendeskgarden/container-selection" "^3.0.0"
    "@zendeskgarden/container-utilities" "^1.0.6"

"@zendeskgarden/container-utilities@^1.0.0":
  version "1.0.0"
  resolved "https://registry.yarnpkg.com/@zendeskgarden/container-utilities/-/container-utilities-1.0.0.tgz#135e4616613189ad31038413a93b4a2dddfe6416"
  integrity sha512-4TsmPMGlSLslDuC0Xi/7ckQfkQyOceQtPHFWMhaP7QFAvjQgw5v/Eas6QN7okBTiUR6fmyK1PPrCUM6vOVeCEw==
  dependencies:
    "@babel/runtime" "^7.8.4"
    "@reach/auto-id" "^0.17.0"

"@zendeskgarden/container-utilities@^1.0.6":
  version "1.0.6"
  resolved "https://registry.yarnpkg.com/@zendeskgarden/container-utilities/-/container-utilities-1.0.6.tgz#78db1b19695307b58bf739f8c49255ef8c5667cd"
  integrity sha512-yM3kTgZ5kzWbFckIFPIiyzB72yEWHt1f3GVPoD8W8NNfR+WXmbqwfsSs6woxDnohsT4K+aZHMc5lOjGycsz3IQ==
  dependencies:
    "@babel/runtime" "^7.8.4"
    "@reach/auto-id" "^0.18.0"

"@zendeskgarden/react-theming@^8.69.2":
  version "8.69.2"
  resolved "https://registry.yarnpkg.com/@zendeskgarden/react-theming/-/react-theming-8.69.2.tgz#432b9aa895a7f7ccc6cba4ed10abfc5870e5b96e"
  integrity sha512-uD5CWZAWj/Jb54vzScLMJLXS1EUQnMjVwl343EsTZairCtCHkbtuLFpKt9CxrX9LFu+PGeLYTW8vAAZne7VBjw==
  dependencies:
    "@zendeskgarden/container-focusvisible" "^1.0.0"
    "@zendeskgarden/container-utilities" "^1.0.0"
    lodash.memoize "^4.1.2"
    polished "^4.0.0"
    prop-types "^15.5.7"

"js-tokens@^3.0.0 || ^4.0.0":
  version "4.0.0"
  resolved "https://registry.yarnpkg.com/js-tokens/-/js-tokens-4.0.0.tgz#19203fb59991df98e3a287050d4647cdeaf32499"
  integrity sha512-RdJUflcE3cUzKiMqQgsCu06FPu9UdIJO0beYbPhHN4k6apgJtifcoCtT9bcxOpYBtpD2kCM6Sbzg4CausW/PKQ==

lodash.memoize@^4.1.2:
  version "4.1.2"
  resolved "https://registry.yarnpkg.com/lodash.memoize/-/lodash.memoize-4.1.2.tgz#bcc6c49a42a2840ed997f323eada5ecd182e0bfe"
  integrity sha512-t7j+NzmgnQzTAYXcsHYLgimltOV1MXHtlOWf6GjL9Kj8GK5FInw5JotxvbOs+IvV1/Dzo04/fCGfLVs7aXb4Ag==

loose-envify@^1.4.0:
  version "1.4.0"
  resolved "https://registry.yarnpkg.com/loose-envify/-/loose-envify-1.4.0.tgz#71ee51fa7be4caec1a63839f7e682d8132d30caf"
  integrity sha512-lyuxPGr/Wfhrlem2CL/UcnUc1zcqKAImBDzukY7Y5F/yQiNdko6+fRLevlw1HgMySw7f611UIY408EtxRSoK3Q==
  dependencies:
    js-tokens "^3.0.0 || ^4.0.0"

object-assign@^4.1.1:
  version "4.1.1"
  resolved "https://registry.yarnpkg.com/object-assign/-/object-assign-4.1.1.tgz#2109adc7965887cfc05cbbd442cac8bfbb360863"
  integrity sha512-rJgTQnkUnH1sFw8yT6VSU3zD3sWmu6sZhIseY8VX+GRu3P6F7Fu+JNDoXfklElbLJSnc3FUQHVe4cU5hj+BcUg==

polished@^4.0.0:
  version "4.2.2"
  resolved "https://registry.yarnpkg.com/polished/-/polished-4.2.2.tgz#2529bb7c3198945373c52e34618c8fe7b1aa84d1"
  integrity sha512-Sz2Lkdxz6F2Pgnpi9U5Ng/WdWAUZxmHrNPoVlm3aAemxoy2Qy7LGjQg4uf8qKelDAUW94F4np3iH2YPf2qefcQ==
  dependencies:
    "@babel/runtime" "^7.17.8"

prop-types@^15.5.7:
  version "15.8.1"
  resolved "https://registry.yarnpkg.com/prop-types/-/prop-types-15.8.1.tgz#67d87bf1a694f48435cf332c24af10214a3140b5"
  integrity sha512-oj87CgZICdulUohogVAR7AjlC0327U4el4L6eAvOqCeudMDVU0NThNaV+b9Df4dXgSP1gXMTnPdhfe/2qDH5cg==
  dependencies:
    loose-envify "^1.4.0"
    object-assign "^4.1.1"
    react-is "^16.13.1"

react-is@^16.13.1:
  version "16.13.1"
  resolved "https://registry.yarnpkg.com/react-is/-/react-is-16.13.1.tgz#789729a4dc36de2999dc156dd6c1d9c18cea56a4"
  integrity sha512-24e6ynE2H+OKt4kqsOvNd8kBpV65zoxbA4BVsEOB3ARVWQki/DHzaUoC5KuON/BiccDaCCTZBuOcfZs70kR8bQ==

react-merge-refs@^1.1.0:
  version "1.1.0"
  resolved "https://registry.yarnpkg.com/react-merge-refs/-/react-merge-refs-1.1.0.tgz#73d88b892c6c68cbb7a66e0800faa374f4c38b06"
  integrity sha512-alTKsjEL0dKH/ru1Iyn7vliS2QRcBp9zZPGoWxUOvRGWPUYgjo+V01is7p04It6KhgrzhJGnIj9GgX8W4bZoCQ==

regenerator-runtime@^0.13.11:
  version "0.13.11"
  resolved "https://registry.yarnpkg.com/regenerator-runtime/-/regenerator-runtime-0.13.11.tgz#f6dca3e7ceec20590d07ada785636a90cdca17f9"
  integrity sha512-kY1AZVr2Ra+t+piVaJ4gxaFaReZVH40AKNo7UCX6W+dEwBo/2oZJzqfuN1qLq1oL45o56cPaTXELwrTh8Fpggg==
