# THIS IS AN AUTOGENERATED FILE. DO NOT EDIT THIS FILE DIRECTLY.
# yarn lockfile v1


"@babel/runtime@^7.8.4", "@babel/runtime@^7.8.7":
  version "7.9.2"
  resolved "https://registry.yarnpkg.com/@babel/runtime/-/runtime-7.9.2.tgz#d90df0583a3a252f09aaa619665367bae518db06"
  integrity sha512-NE2DtOdufG7R5vnfQUTehdTfNycfUANEtCa9PssN9O/xmTzP4E08UI797ixaei6hBEVL9BI/PsdJS5x7mWoB9Q==
  dependencies:
    regenerator-runtime "^0.13.4"

"@zendeskgarden/container-focusvisible@^0.4.3":
  version "0.4.3"
  resolved "https://registry.yarnpkg.com/@zendeskgarden/container-focusvisible/-/container-focusvisible-0.4.3.tgz#9e2c1d882ecf9adc91f6e84eaca997fc9019f67a"
  integrity sha512-4NpwhFzhRXE230mtaGUsvmwh6LxB1Cky/LJuX7ZYZkwEgjgaLO1m0qLOiRfEa4jJ2yKrsk2f+OOuyFwy7QIAcw==
  dependencies:
    "@babel/runtime" "^7.8.4"

"@zendeskgarden/container-selection@^1.3.6":
  version "1.3.6"
  resolved "https://registry.yarnpkg.com/@zendeskgarden/container-selection/-/container-selection-1.3.6.tgz#9962eefdb8debf98eb01741d4aaf8e10b80b1efc"
  integrity sha512-/rTiKejNI44VviyYjLWaPZSljEJ5yp9goRhcxZe1blYE1LklZCA6ftu0UiXIKXtu0nvv5syqleN6o8LfZkwOnw==
  dependencies:
    "@babel/runtime" "^7.8.4"
    "@zendeskgarden/container-utilities" "^0.5.4"

"@zendeskgarden/container-tabs@^0.5.6":
  version "0.5.6"
  resolved "https://registry.yarnpkg.com/@zendeskgarden/container-tabs/-/container-tabs-0.5.6.tgz#86a54e554d4075d8b2f2c69515b7755ee94254e3"
  integrity sha512-v7tj5Z7Cc868JeFrisCP/Vd+trS2uu4aOiis1c8CJvXxTw6yt8s2Z3Uvc6TXvVSMa0qWL19lx3yiZTIzJo+1Jw==
  dependencies:
    "@babel/runtime" "^7.8.4"
    "@zendeskgarden/container-selection" "^1.3.6"
    react-uid "^2.2.0"

"@zendeskgarden/container-utilities@^0.5.1":
  version "0.5.1"
  resolved "https://registry.yarnpkg.com/@zendeskgarden/container-utilities/-/container-utilities-0.5.1.tgz#738dc99dbe4a98809fdc015e5a8e000997725876"
  integrity sha512-+nswWqFEiWHkuQeYSdftJ5c3Xy48IHPKb23qktIeEl+ZibMXzWVytdg91zOerI/HGJizNJ0gKmq+0A/4//eiQQ==

"@zendeskgarden/container-utilities@^0.5.4":
  version "0.5.4"
  resolved "https://registry.yarnpkg.com/@zendeskgarden/container-utilities/-/container-utilities-0.5.4.tgz#8550404cafd0aab5ed80f3da0a51d424e8e3facb"
  integrity sha512-Iz6YZ6va3JIShzKXKjK4TCf168GSX+/XeeBr6o9MTJ4K84lO0F0ZX2GIFuZmacfkBjCXfyNxj4aua/5/1ZXyPg==
  dependencies:
    "@babel/runtime" "^7.8.4"

"@zendeskgarden/react-theming@^8.12.0":
  version "8.12.0"
  resolved "https://registry.yarnpkg.com/@zendeskgarden/react-theming/-/react-theming-8.12.0.tgz#1b3717389b1b77ed4eb8d805dec4679a88279308"
  integrity sha512-UySD39N8j3u+iDYO06bMCXtrm7yl9yV/PqoSnwXGHuHZrvraotolVxZKCBGS8eOXhobz0Z6OAXF3fQ5l2rLq7g==
  dependencies:
    "@zendeskgarden/container-focusvisible" "^0.4.3"
    "@zendeskgarden/container-utilities" "^0.5.1"
    polished "^3.5.1"

polished@^3.5.1:
  version "3.5.1"
  resolved "https://registry.yarnpkg.com/polished/-/polished-3.5.1.tgz#657b6faf4c2308f3e0b1951196803a5e5d67b122"
  integrity sha512-GVbvskpBiDV5TknurGL6OyFfLHsCknxbU8w5iMppT8rW0tLEoQHrIRfrPNPqGXNj3HGhkjRvhmg59Fy7HSnCAw==
  dependencies:
    "@babel/runtime" "^7.8.7"

react-uid@^2.2.0:
  version "2.2.0"
  resolved "https://registry.yarnpkg.com/react-uid/-/react-uid-2.2.0.tgz#0f77e1e0594fbf29fc4fe528cc9aa415c5bf9159"
  integrity sha512-z+g5+hFOQ08hCfrGcJ1PNs+cmvH8Uq2CVzCmPeWBsUi5A4W4NWXR5jouledzy3oSKGMU9HOzf8zFuGi15TXJoQ==

regenerator-runtime@^0.13.4:
  version "0.13.5"
  resolved "https://registry.yarnpkg.com/regenerator-runtime/-/regenerator-runtime-0.13.5.tgz#d878a1d094b4306d10b9096484b33ebd55e26697"
  integrity sha512-ZS5w8CpKFinUzOwW3c83oPeVXoNsrLsaCoLtJvAClH135j/R77RuymhiSErhm2lKcwSCIpmvIWSbDkIfAqKQlA==
