# THIS IS AN AUTOGENERATED FILE. DO NOT EDIT THIS FILE DIRECTLY.
# yarn lockfile v1


"@babel/runtime@^7.6.3":
  version "7.8.4"
  resolved "https://registry.yarnpkg.com/@babel/runtime/-/runtime-7.8.4.tgz#d79f5a2040f7caa24d53e563aad49cbc05581308"
  integrity sha512-neAp3zt80trRVBI1x0azq6c57aNBqYZH8KhMm3TaB7wEI5Q4A2SHfBHE8w9gOhI/lrqxtEbXZgQIrHP+wvSGwQ==
  dependencies:
    regenerator-runtime "^0.13.2"

"@babel/runtime@^7.8.4":
  version "7.8.7"
  resolved "https://registry.yarnpkg.com/@babel/runtime/-/runtime-7.8.7.tgz#8fefce9802db54881ba59f90bb28719b4996324d"
  integrity sha512-+AATMUFppJDw6aiR5NVPHqIQBlV/Pj8wY/EZH+lmvRdUo9xBaz/rF3alAwFJQavvKfeOlPE7oaaDHVbcySbCsg==
  dependencies:
    regenerator-runtime "^0.13.4"

"@zendeskgarden/container-buttongroup@^0.3.1":
  version "0.3.1"
  resolved "https://registry.yarnpkg.com/@zendeskgarden/container-buttongroup/-/container-buttongroup-0.3.1.tgz#3e90692c00434f5aae7c765f276547fdebf9a7a5"
  integrity sha512-05wgdee6SwWZ4SCoJ8o/jvkq+lzW1I0MuBS1Xm58NqGUd86fi8/wMt+q2e0Y0Ysmx7ewqzNtpmRXuDLAWzTYHw==
  dependencies:
    "@zendeskgarden/container-selection" "^1.3.1"

"@zendeskgarden/container-focusvisible@^0.4.3":
  version "0.4.3"
  resolved "https://registry.yarnpkg.com/@zendeskgarden/container-focusvisible/-/container-focusvisible-0.4.3.tgz#9e2c1d882ecf9adc91f6e84eaca997fc9019f67a"
  integrity sha512-4NpwhFzhRXE230mtaGUsvmwh6LxB1Cky/LJuX7ZYZkwEgjgaLO1m0qLOiRfEa4jJ2yKrsk2f+OOuyFwy7QIAcw==
  dependencies:
    "@babel/runtime" "^7.8.4"

"@zendeskgarden/container-keyboardfocus@^0.4.1":
  version "0.4.1"
  resolved "https://registry.yarnpkg.com/@zendeskgarden/container-keyboardfocus/-/container-keyboardfocus-0.4.1.tgz#70c932ece615d4c3dafcb650c66361cd0377ec07"
  integrity sha512-B6/Wat0QLL6JDeK85CPVayldkb3yCj5lQbqc9XfqAFVNrE4NbF6pG90bS1dCuv9rrGZwR67NPrd8XZyBuNwSoQ==
  dependencies:
    "@zendeskgarden/container-utilities" "^0.5.1"

"@zendeskgarden/container-selection@^1.3.1":
  version "1.3.1"
  resolved "https://registry.yarnpkg.com/@zendeskgarden/container-selection/-/container-selection-1.3.1.tgz#352325712f615d084fd1762cb75051ff8d8e8e21"
  integrity sha512-haJUyehKOAVapTfZKiMosuChxKp18URO8XH7Jr+Nwsbxujrhe2G7bX4i3rwGRaWk6BTpR5v+mcFnOY8IrrIJRQ==
  dependencies:
    "@zendeskgarden/container-utilities" "^0.5.1"

"@zendeskgarden/container-utilities@^0.5.1":
  version "0.5.1"
  resolved "https://registry.yarnpkg.com/@zendeskgarden/container-utilities/-/container-utilities-0.5.1.tgz#738dc99dbe4a98809fdc015e5a8e000997725876"
  integrity sha512-+nswWqFEiWHkuQeYSdftJ5c3Xy48IHPKb23qktIeEl+ZibMXzWVytdg91zOerI/HGJizNJ0gKmq+0A/4//eiQQ==

"@zendeskgarden/react-theming@^8.2.0":
  version "8.2.0"
  resolved "https://registry.yarnpkg.com/@zendeskgarden/react-theming/-/react-theming-8.2.0.tgz#77c300f9ff9d2ea866571246f69d9005607dd7db"
  integrity sha512-t7GvHPFym4eksIXLjW/zZv1XTqdi88G8M8w1X9vQDggZh1XeIPxAezEGQT/rnS0Yk0o7xYCPWjsqPmutG1/gtw==
  dependencies:
    "@zendeskgarden/container-focusvisible" "^0.4.3"
    "@zendeskgarden/container-utilities" "^0.5.1"
    polished "^3.4.4"

"@zendeskgarden/svg-icons@6.13.1":
  version "6.13.1"
  resolved "https://registry.yarnpkg.com/@zendeskgarden/svg-icons/-/svg-icons-6.13.1.tgz#7e4e6844dae773bc0e1f59e6c01098cdf93a2b96"
  integrity sha512-MWqWsjWOYm76Rtv/jgfKDv6Y4K6QeqVjLZh9KN19yH/j/P+1RVwERK8HzJUHxRqvj6DGAe+RZxor9N4B+/kXzA==

polished@^3.4.4:
  version "3.4.4"
  resolved "https://registry.yarnpkg.com/polished/-/polished-3.4.4.tgz#ac8cd6e704887398f3b802718f9d389b9ea4307b"
  integrity sha512-x9PKeExyI9AhWrJP3Q57I1k7GInujjiVBJMPFmycj9hX1yCOo/X9eu9eZwxgOziiXge3WbFQ5XOmkzunOntBSA==
  dependencies:
    "@babel/runtime" "^7.6.3"

regenerator-runtime@^0.13.2:
  version "0.13.3"
  resolved "https://registry.yarnpkg.com/regenerator-runtime/-/regenerator-runtime-0.13.3.tgz#7cf6a77d8f5c6f60eb73c5fc1955b2ceb01e6bf5"
  integrity sha512-naKIZz2GQ8JWh///G7L3X6LaQUAMp2lvb1rvwwsURe/VXwD6VMfr+/1NuNw3ag8v2kY1aQ/go5SNn79O9JU7yw==

regenerator-runtime@^0.13.4:
  version "0.13.4"
  resolved "https://registry.yarnpkg.com/regenerator-runtime/-/regenerator-runtime-0.13.4.tgz#e96bf612a3362d12bb69f7e8f74ffeab25c7ac91"
  integrity sha512-plpwicqEzfEyTQohIKktWigcLzmNStMGwbOUbykx51/29Z3JOGYldaaNGK7ngNXV+UcoqvIMmloZ48Sr74sd+g==
